{
  "version": 2,
  "dependencies": {
    "net10.0": {
      "Microsoft.CodeAnalysis.CSharp": {
        "type": "Direct",
        "requested": "[5.9.0, 5.9.0]",
        "resolved": "5.9.0",
        "contentHash": "7JGDA0UT1+h7k9ZcA3rF4eFC8+QPq1xyYaXxag4p8r/zzPurEJxvdi7aM+MRL/SfP7XADXpWF/pl/eUYXOq/ww==",
        "dependencies": {
          "Microsoft.CodeAnalysis.Analyzers": "5.9.0-1.26328.17",
          "Microsoft.CodeAnalysis.Common": "[5.9.0]"
        }
      },
      "Mono.Addins": {
        "type": "Direct",
        "requested": "[1.4.1, )",
        "resolved": "1.4.1",
        "contentHash": "UnNau41KjyQP8ktn95VKAw7Gm39NM0zG8Kb5zaZ830VhacbpfJnFCwj+sVZU/w7+89LYLCW9lSSzd2oK7TPFoA=="
      },
      "System.CodeDom": {
        "type": "Direct",
        "requested": "[10.0.12, )",
        "resolved": "10.0.12",
        "contentHash": "Kk3yEavoGHXCAFTLLegxztgSdj24JrkAHelwgWnu+YMFxezcU2DbABEOOIMdy04PExUtKQtlazaKqo0qSa1X6A=="
      },
      "Microsoft.CodeAnalysis.Analyzers": {
        "type": "Transitive",
        "resolved": "5.9.0-1.26328.17",
        "contentHash": "HP9NNk8ZjOSI2hgOyXnQg+kv7/X837Vr2nAlXiGAtqtYnYKjRRa1UmQFr8KFs5ynGYKqfbb8zB9APoWjiAGdMg=="
      },
      "System.Diagnostics.EventLog": {
        "type": "Transitive",
        "resolved": "10.0.12",
        "contentHash": "sOZM+VyRj1pg/ItlHsvrSbjws6oGqZveTzTNBGZ9ziwRDyKsOF3ub6vhvOdxotCIqtlnyHAIwP5sLNvgiZC+pQ=="
      },
      "System.Security.Cryptography.ProtectedData": {
        "type": "Transitive",
        "resolved": "10.0.12",
        "contentHash": "wO0W8VDMeRJZakRySOmemAnrBZMwEFRlbfBtATxUiLf2I3IhSRnCp1Vt157NWptdE4IJ7eftd5n8q9LtaKHFTQ=="
      },
      "monodevelop.core": {
        "type": "Project",
        "dependencies": {
          "Microsoft.Build.Locator": "[1.11.2, )",
          "Microsoft.CodeAnalysis.Common": "[5.9.0, 5.9.0]",
          "Microsoft.Extensions.ObjectPool": "[10.0.12, )",
          "Mono.Addins": "[1.4.1, )",
          "Mono.Addins.Setup": "[1.4.1, )",
          "Mono.Cecil": "[0.11.6, )",
          "Mono.Unix": "[7.1.0-final.1.21458.1, )",
          "Newtonsoft.Json": "[13.0.4, )",
          "System.CodeDom": "[10.0.12, )",
          "System.Configuration.ConfigurationManager": "[10.0.12, )"
        }
      },
      "Microsoft.Build.Locator": {
        "type": "CentralTransitive",
        "requested": "[1.11.2, )",
        "resolved": "1.11.2",
        "contentHash": "tY+/S54G29CGsbL3slVu4vqtpciwVnb3fKOmrhgzEQmu/VziFaWmD/E1e/2KH7cDucuycGSkWsSXndBs5Uawow=="
      },
      "Microsoft.CodeAnalysis.Common": {
        "type": "CentralTransitive",
        "requested": "[5.9.0, 5.9.0]",
        "resolved": "5.9.0",
        "contentHash": "IYaIaUWdIx539AReKZOBEqTskFusZfCh/wFSPilDvCn5Say8MegLw2LONcSIcVy+v3Gzv53qYBspgvBGSErfbQ==",
        "dependencies": {
          "Microsoft.CodeAnalysis.Analyzers": "5.9.0-1.26328.17"
        }
      },
      "Microsoft.Extensions.ObjectPool": {
        "type": "CentralTransitive",
        "requested": "[10.0.12, )",
        "resolved": "10.0.12",
        "contentHash": "opBULzn9F7ZOL8EoFuqM2QjI6x9AG04DFNdnU2ky/kI4aUzbiXEfuy9jvCuu3D/ieccuDHTlalyC62esPD8wGg=="
      },
      "Mono.Addins.Setup": {
        "type": "CentralTransitive",
        "requested": "[1.4.1, )",
        "resolved": "1.4.1",
        "contentHash": "8hcAYzRQbjnzcXwn8AJWXih51RlJMWJmS4W1EKguufJ47j71ARf79MOGEHq+saAIhdC/wRD2qbmKaZx0iC6jWg==",
        "dependencies": {
          "Mono.Addins": "1.4.1",
          "SharpZipLib": "1.3.3"
        }
      },
      "Mono.Cecil": {
        "type": "CentralTransitive",
        "requested": "[0.11.6, )",
        "resolved": "0.11.6",
        "contentHash": "f33RkDtZO8VlGXCtmQIviOtxgnUdym9xx/b1p9h91CRGOsJFxCFOFK1FDbVt1OCf1aWwYejUFa2MOQyFWTFjbA=="
      },
      "Mono.Unix": {
        "type": "CentralTransitive",
        "requested": "[7.1.0-final.1.21458.1, )",
        "resolved": "7.1.0-final.1.21458.1",
        "contentHash": "Rhxz4A7By8Q0wEgDqR+mioDsYXGrcYMYPiWE9bSaUKMpG8yAGArhetEQV5Ms6KhKCLdQTlPYLBKPZYoKbAvT/g=="
      },
      "Newtonsoft.Json": {
        "type": "CentralTransitive",
        "requested": "[13.0.4, )",
        "resolved": "13.0.4",
        "contentHash": "pdgNNMai3zv51W5aq268sujXUyx7SNdE2bj1wZcWjAQrKMFZV260lbqYop1d2GM67JI1huLRwxo9ZqnfF/lC6A=="
      },
      "SharpZipLib": {
        "type": "CentralTransitive",
        "requested": "[1.4.2, )",
        "resolved": "1.4.2",
        "contentHash": "yjj+3zgz8zgXpiiC3ZdF/iyTBbz2fFvMxZFEBPUcwZjIvXOf37Ylm+K58hqMfIBt5JgU/Z2uoUS67JmTLe973A=="
      },
      "System.Configuration.ConfigurationManager": {
        "type": "CentralTransitive",
        "requested": "[10.0.12, )",
        "resolved": "10.0.12",
        "contentHash": "6KP/CGB9YymJuhNorm5FS/urQJB40h6t4DIiXN8J1VT/jINZHNgjzcdWRHGYuXGLwO7SCOq5K/OMAnh6oRbeLg==",
        "dependencies": {
          "System.Diagnostics.EventLog": "10.0.12",
          "System.Security.Cryptography.ProtectedData": "10.0.12"
        }
      }
    }
  }
}