{
  "version": 2,
  "dependencies": {
    "net10.0": {
      "Microsoft.Build": {
        "type": "Direct",
        "requested": "[18.9.6, )",
        "resolved": "18.9.6",
        "contentHash": "RBgF5w+fN1FZ1ltQr2FYFLYWP13UjFTZXXG/H30B9FlXgBqdLJl1zTj1X9G03q4hDAQ8K3DUoSBE8Q/5G05F4w==",
        "dependencies": {
          "Microsoft.Build.Framework": "18.9.6",
          "System.Configuration.ConfigurationManager": "10.0.8",
          "System.Diagnostics.EventLog": "10.0.8",
          "System.Reflection.MetadataLoadContext": "10.0.8",
          "System.Security.Cryptography.ProtectedData": "10.0.8"
        }
      },
      "Microsoft.Build.Framework": {
        "type": "Direct",
        "requested": "[18.9.6, )",
        "resolved": "18.9.6",
        "contentHash": "P5y8IAhu6UyN6FtzfN4sCNZEQGyV6S4kSTBYldtzB9bzvgdCBBKjsS6epH5aJVFM0q1yJqa8RaTzr1iEJBwIMA==",
        "dependencies": {
          "Microsoft.NET.StringTools": "18.9.6"
        }
      },
      "Microsoft.Build.Locator": {
        "type": "Direct",
        "requested": "[1.11.2, )",
        "resolved": "1.11.2",
        "contentHash": "tY+/S54G29CGsbL3slVu4vqtpciwVnb3fKOmrhgzEQmu/VziFaWmD/E1e/2KH7cDucuycGSkWsSXndBs5Uawow=="
      },
      "Microsoft.Build.Utilities.Core": {
        "type": "Direct",
        "requested": "[18.9.6, )",
        "resolved": "18.9.6",
        "contentHash": "BkU2irGHBdkULHzLmEObQCjOz7x+3unHkcmGa+BlTXyEFyj4wupcSAG3E0SlzpeF9s3ViSLbhjNDMHwMxC/Ugg==",
        "dependencies": {
          "Microsoft.Build.Framework": "18.9.6",
          "System.Configuration.ConfigurationManager": "10.0.8",
          "System.Diagnostics.EventLog": "10.0.8",
          "System.Security.Cryptography.ProtectedData": "10.0.8"
        }
      },
      "Microsoft.NET.StringTools": {
        "type": "Direct",
        "requested": "[18.9.6, )",
        "resolved": "18.9.6",
        "contentHash": "CNZfh4P65tHm1Wh/uuIbYfvHlPnb0dJ9SCaIZbXRzOMn+8JEorSqSdXdGRsrDbKBDJfNG6nmgleYhnfL2pd1oQ=="
      },
      "System.Diagnostics.EventLog": {
        "type": "Transitive",
        "resolved": "10.0.12",
        "contentHash": "sOZM+VyRj1pg/ItlHsvrSbjws6oGqZveTzTNBGZ9ziwRDyKsOF3ub6vhvOdxotCIqtlnyHAIwP5sLNvgiZC+pQ=="
      },
      "System.Reflection.MetadataLoadContext": {
        "type": "Transitive",
        "resolved": "10.0.8",
        "contentHash": "w9sjhVDe4AKkyswUctVK3oCmZHaA7g+ZUG/xDmzgbsOGxmeRQA6lCQeAh6r75K0lcsLlfBzZXmsNblndyNJhxw=="
      },
      "System.Security.Cryptography.ProtectedData": {
        "type": "Transitive",
        "resolved": "10.0.12",
        "contentHash": "wO0W8VDMeRJZakRySOmemAnrBZMwEFRlbfBtATxUiLf2I3IhSRnCp1Vt157NWptdE4IJ7eftd5n8q9LtaKHFTQ=="
      },
      "System.Configuration.ConfigurationManager": {
        "type": "CentralTransitive",
        "requested": "[10.0.12, )",
        "resolved": "10.0.12",
        "contentHash": "6KP/CGB9YymJuhNorm5FS/urQJB40h6t4DIiXN8J1VT/jINZHNgjzcdWRHGYuXGLwO7SCOq5K/OMAnh6oRbeLg==",
        "dependencies": {
          "System.Diagnostics.EventLog": "10.0.12",
          "System.Security.Cryptography.ProtectedData": "10.0.12"
        }
      }
    }
  }
}