
Microsoft Visual Studio Solution File, Format Version 12.00
# Visual Studio Version 17
VisualStudioVersion = 17.0.31903.59
MinimumVisualStudioVersion = 10.0.40219.1
Project("{2150E333-8FDC-42A3-9474-1A3956D46DE8}") = "core", "core", "{FBF56CC3-7AE6-AD2D-3F14-7F97FD322CD6}"
EndProject
Project("{FAE04EC0-301F-11D3-BF4B-00C04F79EFBC}") = "MonoDevelop.Core", "src\core\MonoDevelop.Core\MonoDevelop.Core.csproj", "{39CAAAF1-49E7-4A53-BDD0-F0C25EF28ADA}"
EndProject
Project("{2150E333-8FDC-42A3-9474-1A3956D46DE8}") = "tests", "tests", "{0AB3BF05-4346-4AA6-1389-037BE0695223}"
EndProject
Project("{FAE04EC0-301F-11D3-BF4B-00C04F79EFBC}") = "UnitTests", "tests\UnitTests\UnitTests.csproj", "{74E6096B-3B99-4FD1-9529-B6EA58B78530}"
EndProject
Project("{FAE04EC0-301F-11D3-BF4B-00C04F79EFBC}") = "MonoDevelop.Core.Tests.Addin", "tests\MonoDevelop.Core.Tests.Addin\MonoDevelop.Core.Tests.Addin.csproj", "{1CF53103-568F-4B6A-9A6F-E37AAD9E03FD}"
EndProject
Project("{FAE04EC0-301F-11D3-BF4B-00C04F79EFBC}") = "MonoDevelop.Core.Tests", "tests\MonoDevelop.Core.Tests\MonoDevelop.Core.Tests.csproj", "{FE4FC5A7-8C23-40D6-B8B5-3B6DB7582462}"
EndProject
Project("{FAE04EC0-301F-11D3-BF4B-00C04F79EFBC}") = "TestStartupHook", "tests\TestStartupHook\TestStartupHook.csproj", "{BC2EA9C1-B27D-49D6-BD0D-78DF2CF81C96}"
EndProject
Project("{FAE04EC0-301F-11D3-BF4B-00C04F79EFBC}") = "MonoDevelop.MSBuildBuilder", "src\core\MonoDevelop.Projects.Formats.MSBuild\MonoDevelop.MSBuildBuilder.csproj", "{D8CCB1A9-B1CF-4BFA-99B5-DA93206A4B23}"
EndProject
Project("{2150E333-8FDC-42A3-9474-1A3956D46DE8}") = "addins", "addins", "{19A77816-F4A5-9C94-30B3-D22F513C9C48}"
EndProject
Project("{FAE04EC0-301F-11D3-BF4B-00C04F79EFBC}") = "MonoDevelop.CSharpBinding.Core", "src\addins\CSharpBinding\MonoDevelop.CSharpBinding.Core\MonoDevelop.CSharpBinding.Core.csproj", "{1008DB9D-9148-415C-8149-EBE0985AB22F}"
EndProject
Global
	GlobalSection(SolutionConfigurationPlatforms) = preSolution
		Debug|Any CPU = Debug|Any CPU
		Debug|x64 = Debug|x64
		Debug|x86 = Debug|x86
		Release|Any CPU = Release|Any CPU
		Release|x64 = Release|x64
		Release|x86 = Release|x86
	EndGlobalSection
	GlobalSection(ProjectConfigurationPlatforms) = postSolution
		{39CAAAF1-49E7-4A53-BDD0-F0C25EF28ADA}.Debug|Any CPU.ActiveCfg = Debug|Any CPU
		{39CAAAF1-49E7-4A53-BDD0-F0C25EF28ADA}.Debug|Any CPU.Build.0 = Debug|Any CPU
		{39CAAAF1-49E7-4A53-BDD0-F0C25EF28ADA}.Debug|x64.ActiveCfg = Debug|Any CPU
		{39CAAAF1-49E7-4A53-BDD0-F0C25EF28ADA}.Debug|x64.Build.0 = Debug|Any CPU
		{39CAAAF1-49E7-4A53-BDD0-F0C25EF28ADA}.Debug|x86.ActiveCfg = Debug|Any CPU
		{39CAAAF1-49E7-4A53-BDD0-F0C25EF28ADA}.Debug|x86.Build.0 = Debug|Any CPU
		{39CAAAF1-49E7-4A53-BDD0-F0C25EF28ADA}.Release|Any CPU.ActiveCfg = Release|Any CPU
		{39CAAAF1-49E7-4A53-BDD0-F0C25EF28ADA}.Release|Any CPU.Build.0 = Release|Any CPU
		{39CAAAF1-49E7-4A53-BDD0-F0C25EF28ADA}.Release|x64.ActiveCfg = Release|Any CPU
		{39CAAAF1-49E7-4A53-BDD0-F0C25EF28ADA}.Release|x64.Build.0 = Release|Any CPU
		{39CAAAF1-49E7-4A53-BDD0-F0C25EF28ADA}.Release|x86.ActiveCfg = Release|Any CPU
		{39CAAAF1-49E7-4A53-BDD0-F0C25EF28ADA}.Release|x86.Build.0 = Release|Any CPU
		{74E6096B-3B99-4FD1-9529-B6EA58B78530}.Debug|Any CPU.ActiveCfg = Debug|Any CPU
		{74E6096B-3B99-4FD1-9529-B6EA58B78530}.Debug|Any CPU.Build.0 = Debug|Any CPU
		{74E6096B-3B99-4FD1-9529-B6EA58B78530}.Debug|x64.ActiveCfg = Debug|Any CPU
		{74E6096B-3B99-4FD1-9529-B6EA58B78530}.Debug|x64.Build.0 = Debug|Any CPU
		{74E6096B-3B99-4FD1-9529-B6EA58B78530}.Debug|x86.ActiveCfg = Debug|Any CPU
		{74E6096B-3B99-4FD1-9529-B6EA58B78530}.Debug|x86.Build.0 = Debug|Any CPU
		{74E6096B-3B99-4FD1-9529-B6EA58B78530}.Release|Any CPU.ActiveCfg = Release|Any CPU
		{74E6096B-3B99-4FD1-9529-B6EA58B78530}.Release|Any CPU.Build.0 = Release|Any CPU
		{74E6096B-3B99-4FD1-9529-B6EA58B78530}.Release|x64.ActiveCfg = Release|Any CPU
		{74E6096B-3B99-4FD1-9529-B6EA58B78530}.Release|x64.Build.0 = Release|Any CPU
		{74E6096B-3B99-4FD1-9529-B6EA58B78530}.Release|x86.ActiveCfg = Release|Any CPU
		{74E6096B-3B99-4FD1-9529-B6EA58B78530}.Release|x86.Build.0 = Release|Any CPU
		{1CF53103-568F-4B6A-9A6F-E37AAD9E03FD}.Debug|Any CPU.ActiveCfg = Debug|Any CPU
		{1CF53103-568F-4B6A-9A6F-E37AAD9E03FD}.Debug|Any CPU.Build.0 = Debug|Any CPU
		{1CF53103-568F-4B6A-9A6F-E37AAD9E03FD}.Debug|x64.ActiveCfg = Debug|Any CPU
		{1CF53103-568F-4B6A-9A6F-E37AAD9E03FD}.Debug|x64.Build.0 = Debug|Any CPU
		{1CF53103-568F-4B6A-9A6F-E37AAD9E03FD}.Debug|x86.ActiveCfg = Debug|Any CPU
		{1CF53103-568F-4B6A-9A6F-E37AAD9E03FD}.Debug|x86.Build.0 = Debug|Any CPU
		{1CF53103-568F-4B6A-9A6F-E37AAD9E03FD}.Release|Any CPU.ActiveCfg = Release|Any CPU
		{1CF53103-568F-4B6A-9A6F-E37AAD9E03FD}.Release|Any CPU.Build.0 = Release|Any CPU
		{1CF53103-568F-4B6A-9A6F-E37AAD9E03FD}.Release|x64.ActiveCfg = Release|Any CPU
		{1CF53103-568F-4B6A-9A6F-E37AAD9E03FD}.Release|x64.Build.0 = Release|Any CPU
		{1CF53103-568F-4B6A-9A6F-E37AAD9E03FD}.Release|x86.ActiveCfg = Release|Any CPU
		{1CF53103-568F-4B6A-9A6F-E37AAD9E03FD}.Release|x86.Build.0 = Release|Any CPU
		{FE4FC5A7-8C23-40D6-B8B5-3B6DB7582462}.Debug|Any CPU.ActiveCfg = Debug|Any CPU
		{FE4FC5A7-8C23-40D6-B8B5-3B6DB7582462}.Debug|Any CPU.Build.0 = Debug|Any CPU
		{FE4FC5A7-8C23-40D6-B8B5-3B6DB7582462}.Debug|x64.ActiveCfg = Debug|Any CPU
		{FE4FC5A7-8C23-40D6-B8B5-3B6DB7582462}.Debug|x64.Build.0 = Debug|Any CPU
		{FE4FC5A7-8C23-40D6-B8B5-3B6DB7582462}.Debug|x86.ActiveCfg = Debug|Any CPU
		{FE4FC5A7-8C23-40D6-B8B5-3B6DB7582462}.Debug|x86.Build.0 = Debug|Any CPU
		{FE4FC5A7-8C23-40D6-B8B5-3B6DB7582462}.Release|Any CPU.ActiveCfg = Release|Any CPU
		{FE4FC5A7-8C23-40D6-B8B5-3B6DB7582462}.Release|Any CPU.Build.0 = Release|Any CPU
		{FE4FC5A7-8C23-40D6-B8B5-3B6DB7582462}.Release|x64.ActiveCfg = Release|Any CPU
		{FE4FC5A7-8C23-40D6-B8B5-3B6DB7582462}.Release|x64.Build.0 = Release|Any CPU
		{FE4FC5A7-8C23-40D6-B8B5-3B6DB7582462}.Release|x86.ActiveCfg = Release|Any CPU
		{FE4FC5A7-8C23-40D6-B8B5-3B6DB7582462}.Release|x86.Build.0 = Release|Any CPU
		{BC2EA9C1-B27D-49D6-BD0D-78DF2CF81C96}.Debug|Any CPU.ActiveCfg = Debug|Any CPU
		{BC2EA9C1-B27D-49D6-BD0D-78DF2CF81C96}.Debug|Any CPU.Build.0 = Debug|Any CPU
		{BC2EA9C1-B27D-49D6-BD0D-78DF2CF81C96}.Debug|x64.ActiveCfg = Debug|Any CPU
		{BC2EA9C1-B27D-49D6-BD0D-78DF2CF81C96}.Debug|x64.Build.0 = Debug|Any CPU
		{BC2EA9C1-B27D-49D6-BD0D-78DF2CF81C96}.Debug|x86.ActiveCfg = Debug|Any CPU
		{BC2EA9C1-B27D-49D6-BD0D-78DF2CF81C96}.Debug|x86.Build.0 = Debug|Any CPU
		{BC2EA9C1-B27D-49D6-BD0D-78DF2CF81C96}.Release|Any CPU.ActiveCfg = Release|Any CPU
		{BC2EA9C1-B27D-49D6-BD0D-78DF2CF81C96}.Release|Any CPU.Build.0 = Release|Any CPU
		{BC2EA9C1-B27D-49D6-BD0D-78DF2CF81C96}.Release|x64.ActiveCfg = Release|Any CPU
		{BC2EA9C1-B27D-49D6-BD0D-78DF2CF81C96}.Release|x64.Build.0 = Release|Any CPU
		{BC2EA9C1-B27D-49D6-BD0D-78DF2CF81C96}.Release|x86.ActiveCfg = Release|Any CPU
		{BC2EA9C1-B27D-49D6-BD0D-78DF2CF81C96}.Release|x86.Build.0 = Release|Any CPU
		{D8CCB1A9-B1CF-4BFA-99B5-DA93206A4B23}.Debug|Any CPU.ActiveCfg = Debug|Any CPU
		{D8CCB1A9-B1CF-4BFA-99B5-DA93206A4B23}.Debug|Any CPU.Build.0 = Debug|Any CPU
		{D8CCB1A9-B1CF-4BFA-99B5-DA93206A4B23}.Debug|x64.ActiveCfg = Debug|Any CPU
		{D8CCB1A9-B1CF-4BFA-99B5-DA93206A4B23}.Debug|x64.Build.0 = Debug|Any CPU
		{D8CCB1A9-B1CF-4BFA-99B5-DA93206A4B23}.Debug|x86.ActiveCfg = Debug|Any CPU
		{D8CCB1A9-B1CF-4BFA-99B5-DA93206A4B23}.Debug|x86.Build.0 = Debug|Any CPU
		{D8CCB1A9-B1CF-4BFA-99B5-DA93206A4B23}.Release|Any CPU.ActiveCfg = Release|Any CPU
		{D8CCB1A9-B1CF-4BFA-99B5-DA93206A4B23}.Release|Any CPU.Build.0 = Release|Any CPU
		{D8CCB1A9-B1CF-4BFA-99B5-DA93206A4B23}.Release|x64.ActiveCfg = Release|Any CPU
		{D8CCB1A9-B1CF-4BFA-99B5-DA93206A4B23}.Release|x64.Build.0 = Release|Any CPU
		{D8CCB1A9-B1CF-4BFA-99B5-DA93206A4B23}.Release|x86.ActiveCfg = Release|Any CPU
		{D8CCB1A9-B1CF-4BFA-99B5-DA93206A4B23}.Release|x86.Build.0 = Release|Any CPU
		{1008DB9D-9148-415C-8149-EBE0985AB22F}.Debug|Any CPU.ActiveCfg = Debug|Any CPU
		{1008DB9D-9148-415C-8149-EBE0985AB22F}.Debug|Any CPU.Build.0 = Debug|Any CPU
		{1008DB9D-9148-415C-8149-EBE0985AB22F}.Debug|x64.ActiveCfg = Debug|Any CPU
		{1008DB9D-9148-415C-8149-EBE0985AB22F}.Debug|x64.Build.0 = Debug|Any CPU
		{1008DB9D-9148-415C-8149-EBE0985AB22F}.Debug|x86.ActiveCfg = Debug|Any CPU
		{1008DB9D-9148-415C-8149-EBE0985AB22F}.Debug|x86.Build.0 = Debug|Any CPU
		{1008DB9D-9148-415C-8149-EBE0985AB22F}.Release|Any CPU.ActiveCfg = Release|Any CPU
		{1008DB9D-9148-415C-8149-EBE0985AB22F}.Release|Any CPU.Build.0 = Release|Any CPU
		{1008DB9D-9148-415C-8149-EBE0985AB22F}.Release|x64.ActiveCfg = Release|Any CPU
		{1008DB9D-9148-415C-8149-EBE0985AB22F}.Release|x64.Build.0 = Release|Any CPU
		{1008DB9D-9148-415C-8149-EBE0985AB22F}.Release|x86.ActiveCfg = Release|Any CPU
		{1008DB9D-9148-415C-8149-EBE0985AB22F}.Release|x86.Build.0 = Release|Any CPU
	EndGlobalSection
	GlobalSection(SolutionProperties) = preSolution
		HideSolutionNode = FALSE
	EndGlobalSection
	GlobalSection(NestedProjects) = preSolution
		{39CAAAF1-49E7-4A53-BDD0-F0C25EF28ADA} = {FBF56CC3-7AE6-AD2D-3F14-7F97FD322CD6}
		{74E6096B-3B99-4FD1-9529-B6EA58B78530} = {0AB3BF05-4346-4AA6-1389-037BE0695223}
		{1CF53103-568F-4B6A-9A6F-E37AAD9E03FD} = {0AB3BF05-4346-4AA6-1389-037BE0695223}
		{FE4FC5A7-8C23-40D6-B8B5-3B6DB7582462} = {0AB3BF05-4346-4AA6-1389-037BE0695223}
		{BC2EA9C1-B27D-49D6-BD0D-78DF2CF81C96} = {0AB3BF05-4346-4AA6-1389-037BE0695223}
		{D8CCB1A9-B1CF-4BFA-99B5-DA93206A4B23} = {FBF56CC3-7AE6-AD2D-3F14-7F97FD322CD6}
		{1008DB9D-9148-415C-8149-EBE0985AB22F} = {19A77816-F4A5-9C94-30B3-D22F513C9C48}
	EndGlobalSection
EndGlobal
