
Microsoft Visual Studio Solution File, Format Version 12.00
# Visual Studio Version 17
VisualStudioVersion = 17.0.31903.59
MinimumVisualStudioVersion = 10.0.40219.1
Project("{2150E333-8FDC-42A3-9474-1A3956D46DE8}") = "core", "core", "{FBF56CC3-7AE6-AD2D-3F14-7F97FD322CD6}"
EndProject
Project("{FAE04EC0-301F-11D3-BF4B-00C04F79EFBC}") = "MonoDevelop.Core", "src\core\MonoDevelop.Core\MonoDevelop.Core.csproj", "{39CAAAF1-49E7-4A53-BDD0-F0C25EF28ADA}"
EndProject
Project("{2150E333-8FDC-42A3-9474-1A3956D46DE8}") = "tests", "tests", "{0AB3BF05-4346-4AA6-1389-037BE0695223}"
EndProject
Project("{FAE04EC0-301F-11D3-BF4B-00C04F79EFBC}") = "UnitTests", "tests\UnitTests\UnitTests.csproj", "{74E6096B-3B99-4FD1-9529-B6EA58B78530}"
EndProject
Project("{FAE04EC0-301F-11D3-BF4B-00C04F79EFBC}") = "MonoDevelop.Core.Tests.Addin", "tests\MonoDevelop.Core.Tests.Addin\MonoDevelop.Core.Tests.Addin.csproj", "{1CF53103-568F-4B6A-9A6F-E37AAD9E03FD}"
EndProject
Project("{FAE04EC0-301F-11D3-BF4B-00C04F79EFBC}") = "MonoDevelop.Core.Tests", "tests\MonoDevelop.Core.Tests\MonoDevelop.Core.Tests.csproj", "{FE4FC5A7-8C23-40D6-B8B5-3B6DB7582462}"
EndProject
Project("{FAE04EC0-301F-11D3-BF4B-00C04F79EFBC}") = "TestStartupHook", "tests\TestStartupHook\TestStartupHook.csproj", "{BC2EA9C1-B27D-49D6-BD0D-78DF2CF81C96}"
EndProject
Project("{FAE04EC0-301F-11D3-BF4B-00C04F79EFBC}") = "MonoDevelop.MSBuildBuilder", "src\core\MonoDevelop.Projects.Formats.MSBuild\MonoDevelop.MSBuildBuilder.csproj", "{D8CCB1A9-B1CF-4BFA-99B5-DA93206A4B23}"
EndProject
Project("{2150E333-8FDC-42A3-9474-1A3956D46DE8}") = "addins", "addins", "{19A77816-F4A5-9C94-30B3-D22F513C9C48}"
EndProject
Project("{FAE04EC0-301F-11D3-BF4B-00C04F79EFBC}") = "MonoDevelop.CSharpBinding.Core", "src\addins\CSharpBinding\MonoDevelop.CSharpBinding.Core\MonoDevelop.CSharpBinding.Core.csproj", "{1008DB9D-9148-415C-8149-EBE0985AB22F}"
EndProject
Project("{2150E333-8FDC-42A3-9474-1A3956D46DE8}") = "tools", "tools", "{07C2787E-EAC7-C090-1BA3-A61EC2A24D84}"
EndProject
Project("{FAE04EC0-301F-11D3-BF4B-00C04F79EFBC}") = "mdtool", "src\tools\mdtool\mdtool.csproj", "{E9713714-C8BE-4229-BD73-6FB1D67775E7}"
EndProject
Project("{FAE04EC0-301F-11D3-BF4B-00C04F79EFBC}") = "MonoDevelop.Translations", "po\MonoDevelop.Translations.csproj", "{574FFA60-99C4-4E9A-B144-01EC2C228378}"
EndProject
Project("{2150E333-8FDC-42A3-9474-1A3956D46DE8}") = "vendor", "vendor", "{3EFB08DA-2EA9-FE77-18DF-C4D4293AFD9C}"
EndProject
Project("{FAE04EC0-301F-11D3-BF4B-00C04F79EFBC}") = "Xwt", "vendor\xwt\Xwt\Xwt.csproj", "{3BF7F266-7339-4337-85FE-BFF29D112459}"
EndProject
Project("{FAE04EC0-301F-11D3-BF4B-00C04F79EFBC}") = "Xwt.Gtk3", "vendor\xwt\Xwt.Gtk\Xwt.Gtk3.csproj", "{1D2651E2-8AC7-4065-AB20-572D928E654B}"
EndProject
Project("{FAE04EC0-301F-11D3-BF4B-00C04F79EFBC}") = "Samples", "vendor\xwt\TestApps\Samples\Samples.csproj", "{A719171B-9D97-4D08-8FE6-1294EF643B8B}"
EndProject
Project("{FAE04EC0-301F-11D3-BF4B-00C04F79EFBC}") = "Gtk3Test", "vendor\xwt\TestApps\Gtk3Test\Gtk3Test.csproj", "{40C370AA-24E8-43BD-9B7A-B869E5C65E52}"
EndProject
Project("{FAE04EC0-301F-11D3-BF4B-00C04F79EFBC}") = "Mono.Addins.GuiGtk3", "vendor\mono-addins-gui\Mono.Addins.GuiGtk3.csproj", "{7A8B0A3F-4DBB-4260-94C1-2F29430866F7}"
EndProject
Project("{2150E333-8FDC-42A3-9474-1A3956D46DE8}") = "vs-editor-api", "vs-editor-api", "{B1F9AD3F-2593-C8D7-65AF-8A90CE85F5BF}"
EndProject
Project("{FAE04EC0-301F-11D3-BF4B-00C04F79EFBC}") = "CoreUtility", "vendor\vs-editor-api\src\Editor\Core\Def\CoreUtility.csproj", "{38783DBD-D1F6-45A5-9931-DDCCB8796ADC}"
EndProject
Project("{FAE04EC0-301F-11D3-BF4B-00C04F79EFBC}") = "CoreUtilityImpl", "vendor\vs-editor-api\src\Editor\Core\Impl\CoreUtilityImpl.csproj", "{CFDEA5F3-660A-4062-98A6-6346D4D84A77}"
EndProject
Project("{FAE04EC0-301F-11D3-BF4B-00C04F79EFBC}") = "TextDataUtil", "vendor\vs-editor-api\src\Editor\Text\Util\TextDataUtil\TextDataUtil.csproj", "{CA398CC3-5E3E-4B4D-8CEF-7A846BB61562}"
EndProject
Project("{FAE04EC0-301F-11D3-BF4B-00C04F79EFBC}") = "Internal", "vendor\vs-editor-api\src\Editor\Text\Def\Internal\Internal.csproj", "{EECBAEED-C8F6-400A-8F72-01ABE0773ED9}"
EndProject
Project("{FAE04EC0-301F-11D3-BF4B-00C04F79EFBC}") = "TextData", "vendor\vs-editor-api\src\Editor\Text\Def\TextData\TextData.csproj", "{BA5EBEBA-9759-455E-B9DF-66F53955ED85}"
EndProject
Project("{FAE04EC0-301F-11D3-BF4B-00C04F79EFBC}") = "TextLogic", "vendor\vs-editor-api\src\Editor\Text\Def\TextLogic\TextLogic.csproj", "{E34DED3F-CE5D-4B35-9EBA-3F93B48E3A39}"
EndProject
Project("{FAE04EC0-301F-11D3-BF4B-00C04F79EFBC}") = "TextUI", "vendor\vs-editor-api\src\Editor\Text\Def\TextUI\TextUI.csproj", "{23CFA100-65BE-4DD9-9CC4-FC21E8D998D5}"
EndProject
Project("{FAE04EC0-301F-11D3-BF4B-00C04F79EFBC}") = "WpfPrimitives", "vendor\vs-editor-api\src\Shims\WpfPrimitives\WpfPrimitives.csproj", "{0B3FB166-5EE2-4603-83D5-276B7AB9FF4F}"
EndProject
Project("{FAE04EC0-301F-11D3-BF4B-00C04F79EFBC}") = "IntellisenseDef", "vendor\vs-editor-api\src\Editor\Language\Def\Intellisense\IntellisenseDef.csproj", "{DA1127DE-8985-42DF-B5EF-D9901558D939}"
EndProject
Project("{FAE04EC0-301F-11D3-BF4B-00C04F79EFBC}") = "LanguageDef", "vendor\vs-editor-api\src\Editor\Language\Def\Language\LanguageDef.csproj", "{1C408EEB-D32D-4FFE-8498-595C755AD031}"
EndProject
Project("{FAE04EC0-301F-11D3-BF4B-00C04F79EFBC}") = "StandardClassification", "vendor\vs-editor-api\src\Editor\Language\Def\StandardClassification\StandardClassification.csproj", "{A9DB16CC-F0D7-4EDD-B2A6-54DB3BCA2708}"
EndProject
Project("{FAE04EC0-301F-11D3-BF4B-00C04F79EFBC}") = "LanguageImpl", "vendor\vs-editor-api\src\Editor\Language\Impl\Language\LanguageImpl.csproj", "{3F28024F-23DA-4492-9FB1-A20EF2BC36F4}"
EndProject
Project("{FAE04EC0-301F-11D3-BF4B-00C04F79EFBC}") = "TextUIUtil", "vendor\vs-editor-api\src\Editor\Text\Util\TextUIUtil\TextUIUtil.csproj", "{C18608EA-6C88-4275-829F-C800C9B798D3}"
EndProject
Project("{FAE04EC0-301F-11D3-BF4B-00C04F79EFBC}") = "LanguageUtil", "vendor\vs-editor-api\src\Editor\Language\Util\LanguageUtil\LanguageUtil.csproj", "{8F7AA182-4EE4-49FD-8304-81D9CF106881}"
EndProject
Project("{FAE04EC0-301F-11D3-BF4B-00C04F79EFBC}") = "ClassificationAggregatorImpl", "vendor\vs-editor-api\src\Editor\Text\Impl\ClassificationAggregator\ClassificationAggregatorImpl.csproj", "{23EBE066-E2B4-49FE-8800-D69FDEA4C8F1}"
EndProject
Project("{FAE04EC0-301F-11D3-BF4B-00C04F79EFBC}") = "ClassificationTypeImpl", "vendor\vs-editor-api\src\Editor\Text\Impl\ClassificationType\ClassificationTypeImpl.csproj", "{F3825839-4639-4496-B2D6-FFD64042F672}"
EndProject
Project("{FAE04EC0-301F-11D3-BF4B-00C04F79EFBC}") = "CommandingImpl", "vendor\vs-editor-api\src\Editor\Text\Impl\Commanding\CommandingImpl.csproj", "{2B7795F0-8E1C-41A7-BFC0-EF4DFF00A631}"
EndProject
Project("{FAE04EC0-301F-11D3-BF4B-00C04F79EFBC}") = "DifferenceAlgorithmImpl", "vendor\vs-editor-api\src\Editor\Text\Impl\DifferenceAlgorithm\DifferenceAlgorithmImpl.csproj", "{713DAA9E-9A2C-4857-AA86-F85E955B70DA}"
EndProject
Project("{FAE04EC0-301F-11D3-BF4B-00C04F79EFBC}") = "EditorOperationsImpl", "vendor\vs-editor-api\src\Editor\Text\Impl\EditorOperations\EditorOperationsImpl.csproj", "{C402F802-3896-4169-8FAB-4F53219874F2}"
EndProject
Project("{FAE04EC0-301F-11D3-BF4B-00C04F79EFBC}") = "TextLogicUtil", "vendor\vs-editor-api\src\Editor\Text\Util\TextLogicUtil\TextLogicUtil.csproj", "{E83AC8E6-0128-4E04-8555-0F807C4ACAD0}"
EndProject
Project("{FAE04EC0-301F-11D3-BF4B-00C04F79EFBC}") = "EditorOptionsImpl", "vendor\vs-editor-api\src\Editor\Text\Impl\EditorOptions\EditorOptionsImpl.csproj", "{C9864468-07E4-4B50-B751-837F106163FB}"
EndProject
Project("{FAE04EC0-301F-11D3-BF4B-00C04F79EFBC}") = "EditorPrimitivesImpl", "vendor\vs-editor-api\src\Editor\Text\Impl\EditorPrimitives\EditorPrimitivesImpl.csproj", "{A3CD3120-143C-4667-8606-46DC055E9552}"
EndProject
Project("{FAE04EC0-301F-11D3-BF4B-00C04F79EFBC}") = "NavigationImpl", "vendor\vs-editor-api\src\Editor\Text\Impl\Navigation\NavigationImpl.csproj", "{A333DD31-6BFE-4FDC-B8E7-66E7167FF6DE}"
EndProject
Project("{FAE04EC0-301F-11D3-BF4B-00C04F79EFBC}") = "Outlining", "vendor\vs-editor-api\src\Editor\Text\Impl\Outlining\Outlining.csproj", "{6D6D275B-FB2A-4A08-A08B-9044FBB26523}"
EndProject
Project("{FAE04EC0-301F-11D3-BF4B-00C04F79EFBC}") = "PatternMatchingImpl", "vendor\vs-editor-api\src\Editor\Text\Impl\PatternMatching\PatternMatchingImpl.csproj", "{0D14B50D-8FA5-4031-84FB-B4ED539D0DA5}"
EndProject
Project("{FAE04EC0-301F-11D3-BF4B-00C04F79EFBC}") = "StandaloneUndoImpl", "vendor\vs-editor-api\src\Editor\Text\Impl\StandaloneUndo\StandaloneUndoImpl.csproj", "{E858EAB2-4BFE-435C-B5A6-D545B7922231}"
EndProject
Project("{FAE04EC0-301F-11D3-BF4B-00C04F79EFBC}") = "TagAggregatorImpl", "vendor\vs-editor-api\src\Editor\Text\Impl\TagAggregator\TagAggregatorImpl.csproj", "{70F31FC7-53C2-4D8B-87A4-03419FE1B868}"
EndProject
Project("{FAE04EC0-301F-11D3-BF4B-00C04F79EFBC}") = "TextBufferUndoManagerImpl", "vendor\vs-editor-api\src\Editor\Text\Impl\TextBufferUndoManager\TextBufferUndoManagerImpl.csproj", "{B3743938-313C-408F-B5F2-2D94106C1B00}"
EndProject
Project("{FAE04EC0-301F-11D3-BF4B-00C04F79EFBC}") = "TextModelImpl", "vendor\vs-editor-api\src\Editor\Text\Impl\TextModel\TextModelImpl.csproj", "{B0FE214B-9315-416D-A3D7-DA86D8EF0AB1}"
EndProject
Project("{FAE04EC0-301F-11D3-BF4B-00C04F79EFBC}") = "TextSearchImpl", "vendor\vs-editor-api\src\Editor\Text\Impl\TextSearch\TextSearchImpl.csproj", "{449ED431-E06F-40FF-B65F-268F0DB49726}"
EndProject
Project("{FAE04EC0-301F-11D3-BF4B-00C04F79EFBC}") = "MultiCaretImpl", "vendor\vs-editor-api\src\Editor\Text\Impl\XPlat\MultiCaretImpl\MultiCaretImpl.csproj", "{9D2F5F69-CD00-4BE9-AEE9-7CBD25983E7E}"
EndProject
Project("{FAE04EC0-301F-11D3-BF4B-00C04F79EFBC}") = "MonoDevelop.Ide", "src\core\MonoDevelop.Ide\MonoDevelop.Ide.csproj", "{542D50D1-3DE3-4143-A794-65F6613DACA0}"
EndProject
Project("{FAE04EC0-301F-11D3-BF4B-00C04F79EFBC}") = "MonoDevelop.Ide.Gtk3.Tests", "tests\MonoDevelop.Ide.Gtk3.Tests\MonoDevelop.Ide.Gtk3.Tests.csproj", "{6B4AF4CF-C86B-477F-AC20-A2D87F5E0B83}"
EndProject
Project("{FAE04EC0-301F-11D3-BF4B-00C04F79EFBC}") = "MonoDevelop.Startup", "src\core\MonoDevelop.Startup\MonoDevelop.Startup.csproj", "{7EF90D5B-5695-4DE0-A6E0-F9F90FD5140C}"
EndProject
Project("{FAE04EC0-301F-11D3-BF4B-00C04F79EFBC}") = "GnomePlatform", "src\addins\GnomePlatform\GnomePlatform.csproj", "{DFBA851E-7452-49EE-B014-91503BF92CEF}"
EndProject
Project("{FAE04EC0-301F-11D3-BF4B-00C04F79EFBC}") = "MonoDevelop.DesignerSupport", "src\addins\MonoDevelop.DesignerSupport\MonoDevelop.DesignerSupport.csproj", "{DE7C191A-388D-47F8-B9B2-14DBA7A4CA52}"
EndProject
Project("{FAE04EC0-301F-11D3-BF4B-00C04F79EFBC}") = "Mono.Debugging", "vendor\debugger-libs\Mono.Debugging\Mono.Debugging.csproj", "{1B2B8EEB-EEC6-49B8-B6EE-9432E58D2B97}"
EndProject
Project("{FAE04EC0-301F-11D3-BF4B-00C04F79EFBC}") = "MonoDevelop.Debugger", "src\addins\MonoDevelop.Debugger\MonoDevelop.Debugger.csproj", "{E7A69860-CDD2-41E6-989F-D140B442B485}"
EndProject
Project("{FAE04EC0-301F-11D3-BF4B-00C04F79EFBC}") = "MonoDevelop.Debugger.VsCodeDebugProtocol", "src\addins\MonoDevelop.Debugger.VSCodeDebugProtocol\MonoDevelop.Debugger.VsCodeDebugProtocol\MonoDevelop.Debugger.VsCodeDebugProtocol.csproj", "{9DD1C781-0864-4D1D-A50E-9DA57B441E80}"
EndProject
Project("{FAE04EC0-301F-11D3-BF4B-00C04F79EFBC}") = "MonoDevelop.Xml", "src\addins\Xml\MonoDevelop.Xml.csproj", "{80B7DA4C-C56E-466A-A931-44162E800BED}"
EndProject
Project("{FAE04EC0-301F-11D3-BF4B-00C04F79EFBC}") = "MonoDevelop.RegexToolkit", "src\addins\MonoDevelop.RegexToolkit\MonoDevelop.RegexToolkit.csproj", "{13989BE2-CB2A-42CB-A29F-867D73F78E4A}"
EndProject
Project("{FAE04EC0-301F-11D3-BF4B-00C04F79EFBC}") = "MonoDevelop.Xml.Tests", "src\addins\Xml\Tests\MonoDevelop.Xml.Tests.csproj", "{FA3D39AB-E030-4229-9E4F-A64E326531DB}"
EndProject
Project("{FAE04EC0-301F-11D3-BF4B-00C04F79EFBC}") = "MonoDevelop.SourceEditor", "src\addins\MonoDevelop.SourceEditor2\MonoDevelop.SourceEditor.csproj", "{952A2550-1C2D-4539-81B6-E19453E7ECD0}"
EndProject
Project("{FAE04EC0-301F-11D3-BF4B-00C04F79EFBC}") = "MonoDevelop.TextEditor.Tests", "src\core\MonoDevelop.TextEditor.Tests\MonoDevelop.TextEditor.Tests.csproj", "{B68B7554-1260-46E2-9288-4EC38321119C}"
EndProject
Project("{FAE04EC0-301F-11D3-BF4B-00C04F79EFBC}") = "MonoDevelop.VersionControl", "src\addins\VersionControl\MonoDevelop.VersionControl\MonoDevelop.VersionControl.csproj", "{C4112ACD-F338-4114-BFF8-DE595A4A7F6E}"
EndProject
Project("{FAE04EC0-301F-11D3-BF4B-00C04F79EFBC}") = "MonoDevelop.VersionControl.Git", "src\addins\VersionControl\MonoDevelop.VersionControl.Git\MonoDevelop.VersionControl.Git.csproj", "{1E38AB72-E462-4014-8274-AD425B0A6AC6}"
EndProject
Project("{FAE04EC0-301F-11D3-BF4B-00C04F79EFBC}") = "ChangeLogAddIn", "src\addins\ChangeLogAddIn\ChangeLogAddIn.csproj", "{F19D77BD-09A3-4C5D-9173-AEE9E95C1DE5}"
EndProject
Project("{FAE04EC0-301F-11D3-BF4B-00C04F79EFBC}") = "MonoDevelop.VersionControl.Git.Tests", "src\addins\VersionControl\MonoDevelop.VersionControl.Git.Tests\MonoDevelop.VersionControl.Git.Tests.csproj", "{4905AA7C-FCAB-47F0-9F4F-0082DC137BD8}"
EndProject
Project("{FAE04EC0-301F-11D3-BF4B-00C04F79EFBC}") = "MonoDevelop.Refactoring", "src\addins\MonoDevelop.Refactoring\MonoDevelop.Refactoring.csproj", "{562D3F73-22AA-457C-AF7F-6251EE502D08}"
EndProject
Project("{FAE04EC0-301F-11D3-BF4B-00C04F79EFBC}") = "CSharpBinding", "src\addins\CSharpBinding\CSharpBinding.csproj", "{D1E9CFF2-EDA5-4474-9C80-BFAC0637CEF1}"
EndProject
Project("{FAE04EC0-301F-11D3-BF4B-00C04F79EFBC}") = "MonoDevelop.Refactoring.Tests", "tests\MonoDevelop.Refactoring.Tests\MonoDevelop.Refactoring.Tests.csproj", "{F2218D12-27E7-4F33-A3A4-C512AA00C68D}"
EndProject
Project("{FAE04EC0-301F-11D3-BF4B-00C04F79EFBC}") = "MonoDevelop.PackageManagement", "src\addins\MonoDevelop.PackageManagement\MonoDevelop.PackageManagement.csproj", "{C2E978FF-D81B-4ABF-B695-9BDEE06333AB}"
EndProject
Project("{FAE04EC0-301F-11D3-BF4B-00C04F79EFBC}") = "MonoDevelop.PackageManagement.Tests", "src\addins\MonoDevelop.PackageManagement\MonoDevelop.PackageManagement.Tests\MonoDevelop.PackageManagement.Tests.csproj", "{DB48953E-510B-449D-A458-EE196DD848C9}"
EndProject
Project("{FAE04EC0-301F-11D3-BF4B-00C04F79EFBC}") = "MonoDevelop.AssemblyBrowser", "src\addins\MonoDevelop.AssemblyBrowser\MonoDevelop.AssemblyBrowser.csproj", "{1A00E2F9-5E18-4EFD-BEDC-F5BBC458DAC6}"
EndProject
Project("{FAE04EC0-301F-11D3-BF4B-00C04F79EFBC}") = "MonoDevelop.HexEditor", "src\addins\MonoDevelop.HexEditor\MonoDevelop.HexEditor.csproj", "{7FAD4CD6-67C0-4A6F-8275-1C55CB360DA0}"
EndProject
Project("{FAE04EC0-301F-11D3-BF4B-00C04F79EFBC}") = "MonoDevelop.DocFood", "src\addins\MonoDevelop.DocFood\MonoDevelop.DocFood.csproj", "{F8442489-58A6-42EA-9806-40A1C31589E9}"
EndProject
Project("{FAE04EC0-301F-11D3-BF4B-00C04F79EFBC}") = "MonoDevelop.Gettext", "src\addins\MonoDevelop.Gettext\MonoDevelop.Gettext.csproj", "{962DB3D9-81D0-4BC8-BB66-9278BDF92E7B}"
EndProject
Project("{FAE04EC0-301F-11D3-BF4B-00C04F79EFBC}") = "MonoDevelop.UnitTesting", "src\addins\MonoDevelop.UnitTesting\MonoDevelop.UnitTesting.csproj", "{2B466425-2D1C-4D92-8D82-1ABDA4ADDD64}"
EndProject
Project("{FAE04EC0-301F-11D3-BF4B-00C04F79EFBC}") = "MonoDevelop.UnitTesting.Tests", "src\addins\MonoDevelop.UnitTesting\MonoDevelop.UnitTesting.Tests\MonoDevelop.UnitTesting.Tests.csproj", "{37F6FA76-6521-4C82-A2A5-E427B07787AE}"
EndProject
Project("{FAE04EC0-301F-11D3-BF4B-00C04F79EFBC}") = "MonoDevelop.DotNetCore", "src\addins\MonoDevelop.DotNetCore\MonoDevelop.DotNetCore.csproj", "{C526C305-19A2-466D-ACDF-AC651B34188E}"
EndProject
Project("{FAE04EC0-301F-11D3-BF4B-00C04F79EFBC}") = "MonoDevelop.DotNetCore.Tests", "src\addins\MonoDevelop.DotNetCore\MonoDevelop.DotNetCore.Tests\MonoDevelop.DotNetCore.Tests.csproj", "{7E66D5AB-1E7A-41DE-A1FC-B34ED42DEB10}"
EndProject
Project("{FAE04EC0-301F-11D3-BF4B-00C04F79EFBC}") = "IdeUnitTests", "tests\IdeUnitTests\IdeUnitTests.csproj", "{E06995FA-4DD9-4F71-95C4-91521CA3FF45}"
EndProject
Project("{FAE04EC0-301F-11D3-BF4B-00C04F79EFBC}") = "MonoDevelop.Ide.Tests", "tests\Ide.Tests\MonoDevelop.Ide.Tests.csproj", "{34B16D2F-37DC-4C00-9E79-93AC3C94378D}"
EndProject
Project("{FAE04EC0-301F-11D3-BF4B-00C04F79EFBC}") = "MonoDevelop.CSharpBinding.Tests", "tests\MonoDevelop.CSharpBinding.Tests\MonoDevelop.CSharpBinding.Tests.csproj", "{77A6C91E-97B4-4225-A5F1-968C770AD1A4}"
EndProject
Global
	GlobalSection(SolutionConfigurationPlatforms) = preSolution
		Debug|Any CPU = Debug|Any CPU
		Debug|x64 = Debug|x64
		Debug|x86 = Debug|x86
		Release|Any CPU = Release|Any CPU
		Release|x64 = Release|x64
		Release|x86 = Release|x86
	EndGlobalSection
	GlobalSection(ProjectConfigurationPlatforms) = postSolution
		{39CAAAF1-49E7-4A53-BDD0-F0C25EF28ADA}.Debug|Any CPU.ActiveCfg = Debug|Any CPU
		{39CAAAF1-49E7-4A53-BDD0-F0C25EF28ADA}.Debug|Any CPU.Build.0 = Debug|Any CPU
		{39CAAAF1-49E7-4A53-BDD0-F0C25EF28ADA}.Debug|x64.ActiveCfg = Debug|Any CPU
		{39CAAAF1-49E7-4A53-BDD0-F0C25EF28ADA}.Debug|x64.Build.0 = Debug|Any CPU
		{39CAAAF1-49E7-4A53-BDD0-F0C25EF28ADA}.Debug|x86.ActiveCfg = Debug|Any CPU
		{39CAAAF1-49E7-4A53-BDD0-F0C25EF28ADA}.Debug|x86.Build.0 = Debug|Any CPU
		{39CAAAF1-49E7-4A53-BDD0-F0C25EF28ADA}.Release|Any CPU.ActiveCfg = Release|Any CPU
		{39CAAAF1-49E7-4A53-BDD0-F0C25EF28ADA}.Release|Any CPU.Build.0 = Release|Any CPU
		{39CAAAF1-49E7-4A53-BDD0-F0C25EF28ADA}.Release|x64.ActiveCfg = Release|Any CPU
		{39CAAAF1-49E7-4A53-BDD0-F0C25EF28ADA}.Release|x64.Build.0 = Release|Any CPU
		{39CAAAF1-49E7-4A53-BDD0-F0C25EF28ADA}.Release|x86.ActiveCfg = Release|Any CPU
		{39CAAAF1-49E7-4A53-BDD0-F0C25EF28ADA}.Release|x86.Build.0 = Release|Any CPU
		{74E6096B-3B99-4FD1-9529-B6EA58B78530}.Debug|Any CPU.ActiveCfg = Debug|Any CPU
		{74E6096B-3B99-4FD1-9529-B6EA58B78530}.Debug|Any CPU.Build.0 = Debug|Any CPU
		{74E6096B-3B99-4FD1-9529-B6EA58B78530}.Debug|x64.ActiveCfg = Debug|Any CPU
		{74E6096B-3B99-4FD1-9529-B6EA58B78530}.Debug|x64.Build.0 = Debug|Any CPU
		{74E6096B-3B99-4FD1-9529-B6EA58B78530}.Debug|x86.ActiveCfg = Debug|Any CPU
		{74E6096B-3B99-4FD1-9529-B6EA58B78530}.Debug|x86.Build.0 = Debug|Any CPU
		{74E6096B-3B99-4FD1-9529-B6EA58B78530}.Release|Any CPU.ActiveCfg = Release|Any CPU
		{74E6096B-3B99-4FD1-9529-B6EA58B78530}.Release|Any CPU.Build.0 = Release|Any CPU
		{74E6096B-3B99-4FD1-9529-B6EA58B78530}.Release|x64.ActiveCfg = Release|Any CPU
		{74E6096B-3B99-4FD1-9529-B6EA58B78530}.Release|x64.Build.0 = Release|Any CPU
		{74E6096B-3B99-4FD1-9529-B6EA58B78530}.Release|x86.ActiveCfg = Release|Any CPU
		{74E6096B-3B99-4FD1-9529-B6EA58B78530}.Release|x86.Build.0 = Release|Any CPU
		{1CF53103-568F-4B6A-9A6F-E37AAD9E03FD}.Debug|Any CPU.ActiveCfg = Debug|Any CPU
		{1CF53103-568F-4B6A-9A6F-E37AAD9E03FD}.Debug|Any CPU.Build.0 = Debug|Any CPU
		{1CF53103-568F-4B6A-9A6F-E37AAD9E03FD}.Debug|x64.ActiveCfg = Debug|Any CPU
		{1CF53103-568F-4B6A-9A6F-E37AAD9E03FD}.Debug|x64.Build.0 = Debug|Any CPU
		{1CF53103-568F-4B6A-9A6F-E37AAD9E03FD}.Debug|x86.ActiveCfg = Debug|Any CPU
		{1CF53103-568F-4B6A-9A6F-E37AAD9E03FD}.Debug|x86.Build.0 = Debug|Any CPU
		{1CF53103-568F-4B6A-9A6F-E37AAD9E03FD}.Release|Any CPU.ActiveCfg = Release|Any CPU
		{1CF53103-568F-4B6A-9A6F-E37AAD9E03FD}.Release|Any CPU.Build.0 = Release|Any CPU
		{1CF53103-568F-4B6A-9A6F-E37AAD9E03FD}.Release|x64.ActiveCfg = Release|Any CPU
		{1CF53103-568F-4B6A-9A6F-E37AAD9E03FD}.Release|x64.Build.0 = Release|Any CPU
		{1CF53103-568F-4B6A-9A6F-E37AAD9E03FD}.Release|x86.ActiveCfg = Release|Any CPU
		{1CF53103-568F-4B6A-9A6F-E37AAD9E03FD}.Release|x86.Build.0 = Release|Any CPU
		{FE4FC5A7-8C23-40D6-B8B5-3B6DB7582462}.Debug|Any CPU.ActiveCfg = Debug|Any CPU
		{FE4FC5A7-8C23-40D6-B8B5-3B6DB7582462}.Debug|Any CPU.Build.0 = Debug|Any CPU
		{FE4FC5A7-8C23-40D6-B8B5-3B6DB7582462}.Debug|x64.ActiveCfg = Debug|Any CPU
		{FE4FC5A7-8C23-40D6-B8B5-3B6DB7582462}.Debug|x64.Build.0 = Debug|Any CPU
		{FE4FC5A7-8C23-40D6-B8B5-3B6DB7582462}.Debug|x86.ActiveCfg = Debug|Any CPU
		{FE4FC5A7-8C23-40D6-B8B5-3B6DB7582462}.Debug|x86.Build.0 = Debug|Any CPU
		{FE4FC5A7-8C23-40D6-B8B5-3B6DB7582462}.Release|Any CPU.ActiveCfg = Release|Any CPU
		{FE4FC5A7-8C23-40D6-B8B5-3B6DB7582462}.Release|Any CPU.Build.0 = Release|Any CPU
		{FE4FC5A7-8C23-40D6-B8B5-3B6DB7582462}.Release|x64.ActiveCfg = Release|Any CPU
		{FE4FC5A7-8C23-40D6-B8B5-3B6DB7582462}.Release|x64.Build.0 = Release|Any CPU
		{FE4FC5A7-8C23-40D6-B8B5-3B6DB7582462}.Release|x86.ActiveCfg = Release|Any CPU
		{FE4FC5A7-8C23-40D6-B8B5-3B6DB7582462}.Release|x86.Build.0 = Release|Any CPU
		{BC2EA9C1-B27D-49D6-BD0D-78DF2CF81C96}.Debug|Any CPU.ActiveCfg = Debug|Any CPU
		{BC2EA9C1-B27D-49D6-BD0D-78DF2CF81C96}.Debug|Any CPU.Build.0 = Debug|Any CPU
		{BC2EA9C1-B27D-49D6-BD0D-78DF2CF81C96}.Debug|x64.ActiveCfg = Debug|Any CPU
		{BC2EA9C1-B27D-49D6-BD0D-78DF2CF81C96}.Debug|x64.Build.0 = Debug|Any CPU
		{BC2EA9C1-B27D-49D6-BD0D-78DF2CF81C96}.Debug|x86.ActiveCfg = Debug|Any CPU
		{BC2EA9C1-B27D-49D6-BD0D-78DF2CF81C96}.Debug|x86.Build.0 = Debug|Any CPU
		{BC2EA9C1-B27D-49D6-BD0D-78DF2CF81C96}.Release|Any CPU.ActiveCfg = Release|Any CPU
		{BC2EA9C1-B27D-49D6-BD0D-78DF2CF81C96}.Release|Any CPU.Build.0 = Release|Any CPU
		{BC2EA9C1-B27D-49D6-BD0D-78DF2CF81C96}.Release|x64.ActiveCfg = Release|Any CPU
		{BC2EA9C1-B27D-49D6-BD0D-78DF2CF81C96}.Release|x64.Build.0 = Release|Any CPU
		{BC2EA9C1-B27D-49D6-BD0D-78DF2CF81C96}.Release|x86.ActiveCfg = Release|Any CPU
		{BC2EA9C1-B27D-49D6-BD0D-78DF2CF81C96}.Release|x86.Build.0 = Release|Any CPU
		{D8CCB1A9-B1CF-4BFA-99B5-DA93206A4B23}.Debug|Any CPU.ActiveCfg = Debug|Any CPU
		{D8CCB1A9-B1CF-4BFA-99B5-DA93206A4B23}.Debug|Any CPU.Build.0 = Debug|Any CPU
		{D8CCB1A9-B1CF-4BFA-99B5-DA93206A4B23}.Debug|x64.ActiveCfg = Debug|Any CPU
		{D8CCB1A9-B1CF-4BFA-99B5-DA93206A4B23}.Debug|x64.Build.0 = Debug|Any CPU
		{D8CCB1A9-B1CF-4BFA-99B5-DA93206A4B23}.Debug|x86.ActiveCfg = Debug|Any CPU
		{D8CCB1A9-B1CF-4BFA-99B5-DA93206A4B23}.Debug|x86.Build.0 = Debug|Any CPU
		{D8CCB1A9-B1CF-4BFA-99B5-DA93206A4B23}.Release|Any CPU.ActiveCfg = Release|Any CPU
		{D8CCB1A9-B1CF-4BFA-99B5-DA93206A4B23}.Release|Any CPU.Build.0 = Release|Any CPU
		{D8CCB1A9-B1CF-4BFA-99B5-DA93206A4B23}.Release|x64.ActiveCfg = Release|Any CPU
		{D8CCB1A9-B1CF-4BFA-99B5-DA93206A4B23}.Release|x64.Build.0 = Release|Any CPU
		{D8CCB1A9-B1CF-4BFA-99B5-DA93206A4B23}.Release|x86.ActiveCfg = Release|Any CPU
		{D8CCB1A9-B1CF-4BFA-99B5-DA93206A4B23}.Release|x86.Build.0 = Release|Any CPU
		{1008DB9D-9148-415C-8149-EBE0985AB22F}.Debug|Any CPU.ActiveCfg = Debug|Any CPU
		{1008DB9D-9148-415C-8149-EBE0985AB22F}.Debug|Any CPU.Build.0 = Debug|Any CPU
		{1008DB9D-9148-415C-8149-EBE0985AB22F}.Debug|x64.ActiveCfg = Debug|Any CPU
		{1008DB9D-9148-415C-8149-EBE0985AB22F}.Debug|x64.Build.0 = Debug|Any CPU
		{1008DB9D-9148-415C-8149-EBE0985AB22F}.Debug|x86.ActiveCfg = Debug|Any CPU
		{1008DB9D-9148-415C-8149-EBE0985AB22F}.Debug|x86.Build.0 = Debug|Any CPU
		{1008DB9D-9148-415C-8149-EBE0985AB22F}.Release|Any CPU.ActiveCfg = Release|Any CPU
		{1008DB9D-9148-415C-8149-EBE0985AB22F}.Release|Any CPU.Build.0 = Release|Any CPU
		{1008DB9D-9148-415C-8149-EBE0985AB22F}.Release|x64.ActiveCfg = Release|Any CPU
		{1008DB9D-9148-415C-8149-EBE0985AB22F}.Release|x64.Build.0 = Release|Any CPU
		{1008DB9D-9148-415C-8149-EBE0985AB22F}.Release|x86.ActiveCfg = Release|Any CPU
		{1008DB9D-9148-415C-8149-EBE0985AB22F}.Release|x86.Build.0 = Release|Any CPU
		{E9713714-C8BE-4229-BD73-6FB1D67775E7}.Debug|Any CPU.ActiveCfg = Debug|Any CPU
		{E9713714-C8BE-4229-BD73-6FB1D67775E7}.Debug|Any CPU.Build.0 = Debug|Any CPU
		{E9713714-C8BE-4229-BD73-6FB1D67775E7}.Debug|x64.ActiveCfg = Debug|Any CPU
		{E9713714-C8BE-4229-BD73-6FB1D67775E7}.Debug|x64.Build.0 = Debug|Any CPU
		{E9713714-C8BE-4229-BD73-6FB1D67775E7}.Debug|x86.ActiveCfg = Debug|Any CPU
		{E9713714-C8BE-4229-BD73-6FB1D67775E7}.Debug|x86.Build.0 = Debug|Any CPU
		{E9713714-C8BE-4229-BD73-6FB1D67775E7}.Release|Any CPU.ActiveCfg = Release|Any CPU
		{E9713714-C8BE-4229-BD73-6FB1D67775E7}.Release|Any CPU.Build.0 = Release|Any CPU
		{E9713714-C8BE-4229-BD73-6FB1D67775E7}.Release|x64.ActiveCfg = Release|Any CPU
		{E9713714-C8BE-4229-BD73-6FB1D67775E7}.Release|x64.Build.0 = Release|Any CPU
		{E9713714-C8BE-4229-BD73-6FB1D67775E7}.Release|x86.ActiveCfg = Release|Any CPU
		{E9713714-C8BE-4229-BD73-6FB1D67775E7}.Release|x86.Build.0 = Release|Any CPU
		{574FFA60-99C4-4E9A-B144-01EC2C228378}.Debug|Any CPU.ActiveCfg = Debug|Any CPU
		{574FFA60-99C4-4E9A-B144-01EC2C228378}.Debug|Any CPU.Build.0 = Debug|Any CPU
		{574FFA60-99C4-4E9A-B144-01EC2C228378}.Debug|x64.ActiveCfg = Debug|Any CPU
		{574FFA60-99C4-4E9A-B144-01EC2C228378}.Debug|x64.Build.0 = Debug|Any CPU
		{574FFA60-99C4-4E9A-B144-01EC2C228378}.Debug|x86.ActiveCfg = Debug|Any CPU
		{574FFA60-99C4-4E9A-B144-01EC2C228378}.Debug|x86.Build.0 = Debug|Any CPU
		{574FFA60-99C4-4E9A-B144-01EC2C228378}.Release|Any CPU.ActiveCfg = Release|Any CPU
		{574FFA60-99C4-4E9A-B144-01EC2C228378}.Release|Any CPU.Build.0 = Release|Any CPU
		{574FFA60-99C4-4E9A-B144-01EC2C228378}.Release|x64.ActiveCfg = Release|Any CPU
		{574FFA60-99C4-4E9A-B144-01EC2C228378}.Release|x64.Build.0 = Release|Any CPU
		{574FFA60-99C4-4E9A-B144-01EC2C228378}.Release|x86.ActiveCfg = Release|Any CPU
		{574FFA60-99C4-4E9A-B144-01EC2C228378}.Release|x86.Build.0 = Release|Any CPU
		{3BF7F266-7339-4337-85FE-BFF29D112459}.Debug|Any CPU.ActiveCfg = Debug|Any CPU
		{3BF7F266-7339-4337-85FE-BFF29D112459}.Debug|Any CPU.Build.0 = Debug|Any CPU
		{3BF7F266-7339-4337-85FE-BFF29D112459}.Debug|x64.ActiveCfg = Debug|Any CPU
		{3BF7F266-7339-4337-85FE-BFF29D112459}.Debug|x64.Build.0 = Debug|Any CPU
		{3BF7F266-7339-4337-85FE-BFF29D112459}.Debug|x86.ActiveCfg = Debug|Any CPU
		{3BF7F266-7339-4337-85FE-BFF29D112459}.Debug|x86.Build.0 = Debug|Any CPU
		{3BF7F266-7339-4337-85FE-BFF29D112459}.Release|Any CPU.ActiveCfg = Release|Any CPU
		{3BF7F266-7339-4337-85FE-BFF29D112459}.Release|Any CPU.Build.0 = Release|Any CPU
		{3BF7F266-7339-4337-85FE-BFF29D112459}.Release|x64.ActiveCfg = Release|Any CPU
		{3BF7F266-7339-4337-85FE-BFF29D112459}.Release|x64.Build.0 = Release|Any CPU
		{3BF7F266-7339-4337-85FE-BFF29D112459}.Release|x86.ActiveCfg = Release|Any CPU
		{3BF7F266-7339-4337-85FE-BFF29D112459}.Release|x86.Build.0 = Release|Any CPU
		{1D2651E2-8AC7-4065-AB20-572D928E654B}.Debug|Any CPU.ActiveCfg = Debug|Any CPU
		{1D2651E2-8AC7-4065-AB20-572D928E654B}.Debug|Any CPU.Build.0 = Debug|Any CPU
		{1D2651E2-8AC7-4065-AB20-572D928E654B}.Debug|x64.ActiveCfg = Debug|Any CPU
		{1D2651E2-8AC7-4065-AB20-572D928E654B}.Debug|x64.Build.0 = Debug|Any CPU
		{1D2651E2-8AC7-4065-AB20-572D928E654B}.Debug|x86.ActiveCfg = Debug|Any CPU
		{1D2651E2-8AC7-4065-AB20-572D928E654B}.Debug|x86.Build.0 = Debug|Any CPU
		{1D2651E2-8AC7-4065-AB20-572D928E654B}.Release|Any CPU.ActiveCfg = Release|Any CPU
		{1D2651E2-8AC7-4065-AB20-572D928E654B}.Release|Any CPU.Build.0 = Release|Any CPU
		{1D2651E2-8AC7-4065-AB20-572D928E654B}.Release|x64.ActiveCfg = Release|Any CPU
		{1D2651E2-8AC7-4065-AB20-572D928E654B}.Release|x64.Build.0 = Release|Any CPU
		{1D2651E2-8AC7-4065-AB20-572D928E654B}.Release|x86.ActiveCfg = Release|Any CPU
		{1D2651E2-8AC7-4065-AB20-572D928E654B}.Release|x86.Build.0 = Release|Any CPU
		{A719171B-9D97-4D08-8FE6-1294EF643B8B}.Debug|Any CPU.ActiveCfg = Debug|Any CPU
		{A719171B-9D97-4D08-8FE6-1294EF643B8B}.Debug|Any CPU.Build.0 = Debug|Any CPU
		{A719171B-9D97-4D08-8FE6-1294EF643B8B}.Debug|x64.ActiveCfg = Debug|Any CPU
		{A719171B-9D97-4D08-8FE6-1294EF643B8B}.Debug|x64.Build.0 = Debug|Any CPU
		{A719171B-9D97-4D08-8FE6-1294EF643B8B}.Debug|x86.ActiveCfg = Debug|Any CPU
		{A719171B-9D97-4D08-8FE6-1294EF643B8B}.Debug|x86.Build.0 = Debug|Any CPU
		{A719171B-9D97-4D08-8FE6-1294EF643B8B}.Release|Any CPU.ActiveCfg = Release|Any CPU
		{A719171B-9D97-4D08-8FE6-1294EF643B8B}.Release|Any CPU.Build.0 = Release|Any CPU
		{A719171B-9D97-4D08-8FE6-1294EF643B8B}.Release|x64.ActiveCfg = Release|Any CPU
		{A719171B-9D97-4D08-8FE6-1294EF643B8B}.Release|x64.Build.0 = Release|Any CPU
		{A719171B-9D97-4D08-8FE6-1294EF643B8B}.Release|x86.ActiveCfg = Release|Any CPU
		{A719171B-9D97-4D08-8FE6-1294EF643B8B}.Release|x86.Build.0 = Release|Any CPU
		{40C370AA-24E8-43BD-9B7A-B869E5C65E52}.Debug|Any CPU.ActiveCfg = Debug|Any CPU
		{40C370AA-24E8-43BD-9B7A-B869E5C65E52}.Debug|Any CPU.Build.0 = Debug|Any CPU
		{40C370AA-24E8-43BD-9B7A-B869E5C65E52}.Debug|x64.ActiveCfg = Debug|Any CPU
		{40C370AA-24E8-43BD-9B7A-B869E5C65E52}.Debug|x64.Build.0 = Debug|Any CPU
		{40C370AA-24E8-43BD-9B7A-B869E5C65E52}.Debug|x86.ActiveCfg = Debug|Any CPU
		{40C370AA-24E8-43BD-9B7A-B869E5C65E52}.Debug|x86.Build.0 = Debug|Any CPU
		{40C370AA-24E8-43BD-9B7A-B869E5C65E52}.Release|Any CPU.ActiveCfg = Release|Any CPU
		{40C370AA-24E8-43BD-9B7A-B869E5C65E52}.Release|Any CPU.Build.0 = Release|Any CPU
		{40C370AA-24E8-43BD-9B7A-B869E5C65E52}.Release|x64.ActiveCfg = Release|Any CPU
		{40C370AA-24E8-43BD-9B7A-B869E5C65E52}.Release|x64.Build.0 = Release|Any CPU
		{40C370AA-24E8-43BD-9B7A-B869E5C65E52}.Release|x86.ActiveCfg = Release|Any CPU
		{40C370AA-24E8-43BD-9B7A-B869E5C65E52}.Release|x86.Build.0 = Release|Any CPU
		{7A8B0A3F-4DBB-4260-94C1-2F29430866F7}.Debug|Any CPU.ActiveCfg = Debug|Any CPU
		{7A8B0A3F-4DBB-4260-94C1-2F29430866F7}.Debug|Any CPU.Build.0 = Debug|Any CPU
		{7A8B0A3F-4DBB-4260-94C1-2F29430866F7}.Debug|x64.ActiveCfg = Debug|Any CPU
		{7A8B0A3F-4DBB-4260-94C1-2F29430866F7}.Debug|x64.Build.0 = Debug|Any CPU
		{7A8B0A3F-4DBB-4260-94C1-2F29430866F7}.Debug|x86.ActiveCfg = Debug|Any CPU
		{7A8B0A3F-4DBB-4260-94C1-2F29430866F7}.Debug|x86.Build.0 = Debug|Any CPU
		{7A8B0A3F-4DBB-4260-94C1-2F29430866F7}.Release|Any CPU.ActiveCfg = Release|Any CPU
		{7A8B0A3F-4DBB-4260-94C1-2F29430866F7}.Release|Any CPU.Build.0 = Release|Any CPU
		{7A8B0A3F-4DBB-4260-94C1-2F29430866F7}.Release|x64.ActiveCfg = Release|Any CPU
		{7A8B0A3F-4DBB-4260-94C1-2F29430866F7}.Release|x64.Build.0 = Release|Any CPU
		{7A8B0A3F-4DBB-4260-94C1-2F29430866F7}.Release|x86.ActiveCfg = Release|Any CPU
		{7A8B0A3F-4DBB-4260-94C1-2F29430866F7}.Release|x86.Build.0 = Release|Any CPU
		{38783DBD-D1F6-45A5-9931-DDCCB8796ADC}.Debug|Any CPU.ActiveCfg = Debug|Any CPU
		{38783DBD-D1F6-45A5-9931-DDCCB8796ADC}.Debug|Any CPU.Build.0 = Debug|Any CPU
		{38783DBD-D1F6-45A5-9931-DDCCB8796ADC}.Debug|x64.ActiveCfg = Debug|Any CPU
		{38783DBD-D1F6-45A5-9931-DDCCB8796ADC}.Debug|x64.Build.0 = Debug|Any CPU
		{38783DBD-D1F6-45A5-9931-DDCCB8796ADC}.Debug|x86.ActiveCfg = Debug|Any CPU
		{38783DBD-D1F6-45A5-9931-DDCCB8796ADC}.Debug|x86.Build.0 = Debug|Any CPU
		{38783DBD-D1F6-45A5-9931-DDCCB8796ADC}.Release|Any CPU.ActiveCfg = Release|Any CPU
		{38783DBD-D1F6-45A5-9931-DDCCB8796ADC}.Release|Any CPU.Build.0 = Release|Any CPU
		{38783DBD-D1F6-45A5-9931-DDCCB8796ADC}.Release|x64.ActiveCfg = Release|Any CPU
		{38783DBD-D1F6-45A5-9931-DDCCB8796ADC}.Release|x64.Build.0 = Release|Any CPU
		{38783DBD-D1F6-45A5-9931-DDCCB8796ADC}.Release|x86.ActiveCfg = Release|Any CPU
		{38783DBD-D1F6-45A5-9931-DDCCB8796ADC}.Release|x86.Build.0 = Release|Any CPU
		{CFDEA5F3-660A-4062-98A6-6346D4D84A77}.Debug|Any CPU.ActiveCfg = Debug|Any CPU
		{CFDEA5F3-660A-4062-98A6-6346D4D84A77}.Debug|Any CPU.Build.0 = Debug|Any CPU
		{CFDEA5F3-660A-4062-98A6-6346D4D84A77}.Debug|x64.ActiveCfg = Debug|Any CPU
		{CFDEA5F3-660A-4062-98A6-6346D4D84A77}.Debug|x64.Build.0 = Debug|Any CPU
		{CFDEA5F3-660A-4062-98A6-6346D4D84A77}.Debug|x86.ActiveCfg = Debug|Any CPU
		{CFDEA5F3-660A-4062-98A6-6346D4D84A77}.Debug|x86.Build.0 = Debug|Any CPU
		{CFDEA5F3-660A-4062-98A6-6346D4D84A77}.Release|Any CPU.ActiveCfg = Release|Any CPU
		{CFDEA5F3-660A-4062-98A6-6346D4D84A77}.Release|Any CPU.Build.0 = Release|Any CPU
		{CFDEA5F3-660A-4062-98A6-6346D4D84A77}.Release|x64.ActiveCfg = Release|Any CPU
		{CFDEA5F3-660A-4062-98A6-6346D4D84A77}.Release|x64.Build.0 = Release|Any CPU
		{CFDEA5F3-660A-4062-98A6-6346D4D84A77}.Release|x86.ActiveCfg = Release|Any CPU
		{CFDEA5F3-660A-4062-98A6-6346D4D84A77}.Release|x86.Build.0 = Release|Any CPU
		{CA398CC3-5E3E-4B4D-8CEF-7A846BB61562}.Debug|Any CPU.ActiveCfg = Debug|Any CPU
		{CA398CC3-5E3E-4B4D-8CEF-7A846BB61562}.Debug|Any CPU.Build.0 = Debug|Any CPU
		{CA398CC3-5E3E-4B4D-8CEF-7A846BB61562}.Debug|x64.ActiveCfg = Debug|Any CPU
		{CA398CC3-5E3E-4B4D-8CEF-7A846BB61562}.Debug|x64.Build.0 = Debug|Any CPU
		{CA398CC3-5E3E-4B4D-8CEF-7A846BB61562}.Debug|x86.ActiveCfg = Debug|Any CPU
		{CA398CC3-5E3E-4B4D-8CEF-7A846BB61562}.Debug|x86.Build.0 = Debug|Any CPU
		{CA398CC3-5E3E-4B4D-8CEF-7A846BB61562}.Release|Any CPU.ActiveCfg = Release|Any CPU
		{CA398CC3-5E3E-4B4D-8CEF-7A846BB61562}.Release|Any CPU.Build.0 = Release|Any CPU
		{CA398CC3-5E3E-4B4D-8CEF-7A846BB61562}.Release|x64.ActiveCfg = Release|Any CPU
		{CA398CC3-5E3E-4B4D-8CEF-7A846BB61562}.Release|x64.Build.0 = Release|Any CPU
		{CA398CC3-5E3E-4B4D-8CEF-7A846BB61562}.Release|x86.ActiveCfg = Release|Any CPU
		{CA398CC3-5E3E-4B4D-8CEF-7A846BB61562}.Release|x86.Build.0 = Release|Any CPU
		{EECBAEED-C8F6-400A-8F72-01ABE0773ED9}.Debug|Any CPU.ActiveCfg = Debug|Any CPU
		{EECBAEED-C8F6-400A-8F72-01ABE0773ED9}.Debug|Any CPU.Build.0 = Debug|Any CPU
		{EECBAEED-C8F6-400A-8F72-01ABE0773ED9}.Debug|x64.ActiveCfg = Debug|Any CPU
		{EECBAEED-C8F6-400A-8F72-01ABE0773ED9}.Debug|x64.Build.0 = Debug|Any CPU
		{EECBAEED-C8F6-400A-8F72-01ABE0773ED9}.Debug|x86.ActiveCfg = Debug|Any CPU
		{EECBAEED-C8F6-400A-8F72-01ABE0773ED9}.Debug|x86.Build.0 = Debug|Any CPU
		{EECBAEED-C8F6-400A-8F72-01ABE0773ED9}.Release|Any CPU.ActiveCfg = Release|Any CPU
		{EECBAEED-C8F6-400A-8F72-01ABE0773ED9}.Release|Any CPU.Build.0 = Release|Any CPU
		{EECBAEED-C8F6-400A-8F72-01ABE0773ED9}.Release|x64.ActiveCfg = Release|Any CPU
		{EECBAEED-C8F6-400A-8F72-01ABE0773ED9}.Release|x64.Build.0 = Release|Any CPU
		{EECBAEED-C8F6-400A-8F72-01ABE0773ED9}.Release|x86.ActiveCfg = Release|Any CPU
		{EECBAEED-C8F6-400A-8F72-01ABE0773ED9}.Release|x86.Build.0 = Release|Any CPU
		{BA5EBEBA-9759-455E-B9DF-66F53955ED85}.Debug|Any CPU.ActiveCfg = Debug|Any CPU
		{BA5EBEBA-9759-455E-B9DF-66F53955ED85}.Debug|Any CPU.Build.0 = Debug|Any CPU
		{BA5EBEBA-9759-455E-B9DF-66F53955ED85}.Debug|x64.ActiveCfg = Debug|Any CPU
		{BA5EBEBA-9759-455E-B9DF-66F53955ED85}.Debug|x64.Build.0 = Debug|Any CPU
		{BA5EBEBA-9759-455E-B9DF-66F53955ED85}.Debug|x86.ActiveCfg = Debug|Any CPU
		{BA5EBEBA-9759-455E-B9DF-66F53955ED85}.Debug|x86.Build.0 = Debug|Any CPU
		{BA5EBEBA-9759-455E-B9DF-66F53955ED85}.Release|Any CPU.ActiveCfg = Release|Any CPU
		{BA5EBEBA-9759-455E-B9DF-66F53955ED85}.Release|Any CPU.Build.0 = Release|Any CPU
		{BA5EBEBA-9759-455E-B9DF-66F53955ED85}.Release|x64.ActiveCfg = Release|Any CPU
		{BA5EBEBA-9759-455E-B9DF-66F53955ED85}.Release|x64.Build.0 = Release|Any CPU
		{BA5EBEBA-9759-455E-B9DF-66F53955ED85}.Release|x86.ActiveCfg = Release|Any CPU
		{BA5EBEBA-9759-455E-B9DF-66F53955ED85}.Release|x86.Build.0 = Release|Any CPU
		{E34DED3F-CE5D-4B35-9EBA-3F93B48E3A39}.Debug|Any CPU.ActiveCfg = Debug|Any CPU
		{E34DED3F-CE5D-4B35-9EBA-3F93B48E3A39}.Debug|Any CPU.Build.0 = Debug|Any CPU
		{E34DED3F-CE5D-4B35-9EBA-3F93B48E3A39}.Debug|x64.ActiveCfg = Debug|Any CPU
		{E34DED3F-CE5D-4B35-9EBA-3F93B48E3A39}.Debug|x64.Build.0 = Debug|Any CPU
		{E34DED3F-CE5D-4B35-9EBA-3F93B48E3A39}.Debug|x86.ActiveCfg = Debug|Any CPU
		{E34DED3F-CE5D-4B35-9EBA-3F93B48E3A39}.Debug|x86.Build.0 = Debug|Any CPU
		{E34DED3F-CE5D-4B35-9EBA-3F93B48E3A39}.Release|Any CPU.ActiveCfg = Release|Any CPU
		{E34DED3F-CE5D-4B35-9EBA-3F93B48E3A39}.Release|Any CPU.Build.0 = Release|Any CPU
		{E34DED3F-CE5D-4B35-9EBA-3F93B48E3A39}.Release|x64.ActiveCfg = Release|Any CPU
		{E34DED3F-CE5D-4B35-9EBA-3F93B48E3A39}.Release|x64.Build.0 = Release|Any CPU
		{E34DED3F-CE5D-4B35-9EBA-3F93B48E3A39}.Release|x86.ActiveCfg = Release|Any CPU
		{E34DED3F-CE5D-4B35-9EBA-3F93B48E3A39}.Release|x86.Build.0 = Release|Any CPU
		{23CFA100-65BE-4DD9-9CC4-FC21E8D998D5}.Debug|Any CPU.ActiveCfg = Debug|Any CPU
		{23CFA100-65BE-4DD9-9CC4-FC21E8D998D5}.Debug|Any CPU.Build.0 = Debug|Any CPU
		{23CFA100-65BE-4DD9-9CC4-FC21E8D998D5}.Debug|x64.ActiveCfg = Debug|Any CPU
		{23CFA100-65BE-4DD9-9CC4-FC21E8D998D5}.Debug|x64.Build.0 = Debug|Any CPU
		{23CFA100-65BE-4DD9-9CC4-FC21E8D998D5}.Debug|x86.ActiveCfg = Debug|Any CPU
		{23CFA100-65BE-4DD9-9CC4-FC21E8D998D5}.Debug|x86.Build.0 = Debug|Any CPU
		{23CFA100-65BE-4DD9-9CC4-FC21E8D998D5}.Release|Any CPU.ActiveCfg = Release|Any CPU
		{23CFA100-65BE-4DD9-9CC4-FC21E8D998D5}.Release|Any CPU.Build.0 = Release|Any CPU
		{23CFA100-65BE-4DD9-9CC4-FC21E8D998D5}.Release|x64.ActiveCfg = Release|Any CPU
		{23CFA100-65BE-4DD9-9CC4-FC21E8D998D5}.Release|x64.Build.0 = Release|Any CPU
		{23CFA100-65BE-4DD9-9CC4-FC21E8D998D5}.Release|x86.ActiveCfg = Release|Any CPU
		{23CFA100-65BE-4DD9-9CC4-FC21E8D998D5}.Release|x86.Build.0 = Release|Any CPU
		{0B3FB166-5EE2-4603-83D5-276B7AB9FF4F}.Debug|Any CPU.ActiveCfg = Debug|Any CPU
		{0B3FB166-5EE2-4603-83D5-276B7AB9FF4F}.Debug|Any CPU.Build.0 = Debug|Any CPU
		{0B3FB166-5EE2-4603-83D5-276B7AB9FF4F}.Debug|x64.ActiveCfg = Debug|Any CPU
		{0B3FB166-5EE2-4603-83D5-276B7AB9FF4F}.Debug|x64.Build.0 = Debug|Any CPU
		{0B3FB166-5EE2-4603-83D5-276B7AB9FF4F}.Debug|x86.ActiveCfg = Debug|Any CPU
		{0B3FB166-5EE2-4603-83D5-276B7AB9FF4F}.Debug|x86.Build.0 = Debug|Any CPU
		{0B3FB166-5EE2-4603-83D5-276B7AB9FF4F}.Release|Any CPU.ActiveCfg = Release|Any CPU
		{0B3FB166-5EE2-4603-83D5-276B7AB9FF4F}.Release|Any CPU.Build.0 = Release|Any CPU
		{0B3FB166-5EE2-4603-83D5-276B7AB9FF4F}.Release|x64.ActiveCfg = Release|Any CPU
		{0B3FB166-5EE2-4603-83D5-276B7AB9FF4F}.Release|x64.Build.0 = Release|Any CPU
		{0B3FB166-5EE2-4603-83D5-276B7AB9FF4F}.Release|x86.ActiveCfg = Release|Any CPU
		{0B3FB166-5EE2-4603-83D5-276B7AB9FF4F}.Release|x86.Build.0 = Release|Any CPU
		{DA1127DE-8985-42DF-B5EF-D9901558D939}.Debug|Any CPU.ActiveCfg = Debug|Any CPU
		{DA1127DE-8985-42DF-B5EF-D9901558D939}.Debug|Any CPU.Build.0 = Debug|Any CPU
		{DA1127DE-8985-42DF-B5EF-D9901558D939}.Debug|x64.ActiveCfg = Debug|Any CPU
		{DA1127DE-8985-42DF-B5EF-D9901558D939}.Debug|x64.Build.0 = Debug|Any CPU
		{DA1127DE-8985-42DF-B5EF-D9901558D939}.Debug|x86.ActiveCfg = Debug|Any CPU
		{DA1127DE-8985-42DF-B5EF-D9901558D939}.Debug|x86.Build.0 = Debug|Any CPU
		{DA1127DE-8985-42DF-B5EF-D9901558D939}.Release|Any CPU.ActiveCfg = Release|Any CPU
		{DA1127DE-8985-42DF-B5EF-D9901558D939}.Release|Any CPU.Build.0 = Release|Any CPU
		{DA1127DE-8985-42DF-B5EF-D9901558D939}.Release|x64.ActiveCfg = Release|Any CPU
		{DA1127DE-8985-42DF-B5EF-D9901558D939}.Release|x64.Build.0 = Release|Any CPU
		{DA1127DE-8985-42DF-B5EF-D9901558D939}.Release|x86.ActiveCfg = Release|Any CPU
		{DA1127DE-8985-42DF-B5EF-D9901558D939}.Release|x86.Build.0 = Release|Any CPU
		{1C408EEB-D32D-4FFE-8498-595C755AD031}.Debug|Any CPU.ActiveCfg = Debug|Any CPU
		{1C408EEB-D32D-4FFE-8498-595C755AD031}.Debug|Any CPU.Build.0 = Debug|Any CPU
		{1C408EEB-D32D-4FFE-8498-595C755AD031}.Debug|x64.ActiveCfg = Debug|Any CPU
		{1C408EEB-D32D-4FFE-8498-595C755AD031}.Debug|x64.Build.0 = Debug|Any CPU
		{1C408EEB-D32D-4FFE-8498-595C755AD031}.Debug|x86.ActiveCfg = Debug|Any CPU
		{1C408EEB-D32D-4FFE-8498-595C755AD031}.Debug|x86.Build.0 = Debug|Any CPU
		{1C408EEB-D32D-4FFE-8498-595C755AD031}.Release|Any CPU.ActiveCfg = Release|Any CPU
		{1C408EEB-D32D-4FFE-8498-595C755AD031}.Release|Any CPU.Build.0 = Release|Any CPU
		{1C408EEB-D32D-4FFE-8498-595C755AD031}.Release|x64.ActiveCfg = Release|Any CPU
		{1C408EEB-D32D-4FFE-8498-595C755AD031}.Release|x64.Build.0 = Release|Any CPU
		{1C408EEB-D32D-4FFE-8498-595C755AD031}.Release|x86.ActiveCfg = Release|Any CPU
		{1C408EEB-D32D-4FFE-8498-595C755AD031}.Release|x86.Build.0 = Release|Any CPU
		{A9DB16CC-F0D7-4EDD-B2A6-54DB3BCA2708}.Debug|Any CPU.ActiveCfg = Debug|Any CPU
		{A9DB16CC-F0D7-4EDD-B2A6-54DB3BCA2708}.Debug|Any CPU.Build.0 = Debug|Any CPU
		{A9DB16CC-F0D7-4EDD-B2A6-54DB3BCA2708}.Debug|x64.ActiveCfg = Debug|Any CPU
		{A9DB16CC-F0D7-4EDD-B2A6-54DB3BCA2708}.Debug|x64.Build.0 = Debug|Any CPU
		{A9DB16CC-F0D7-4EDD-B2A6-54DB3BCA2708}.Debug|x86.ActiveCfg = Debug|Any CPU
		{A9DB16CC-F0D7-4EDD-B2A6-54DB3BCA2708}.Debug|x86.Build.0 = Debug|Any CPU
		{A9DB16CC-F0D7-4EDD-B2A6-54DB3BCA2708}.Release|Any CPU.ActiveCfg = Release|Any CPU
		{A9DB16CC-F0D7-4EDD-B2A6-54DB3BCA2708}.Release|Any CPU.Build.0 = Release|Any CPU
		{A9DB16CC-F0D7-4EDD-B2A6-54DB3BCA2708}.Release|x64.ActiveCfg = Release|Any CPU
		{A9DB16CC-F0D7-4EDD-B2A6-54DB3BCA2708}.Release|x64.Build.0 = Release|Any CPU
		{A9DB16CC-F0D7-4EDD-B2A6-54DB3BCA2708}.Release|x86.ActiveCfg = Release|Any CPU
		{A9DB16CC-F0D7-4EDD-B2A6-54DB3BCA2708}.Release|x86.Build.0 = Release|Any CPU
		{3F28024F-23DA-4492-9FB1-A20EF2BC36F4}.Debug|Any CPU.ActiveCfg = Debug|Any CPU
		{3F28024F-23DA-4492-9FB1-A20EF2BC36F4}.Debug|Any CPU.Build.0 = Debug|Any CPU
		{3F28024F-23DA-4492-9FB1-A20EF2BC36F4}.Debug|x64.ActiveCfg = Debug|Any CPU
		{3F28024F-23DA-4492-9FB1-A20EF2BC36F4}.Debug|x64.Build.0 = Debug|Any CPU
		{3F28024F-23DA-4492-9FB1-A20EF2BC36F4}.Debug|x86.ActiveCfg = Debug|Any CPU
		{3F28024F-23DA-4492-9FB1-A20EF2BC36F4}.Debug|x86.Build.0 = Debug|Any CPU
		{3F28024F-23DA-4492-9FB1-A20EF2BC36F4}.Release|Any CPU.ActiveCfg = Release|Any CPU
		{3F28024F-23DA-4492-9FB1-A20EF2BC36F4}.Release|Any CPU.Build.0 = Release|Any CPU
		{3F28024F-23DA-4492-9FB1-A20EF2BC36F4}.Release|x64.ActiveCfg = Release|Any CPU
		{3F28024F-23DA-4492-9FB1-A20EF2BC36F4}.Release|x64.Build.0 = Release|Any CPU
		{3F28024F-23DA-4492-9FB1-A20EF2BC36F4}.Release|x86.ActiveCfg = Release|Any CPU
		{3F28024F-23DA-4492-9FB1-A20EF2BC36F4}.Release|x86.Build.0 = Release|Any CPU
		{C18608EA-6C88-4275-829F-C800C9B798D3}.Debug|Any CPU.ActiveCfg = Debug|Any CPU
		{C18608EA-6C88-4275-829F-C800C9B798D3}.Debug|Any CPU.Build.0 = Debug|Any CPU
		{C18608EA-6C88-4275-829F-C800C9B798D3}.Debug|x64.ActiveCfg = Debug|Any CPU
		{C18608EA-6C88-4275-829F-C800C9B798D3}.Debug|x64.Build.0 = Debug|Any CPU
		{C18608EA-6C88-4275-829F-C800C9B798D3}.Debug|x86.ActiveCfg = Debug|Any CPU
		{C18608EA-6C88-4275-829F-C800C9B798D3}.Debug|x86.Build.0 = Debug|Any CPU
		{C18608EA-6C88-4275-829F-C800C9B798D3}.Release|Any CPU.ActiveCfg = Release|Any CPU
		{C18608EA-6C88-4275-829F-C800C9B798D3}.Release|Any CPU.Build.0 = Release|Any CPU
		{C18608EA-6C88-4275-829F-C800C9B798D3}.Release|x64.ActiveCfg = Release|Any CPU
		{C18608EA-6C88-4275-829F-C800C9B798D3}.Release|x64.Build.0 = Release|Any CPU
		{C18608EA-6C88-4275-829F-C800C9B798D3}.Release|x86.ActiveCfg = Release|Any CPU
		{C18608EA-6C88-4275-829F-C800C9B798D3}.Release|x86.Build.0 = Release|Any CPU
		{8F7AA182-4EE4-49FD-8304-81D9CF106881}.Debug|Any CPU.ActiveCfg = Debug|Any CPU
		{8F7AA182-4EE4-49FD-8304-81D9CF106881}.Debug|Any CPU.Build.0 = Debug|Any CPU
		{8F7AA182-4EE4-49FD-8304-81D9CF106881}.Debug|x64.ActiveCfg = Debug|Any CPU
		{8F7AA182-4EE4-49FD-8304-81D9CF106881}.Debug|x64.Build.0 = Debug|Any CPU
		{8F7AA182-4EE4-49FD-8304-81D9CF106881}.Debug|x86.ActiveCfg = Debug|Any CPU
		{8F7AA182-4EE4-49FD-8304-81D9CF106881}.Debug|x86.Build.0 = Debug|Any CPU
		{8F7AA182-4EE4-49FD-8304-81D9CF106881}.Release|Any CPU.ActiveCfg = Release|Any CPU
		{8F7AA182-4EE4-49FD-8304-81D9CF106881}.Release|Any CPU.Build.0 = Release|Any CPU
		{8F7AA182-4EE4-49FD-8304-81D9CF106881}.Release|x64.ActiveCfg = Release|Any CPU
		{8F7AA182-4EE4-49FD-8304-81D9CF106881}.Release|x64.Build.0 = Release|Any CPU
		{8F7AA182-4EE4-49FD-8304-81D9CF106881}.Release|x86.ActiveCfg = Release|Any CPU
		{8F7AA182-4EE4-49FD-8304-81D9CF106881}.Release|x86.Build.0 = Release|Any CPU
		{23EBE066-E2B4-49FE-8800-D69FDEA4C8F1}.Debug|Any CPU.ActiveCfg = Debug|Any CPU
		{23EBE066-E2B4-49FE-8800-D69FDEA4C8F1}.Debug|Any CPU.Build.0 = Debug|Any CPU
		{23EBE066-E2B4-49FE-8800-D69FDEA4C8F1}.Debug|x64.ActiveCfg = Debug|Any CPU
		{23EBE066-E2B4-49FE-8800-D69FDEA4C8F1}.Debug|x64.Build.0 = Debug|Any CPU
		{23EBE066-E2B4-49FE-8800-D69FDEA4C8F1}.Debug|x86.ActiveCfg = Debug|Any CPU
		{23EBE066-E2B4-49FE-8800-D69FDEA4C8F1}.Debug|x86.Build.0 = Debug|Any CPU
		{23EBE066-E2B4-49FE-8800-D69FDEA4C8F1}.Release|Any CPU.ActiveCfg = Release|Any CPU
		{23EBE066-E2B4-49FE-8800-D69FDEA4C8F1}.Release|Any CPU.Build.0 = Release|Any CPU
		{23EBE066-E2B4-49FE-8800-D69FDEA4C8F1}.Release|x64.ActiveCfg = Release|Any CPU
		{23EBE066-E2B4-49FE-8800-D69FDEA4C8F1}.Release|x64.Build.0 = Release|Any CPU
		{23EBE066-E2B4-49FE-8800-D69FDEA4C8F1}.Release|x86.ActiveCfg = Release|Any CPU
		{23EBE066-E2B4-49FE-8800-D69FDEA4C8F1}.Release|x86.Build.0 = Release|Any CPU
		{F3825839-4639-4496-B2D6-FFD64042F672}.Debug|Any CPU.ActiveCfg = Debug|Any CPU
		{F3825839-4639-4496-B2D6-FFD64042F672}.Debug|Any CPU.Build.0 = Debug|Any CPU
		{F3825839-4639-4496-B2D6-FFD64042F672}.Debug|x64.ActiveCfg = Debug|Any CPU
		{F3825839-4639-4496-B2D6-FFD64042F672}.Debug|x64.Build.0 = Debug|Any CPU
		{F3825839-4639-4496-B2D6-FFD64042F672}.Debug|x86.ActiveCfg = Debug|Any CPU
		{F3825839-4639-4496-B2D6-FFD64042F672}.Debug|x86.Build.0 = Debug|Any CPU
		{F3825839-4639-4496-B2D6-FFD64042F672}.Release|Any CPU.ActiveCfg = Release|Any CPU
		{F3825839-4639-4496-B2D6-FFD64042F672}.Release|Any CPU.Build.0 = Release|Any CPU
		{F3825839-4639-4496-B2D6-FFD64042F672}.Release|x64.ActiveCfg = Release|Any CPU
		{F3825839-4639-4496-B2D6-FFD64042F672}.Release|x64.Build.0 = Release|Any CPU
		{F3825839-4639-4496-B2D6-FFD64042F672}.Release|x86.ActiveCfg = Release|Any CPU
		{F3825839-4639-4496-B2D6-FFD64042F672}.Release|x86.Build.0 = Release|Any CPU
		{2B7795F0-8E1C-41A7-BFC0-EF4DFF00A631}.Debug|Any CPU.ActiveCfg = Debug|Any CPU
		{2B7795F0-8E1C-41A7-BFC0-EF4DFF00A631}.Debug|Any CPU.Build.0 = Debug|Any CPU
		{2B7795F0-8E1C-41A7-BFC0-EF4DFF00A631}.Debug|x64.ActiveCfg = Debug|Any CPU
		{2B7795F0-8E1C-41A7-BFC0-EF4DFF00A631}.Debug|x64.Build.0 = Debug|Any CPU
		{2B7795F0-8E1C-41A7-BFC0-EF4DFF00A631}.Debug|x86.ActiveCfg = Debug|Any CPU
		{2B7795F0-8E1C-41A7-BFC0-EF4DFF00A631}.Debug|x86.Build.0 = Debug|Any CPU
		{2B7795F0-8E1C-41A7-BFC0-EF4DFF00A631}.Release|Any CPU.ActiveCfg = Release|Any CPU
		{2B7795F0-8E1C-41A7-BFC0-EF4DFF00A631}.Release|Any CPU.Build.0 = Release|Any CPU
		{2B7795F0-8E1C-41A7-BFC0-EF4DFF00A631}.Release|x64.ActiveCfg = Release|Any CPU
		{2B7795F0-8E1C-41A7-BFC0-EF4DFF00A631}.Release|x64.Build.0 = Release|Any CPU
		{2B7795F0-8E1C-41A7-BFC0-EF4DFF00A631}.Release|x86.ActiveCfg = Release|Any CPU
		{2B7795F0-8E1C-41A7-BFC0-EF4DFF00A631}.Release|x86.Build.0 = Release|Any CPU
		{713DAA9E-9A2C-4857-AA86-F85E955B70DA}.Debug|Any CPU.ActiveCfg = Debug|Any CPU
		{713DAA9E-9A2C-4857-AA86-F85E955B70DA}.Debug|Any CPU.Build.0 = Debug|Any CPU
		{713DAA9E-9A2C-4857-AA86-F85E955B70DA}.Debug|x64.ActiveCfg = Debug|Any CPU
		{713DAA9E-9A2C-4857-AA86-F85E955B70DA}.Debug|x64.Build.0 = Debug|Any CPU
		{713DAA9E-9A2C-4857-AA86-F85E955B70DA}.Debug|x86.ActiveCfg = Debug|Any CPU
		{713DAA9E-9A2C-4857-AA86-F85E955B70DA}.Debug|x86.Build.0 = Debug|Any CPU
		{713DAA9E-9A2C-4857-AA86-F85E955B70DA}.Release|Any CPU.ActiveCfg = Release|Any CPU
		{713DAA9E-9A2C-4857-AA86-F85E955B70DA}.Release|Any CPU.Build.0 = Release|Any CPU
		{713DAA9E-9A2C-4857-AA86-F85E955B70DA}.Release|x64.ActiveCfg = Release|Any CPU
		{713DAA9E-9A2C-4857-AA86-F85E955B70DA}.Release|x64.Build.0 = Release|Any CPU
		{713DAA9E-9A2C-4857-AA86-F85E955B70DA}.Release|x86.ActiveCfg = Release|Any CPU
		{713DAA9E-9A2C-4857-AA86-F85E955B70DA}.Release|x86.Build.0 = Release|Any CPU
		{C402F802-3896-4169-8FAB-4F53219874F2}.Debug|Any CPU.ActiveCfg = Debug|Any CPU
		{C402F802-3896-4169-8FAB-4F53219874F2}.Debug|Any CPU.Build.0 = Debug|Any CPU
		{C402F802-3896-4169-8FAB-4F53219874F2}.Debug|x64.ActiveCfg = Debug|Any CPU
		{C402F802-3896-4169-8FAB-4F53219874F2}.Debug|x64.Build.0 = Debug|Any CPU
		{C402F802-3896-4169-8FAB-4F53219874F2}.Debug|x86.ActiveCfg = Debug|Any CPU
		{C402F802-3896-4169-8FAB-4F53219874F2}.Debug|x86.Build.0 = Debug|Any CPU
		{C402F802-3896-4169-8FAB-4F53219874F2}.Release|Any CPU.ActiveCfg = Release|Any CPU
		{C402F802-3896-4169-8FAB-4F53219874F2}.Release|Any CPU.Build.0 = Release|Any CPU
		{C402F802-3896-4169-8FAB-4F53219874F2}.Release|x64.ActiveCfg = Release|Any CPU
		{C402F802-3896-4169-8FAB-4F53219874F2}.Release|x64.Build.0 = Release|Any CPU
		{C402F802-3896-4169-8FAB-4F53219874F2}.Release|x86.ActiveCfg = Release|Any CPU
		{C402F802-3896-4169-8FAB-4F53219874F2}.Release|x86.Build.0 = Release|Any CPU
		{E83AC8E6-0128-4E04-8555-0F807C4ACAD0}.Debug|Any CPU.ActiveCfg = Debug|Any CPU
		{E83AC8E6-0128-4E04-8555-0F807C4ACAD0}.Debug|Any CPU.Build.0 = Debug|Any CPU
		{E83AC8E6-0128-4E04-8555-0F807C4ACAD0}.Debug|x64.ActiveCfg = Debug|Any CPU
		{E83AC8E6-0128-4E04-8555-0F807C4ACAD0}.Debug|x64.Build.0 = Debug|Any CPU
		{E83AC8E6-0128-4E04-8555-0F807C4ACAD0}.Debug|x86.ActiveCfg = Debug|Any CPU
		{E83AC8E6-0128-4E04-8555-0F807C4ACAD0}.Debug|x86.Build.0 = Debug|Any CPU
		{E83AC8E6-0128-4E04-8555-0F807C4ACAD0}.Release|Any CPU.ActiveCfg = Release|Any CPU
		{E83AC8E6-0128-4E04-8555-0F807C4ACAD0}.Release|Any CPU.Build.0 = Release|Any CPU
		{E83AC8E6-0128-4E04-8555-0F807C4ACAD0}.Release|x64.ActiveCfg = Release|Any CPU
		{E83AC8E6-0128-4E04-8555-0F807C4ACAD0}.Release|x64.Build.0 = Release|Any CPU
		{E83AC8E6-0128-4E04-8555-0F807C4ACAD0}.Release|x86.ActiveCfg = Release|Any CPU
		{E83AC8E6-0128-4E04-8555-0F807C4ACAD0}.Release|x86.Build.0 = Release|Any CPU
		{C9864468-07E4-4B50-B751-837F106163FB}.Debug|Any CPU.ActiveCfg = Debug|Any CPU
		{C9864468-07E4-4B50-B751-837F106163FB}.Debug|Any CPU.Build.0 = Debug|Any CPU
		{C9864468-07E4-4B50-B751-837F106163FB}.Debug|x64.ActiveCfg = Debug|Any CPU
		{C9864468-07E4-4B50-B751-837F106163FB}.Debug|x64.Build.0 = Debug|Any CPU
		{C9864468-07E4-4B50-B751-837F106163FB}.Debug|x86.ActiveCfg = Debug|Any CPU
		{C9864468-07E4-4B50-B751-837F106163FB}.Debug|x86.Build.0 = Debug|Any CPU
		{C9864468-07E4-4B50-B751-837F106163FB}.Release|Any CPU.ActiveCfg = Release|Any CPU
		{C9864468-07E4-4B50-B751-837F106163FB}.Release|Any CPU.Build.0 = Release|Any CPU
		{C9864468-07E4-4B50-B751-837F106163FB}.Release|x64.ActiveCfg = Release|Any CPU
		{C9864468-07E4-4B50-B751-837F106163FB}.Release|x64.Build.0 = Release|Any CPU
		{C9864468-07E4-4B50-B751-837F106163FB}.Release|x86.ActiveCfg = Release|Any CPU
		{C9864468-07E4-4B50-B751-837F106163FB}.Release|x86.Build.0 = Release|Any CPU
		{A3CD3120-143C-4667-8606-46DC055E9552}.Debug|Any CPU.ActiveCfg = Debug|Any CPU
		{A3CD3120-143C-4667-8606-46DC055E9552}.Debug|Any CPU.Build.0 = Debug|Any CPU
		{A3CD3120-143C-4667-8606-46DC055E9552}.Debug|x64.ActiveCfg = Debug|Any CPU
		{A3CD3120-143C-4667-8606-46DC055E9552}.Debug|x64.Build.0 = Debug|Any CPU
		{A3CD3120-143C-4667-8606-46DC055E9552}.Debug|x86.ActiveCfg = Debug|Any CPU
		{A3CD3120-143C-4667-8606-46DC055E9552}.Debug|x86.Build.0 = Debug|Any CPU
		{A3CD3120-143C-4667-8606-46DC055E9552}.Release|Any CPU.ActiveCfg = Release|Any CPU
		{A3CD3120-143C-4667-8606-46DC055E9552}.Release|Any CPU.Build.0 = Release|Any CPU
		{A3CD3120-143C-4667-8606-46DC055E9552}.Release|x64.ActiveCfg = Release|Any CPU
		{A3CD3120-143C-4667-8606-46DC055E9552}.Release|x64.Build.0 = Release|Any CPU
		{A3CD3120-143C-4667-8606-46DC055E9552}.Release|x86.ActiveCfg = Release|Any CPU
		{A3CD3120-143C-4667-8606-46DC055E9552}.Release|x86.Build.0 = Release|Any CPU
		{A333DD31-6BFE-4FDC-B8E7-66E7167FF6DE}.Debug|Any CPU.ActiveCfg = Debug|Any CPU
		{A333DD31-6BFE-4FDC-B8E7-66E7167FF6DE}.Debug|Any CPU.Build.0 = Debug|Any CPU
		{A333DD31-6BFE-4FDC-B8E7-66E7167FF6DE}.Debug|x64.ActiveCfg = Debug|Any CPU
		{A333DD31-6BFE-4FDC-B8E7-66E7167FF6DE}.Debug|x64.Build.0 = Debug|Any CPU
		{A333DD31-6BFE-4FDC-B8E7-66E7167FF6DE}.Debug|x86.ActiveCfg = Debug|Any CPU
		{A333DD31-6BFE-4FDC-B8E7-66E7167FF6DE}.Debug|x86.Build.0 = Debug|Any CPU
		{A333DD31-6BFE-4FDC-B8E7-66E7167FF6DE}.Release|Any CPU.ActiveCfg = Release|Any CPU
		{A333DD31-6BFE-4FDC-B8E7-66E7167FF6DE}.Release|Any CPU.Build.0 = Release|Any CPU
		{A333DD31-6BFE-4FDC-B8E7-66E7167FF6DE}.Release|x64.ActiveCfg = Release|Any CPU
		{A333DD31-6BFE-4FDC-B8E7-66E7167FF6DE}.Release|x64.Build.0 = Release|Any CPU
		{A333DD31-6BFE-4FDC-B8E7-66E7167FF6DE}.Release|x86.ActiveCfg = Release|Any CPU
		{A333DD31-6BFE-4FDC-B8E7-66E7167FF6DE}.Release|x86.Build.0 = Release|Any CPU
		{6D6D275B-FB2A-4A08-A08B-9044FBB26523}.Debug|Any CPU.ActiveCfg = Debug|Any CPU
		{6D6D275B-FB2A-4A08-A08B-9044FBB26523}.Debug|Any CPU.Build.0 = Debug|Any CPU
		{6D6D275B-FB2A-4A08-A08B-9044FBB26523}.Debug|x64.ActiveCfg = Debug|Any CPU
		{6D6D275B-FB2A-4A08-A08B-9044FBB26523}.Debug|x64.Build.0 = Debug|Any CPU
		{6D6D275B-FB2A-4A08-A08B-9044FBB26523}.Debug|x86.ActiveCfg = Debug|Any CPU
		{6D6D275B-FB2A-4A08-A08B-9044FBB26523}.Debug|x86.Build.0 = Debug|Any CPU
		{6D6D275B-FB2A-4A08-A08B-9044FBB26523}.Release|Any CPU.ActiveCfg = Release|Any CPU
		{6D6D275B-FB2A-4A08-A08B-9044FBB26523}.Release|Any CPU.Build.0 = Release|Any CPU
		{6D6D275B-FB2A-4A08-A08B-9044FBB26523}.Release|x64.ActiveCfg = Release|Any CPU
		{6D6D275B-FB2A-4A08-A08B-9044FBB26523}.Release|x64.Build.0 = Release|Any CPU
		{6D6D275B-FB2A-4A08-A08B-9044FBB26523}.Release|x86.ActiveCfg = Release|Any CPU
		{6D6D275B-FB2A-4A08-A08B-9044FBB26523}.Release|x86.Build.0 = Release|Any CPU
		{0D14B50D-8FA5-4031-84FB-B4ED539D0DA5}.Debug|Any CPU.ActiveCfg = Debug|Any CPU
		{0D14B50D-8FA5-4031-84FB-B4ED539D0DA5}.Debug|Any CPU.Build.0 = Debug|Any CPU
		{0D14B50D-8FA5-4031-84FB-B4ED539D0DA5}.Debug|x64.ActiveCfg = Debug|Any CPU
		{0D14B50D-8FA5-4031-84FB-B4ED539D0DA5}.Debug|x64.Build.0 = Debug|Any CPU
		{0D14B50D-8FA5-4031-84FB-B4ED539D0DA5}.Debug|x86.ActiveCfg = Debug|Any CPU
		{0D14B50D-8FA5-4031-84FB-B4ED539D0DA5}.Debug|x86.Build.0 = Debug|Any CPU
		{0D14B50D-8FA5-4031-84FB-B4ED539D0DA5}.Release|Any CPU.ActiveCfg = Release|Any CPU
		{0D14B50D-8FA5-4031-84FB-B4ED539D0DA5}.Release|Any CPU.Build.0 = Release|Any CPU
		{0D14B50D-8FA5-4031-84FB-B4ED539D0DA5}.Release|x64.ActiveCfg = Release|Any CPU
		{0D14B50D-8FA5-4031-84FB-B4ED539D0DA5}.Release|x64.Build.0 = Release|Any CPU
		{0D14B50D-8FA5-4031-84FB-B4ED539D0DA5}.Release|x86.ActiveCfg = Release|Any CPU
		{0D14B50D-8FA5-4031-84FB-B4ED539D0DA5}.Release|x86.Build.0 = Release|Any CPU
		{E858EAB2-4BFE-435C-B5A6-D545B7922231}.Debug|Any CPU.ActiveCfg = Debug|Any CPU
		{E858EAB2-4BFE-435C-B5A6-D545B7922231}.Debug|Any CPU.Build.0 = Debug|Any CPU
		{E858EAB2-4BFE-435C-B5A6-D545B7922231}.Debug|x64.ActiveCfg = Debug|Any CPU
		{E858EAB2-4BFE-435C-B5A6-D545B7922231}.Debug|x64.Build.0 = Debug|Any CPU
		{E858EAB2-4BFE-435C-B5A6-D545B7922231}.Debug|x86.ActiveCfg = Debug|Any CPU
		{E858EAB2-4BFE-435C-B5A6-D545B7922231}.Debug|x86.Build.0 = Debug|Any CPU
		{E858EAB2-4BFE-435C-B5A6-D545B7922231}.Release|Any CPU.ActiveCfg = Release|Any CPU
		{E858EAB2-4BFE-435C-B5A6-D545B7922231}.Release|Any CPU.Build.0 = Release|Any CPU
		{E858EAB2-4BFE-435C-B5A6-D545B7922231}.Release|x64.ActiveCfg = Release|Any CPU
		{E858EAB2-4BFE-435C-B5A6-D545B7922231}.Release|x64.Build.0 = Release|Any CPU
		{E858EAB2-4BFE-435C-B5A6-D545B7922231}.Release|x86.ActiveCfg = Release|Any CPU
		{E858EAB2-4BFE-435C-B5A6-D545B7922231}.Release|x86.Build.0 = Release|Any CPU
		{70F31FC7-53C2-4D8B-87A4-03419FE1B868}.Debug|Any CPU.ActiveCfg = Debug|Any CPU
		{70F31FC7-53C2-4D8B-87A4-03419FE1B868}.Debug|Any CPU.Build.0 = Debug|Any CPU
		{70F31FC7-53C2-4D8B-87A4-03419FE1B868}.Debug|x64.ActiveCfg = Debug|Any CPU
		{70F31FC7-53C2-4D8B-87A4-03419FE1B868}.Debug|x64.Build.0 = Debug|Any CPU
		{70F31FC7-53C2-4D8B-87A4-03419FE1B868}.Debug|x86.ActiveCfg = Debug|Any CPU
		{70F31FC7-53C2-4D8B-87A4-03419FE1B868}.Debug|x86.Build.0 = Debug|Any CPU
		{70F31FC7-53C2-4D8B-87A4-03419FE1B868}.Release|Any CPU.ActiveCfg = Release|Any CPU
		{70F31FC7-53C2-4D8B-87A4-03419FE1B868}.Release|Any CPU.Build.0 = Release|Any CPU
		{70F31FC7-53C2-4D8B-87A4-03419FE1B868}.Release|x64.ActiveCfg = Release|Any CPU
		{70F31FC7-53C2-4D8B-87A4-03419FE1B868}.Release|x64.Build.0 = Release|Any CPU
		{70F31FC7-53C2-4D8B-87A4-03419FE1B868}.Release|x86.ActiveCfg = Release|Any CPU
		{70F31FC7-53C2-4D8B-87A4-03419FE1B868}.Release|x86.Build.0 = Release|Any CPU
		{B3743938-313C-408F-B5F2-2D94106C1B00}.Debug|Any CPU.ActiveCfg = Debug|Any CPU
		{B3743938-313C-408F-B5F2-2D94106C1B00}.Debug|Any CPU.Build.0 = Debug|Any CPU
		{B3743938-313C-408F-B5F2-2D94106C1B00}.Debug|x64.ActiveCfg = Debug|Any CPU
		{B3743938-313C-408F-B5F2-2D94106C1B00}.Debug|x64.Build.0 = Debug|Any CPU
		{B3743938-313C-408F-B5F2-2D94106C1B00}.Debug|x86.ActiveCfg = Debug|Any CPU
		{B3743938-313C-408F-B5F2-2D94106C1B00}.Debug|x86.Build.0 = Debug|Any CPU
		{B3743938-313C-408F-B5F2-2D94106C1B00}.Release|Any CPU.ActiveCfg = Release|Any CPU
		{B3743938-313C-408F-B5F2-2D94106C1B00}.Release|Any CPU.Build.0 = Release|Any CPU
		{B3743938-313C-408F-B5F2-2D94106C1B00}.Release|x64.ActiveCfg = Release|Any CPU
		{B3743938-313C-408F-B5F2-2D94106C1B00}.Release|x64.Build.0 = Release|Any CPU
		{B3743938-313C-408F-B5F2-2D94106C1B00}.Release|x86.ActiveCfg = Release|Any CPU
		{B3743938-313C-408F-B5F2-2D94106C1B00}.Release|x86.Build.0 = Release|Any CPU
		{B0FE214B-9315-416D-A3D7-DA86D8EF0AB1}.Debug|Any CPU.ActiveCfg = Debug|Any CPU
		{B0FE214B-9315-416D-A3D7-DA86D8EF0AB1}.Debug|Any CPU.Build.0 = Debug|Any CPU
		{B0FE214B-9315-416D-A3D7-DA86D8EF0AB1}.Debug|x64.ActiveCfg = Debug|Any CPU
		{B0FE214B-9315-416D-A3D7-DA86D8EF0AB1}.Debug|x64.Build.0 = Debug|Any CPU
		{B0FE214B-9315-416D-A3D7-DA86D8EF0AB1}.Debug|x86.ActiveCfg = Debug|Any CPU
		{B0FE214B-9315-416D-A3D7-DA86D8EF0AB1}.Debug|x86.Build.0 = Debug|Any CPU
		{B0FE214B-9315-416D-A3D7-DA86D8EF0AB1}.Release|Any CPU.ActiveCfg = Release|Any CPU
		{B0FE214B-9315-416D-A3D7-DA86D8EF0AB1}.Release|Any CPU.Build.0 = Release|Any CPU
		{B0FE214B-9315-416D-A3D7-DA86D8EF0AB1}.Release|x64.ActiveCfg = Release|Any CPU
		{B0FE214B-9315-416D-A3D7-DA86D8EF0AB1}.Release|x64.Build.0 = Release|Any CPU
		{B0FE214B-9315-416D-A3D7-DA86D8EF0AB1}.Release|x86.ActiveCfg = Release|Any CPU
		{B0FE214B-9315-416D-A3D7-DA86D8EF0AB1}.Release|x86.Build.0 = Release|Any CPU
		{449ED431-E06F-40FF-B65F-268F0DB49726}.Debug|Any CPU.ActiveCfg = Debug|Any CPU
		{449ED431-E06F-40FF-B65F-268F0DB49726}.Debug|Any CPU.Build.0 = Debug|Any CPU
		{449ED431-E06F-40FF-B65F-268F0DB49726}.Debug|x64.ActiveCfg = Debug|Any CPU
		{449ED431-E06F-40FF-B65F-268F0DB49726}.Debug|x64.Build.0 = Debug|Any CPU
		{449ED431-E06F-40FF-B65F-268F0DB49726}.Debug|x86.ActiveCfg = Debug|Any CPU
		{449ED431-E06F-40FF-B65F-268F0DB49726}.Debug|x86.Build.0 = Debug|Any CPU
		{449ED431-E06F-40FF-B65F-268F0DB49726}.Release|Any CPU.ActiveCfg = Release|Any CPU
		{449ED431-E06F-40FF-B65F-268F0DB49726}.Release|Any CPU.Build.0 = Release|Any CPU
		{449ED431-E06F-40FF-B65F-268F0DB49726}.Release|x64.ActiveCfg = Release|Any CPU
		{449ED431-E06F-40FF-B65F-268F0DB49726}.Release|x64.Build.0 = Release|Any CPU
		{449ED431-E06F-40FF-B65F-268F0DB49726}.Release|x86.ActiveCfg = Release|Any CPU
		{449ED431-E06F-40FF-B65F-268F0DB49726}.Release|x86.Build.0 = Release|Any CPU
		{9D2F5F69-CD00-4BE9-AEE9-7CBD25983E7E}.Debug|Any CPU.ActiveCfg = Debug|Any CPU
		{9D2F5F69-CD00-4BE9-AEE9-7CBD25983E7E}.Debug|Any CPU.Build.0 = Debug|Any CPU
		{9D2F5F69-CD00-4BE9-AEE9-7CBD25983E7E}.Debug|x64.ActiveCfg = Debug|Any CPU
		{9D2F5F69-CD00-4BE9-AEE9-7CBD25983E7E}.Debug|x64.Build.0 = Debug|Any CPU
		{9D2F5F69-CD00-4BE9-AEE9-7CBD25983E7E}.Debug|x86.ActiveCfg = Debug|Any CPU
		{9D2F5F69-CD00-4BE9-AEE9-7CBD25983E7E}.Debug|x86.Build.0 = Debug|Any CPU
		{9D2F5F69-CD00-4BE9-AEE9-7CBD25983E7E}.Release|Any CPU.ActiveCfg = Release|Any CPU
		{9D2F5F69-CD00-4BE9-AEE9-7CBD25983E7E}.Release|Any CPU.Build.0 = Release|Any CPU
		{9D2F5F69-CD00-4BE9-AEE9-7CBD25983E7E}.Release|x64.ActiveCfg = Release|Any CPU
		{9D2F5F69-CD00-4BE9-AEE9-7CBD25983E7E}.Release|x64.Build.0 = Release|Any CPU
		{9D2F5F69-CD00-4BE9-AEE9-7CBD25983E7E}.Release|x86.ActiveCfg = Release|Any CPU
		{9D2F5F69-CD00-4BE9-AEE9-7CBD25983E7E}.Release|x86.Build.0 = Release|Any CPU
		{542D50D1-3DE3-4143-A794-65F6613DACA0}.Debug|Any CPU.ActiveCfg = Debug|Any CPU
		{542D50D1-3DE3-4143-A794-65F6613DACA0}.Debug|Any CPU.Build.0 = Debug|Any CPU
		{542D50D1-3DE3-4143-A794-65F6613DACA0}.Debug|x64.ActiveCfg = Debug|Any CPU
		{542D50D1-3DE3-4143-A794-65F6613DACA0}.Debug|x64.Build.0 = Debug|Any CPU
		{542D50D1-3DE3-4143-A794-65F6613DACA0}.Debug|x86.ActiveCfg = Debug|Any CPU
		{542D50D1-3DE3-4143-A794-65F6613DACA0}.Debug|x86.Build.0 = Debug|Any CPU
		{542D50D1-3DE3-4143-A794-65F6613DACA0}.Release|Any CPU.ActiveCfg = Release|Any CPU
		{542D50D1-3DE3-4143-A794-65F6613DACA0}.Release|Any CPU.Build.0 = Release|Any CPU
		{542D50D1-3DE3-4143-A794-65F6613DACA0}.Release|x64.ActiveCfg = Release|Any CPU
		{542D50D1-3DE3-4143-A794-65F6613DACA0}.Release|x64.Build.0 = Release|Any CPU
		{542D50D1-3DE3-4143-A794-65F6613DACA0}.Release|x86.ActiveCfg = Release|Any CPU
		{542D50D1-3DE3-4143-A794-65F6613DACA0}.Release|x86.Build.0 = Release|Any CPU
		{6B4AF4CF-C86B-477F-AC20-A2D87F5E0B83}.Debug|Any CPU.ActiveCfg = Debug|Any CPU
		{6B4AF4CF-C86B-477F-AC20-A2D87F5E0B83}.Debug|Any CPU.Build.0 = Debug|Any CPU
		{6B4AF4CF-C86B-477F-AC20-A2D87F5E0B83}.Debug|x64.ActiveCfg = Debug|Any CPU
		{6B4AF4CF-C86B-477F-AC20-A2D87F5E0B83}.Debug|x64.Build.0 = Debug|Any CPU
		{6B4AF4CF-C86B-477F-AC20-A2D87F5E0B83}.Debug|x86.ActiveCfg = Debug|Any CPU
		{6B4AF4CF-C86B-477F-AC20-A2D87F5E0B83}.Debug|x86.Build.0 = Debug|Any CPU
		{6B4AF4CF-C86B-477F-AC20-A2D87F5E0B83}.Release|Any CPU.ActiveCfg = Release|Any CPU
		{6B4AF4CF-C86B-477F-AC20-A2D87F5E0B83}.Release|Any CPU.Build.0 = Release|Any CPU
		{6B4AF4CF-C86B-477F-AC20-A2D87F5E0B83}.Release|x64.ActiveCfg = Release|Any CPU
		{6B4AF4CF-C86B-477F-AC20-A2D87F5E0B83}.Release|x64.Build.0 = Release|Any CPU
		{6B4AF4CF-C86B-477F-AC20-A2D87F5E0B83}.Release|x86.ActiveCfg = Release|Any CPU
		{6B4AF4CF-C86B-477F-AC20-A2D87F5E0B83}.Release|x86.Build.0 = Release|Any CPU
		{7EF90D5B-5695-4DE0-A6E0-F9F90FD5140C}.Debug|Any CPU.ActiveCfg = Debug|Any CPU
		{7EF90D5B-5695-4DE0-A6E0-F9F90FD5140C}.Debug|Any CPU.Build.0 = Debug|Any CPU
		{7EF90D5B-5695-4DE0-A6E0-F9F90FD5140C}.Debug|x64.ActiveCfg = Debug|Any CPU
		{7EF90D5B-5695-4DE0-A6E0-F9F90FD5140C}.Debug|x64.Build.0 = Debug|Any CPU
		{7EF90D5B-5695-4DE0-A6E0-F9F90FD5140C}.Debug|x86.ActiveCfg = Debug|Any CPU
		{7EF90D5B-5695-4DE0-A6E0-F9F90FD5140C}.Debug|x86.Build.0 = Debug|Any CPU
		{7EF90D5B-5695-4DE0-A6E0-F9F90FD5140C}.Release|Any CPU.ActiveCfg = Release|Any CPU
		{7EF90D5B-5695-4DE0-A6E0-F9F90FD5140C}.Release|Any CPU.Build.0 = Release|Any CPU
		{7EF90D5B-5695-4DE0-A6E0-F9F90FD5140C}.Release|x64.ActiveCfg = Release|Any CPU
		{7EF90D5B-5695-4DE0-A6E0-F9F90FD5140C}.Release|x64.Build.0 = Release|Any CPU
		{7EF90D5B-5695-4DE0-A6E0-F9F90FD5140C}.Release|x86.ActiveCfg = Release|Any CPU
		{7EF90D5B-5695-4DE0-A6E0-F9F90FD5140C}.Release|x86.Build.0 = Release|Any CPU
		{DFBA851E-7452-49EE-B014-91503BF92CEF}.Debug|Any CPU.ActiveCfg = Debug|Any CPU
		{DFBA851E-7452-49EE-B014-91503BF92CEF}.Debug|Any CPU.Build.0 = Debug|Any CPU
		{DFBA851E-7452-49EE-B014-91503BF92CEF}.Debug|x64.ActiveCfg = Debug|Any CPU
		{DFBA851E-7452-49EE-B014-91503BF92CEF}.Debug|x64.Build.0 = Debug|Any CPU
		{DFBA851E-7452-49EE-B014-91503BF92CEF}.Debug|x86.ActiveCfg = Debug|Any CPU
		{DFBA851E-7452-49EE-B014-91503BF92CEF}.Debug|x86.Build.0 = Debug|Any CPU
		{DFBA851E-7452-49EE-B014-91503BF92CEF}.Release|Any CPU.ActiveCfg = Release|Any CPU
		{DFBA851E-7452-49EE-B014-91503BF92CEF}.Release|Any CPU.Build.0 = Release|Any CPU
		{DFBA851E-7452-49EE-B014-91503BF92CEF}.Release|x64.ActiveCfg = Release|Any CPU
		{DFBA851E-7452-49EE-B014-91503BF92CEF}.Release|x64.Build.0 = Release|Any CPU
		{DFBA851E-7452-49EE-B014-91503BF92CEF}.Release|x86.ActiveCfg = Release|Any CPU
		{DFBA851E-7452-49EE-B014-91503BF92CEF}.Release|x86.Build.0 = Release|Any CPU
		{DE7C191A-388D-47F8-B9B2-14DBA7A4CA52}.Debug|Any CPU.ActiveCfg = Debug|Any CPU
		{DE7C191A-388D-47F8-B9B2-14DBA7A4CA52}.Debug|Any CPU.Build.0 = Debug|Any CPU
		{DE7C191A-388D-47F8-B9B2-14DBA7A4CA52}.Debug|x64.ActiveCfg = Debug|Any CPU
		{DE7C191A-388D-47F8-B9B2-14DBA7A4CA52}.Debug|x64.Build.0 = Debug|Any CPU
		{DE7C191A-388D-47F8-B9B2-14DBA7A4CA52}.Debug|x86.ActiveCfg = Debug|Any CPU
		{DE7C191A-388D-47F8-B9B2-14DBA7A4CA52}.Debug|x86.Build.0 = Debug|Any CPU
		{DE7C191A-388D-47F8-B9B2-14DBA7A4CA52}.Release|Any CPU.ActiveCfg = Release|Any CPU
		{DE7C191A-388D-47F8-B9B2-14DBA7A4CA52}.Release|Any CPU.Build.0 = Release|Any CPU
		{DE7C191A-388D-47F8-B9B2-14DBA7A4CA52}.Release|x64.ActiveCfg = Release|Any CPU
		{DE7C191A-388D-47F8-B9B2-14DBA7A4CA52}.Release|x64.Build.0 = Release|Any CPU
		{DE7C191A-388D-47F8-B9B2-14DBA7A4CA52}.Release|x86.ActiveCfg = Release|Any CPU
		{DE7C191A-388D-47F8-B9B2-14DBA7A4CA52}.Release|x86.Build.0 = Release|Any CPU
		{1B2B8EEB-EEC6-49B8-B6EE-9432E58D2B97}.Debug|Any CPU.ActiveCfg = Debug|Any CPU
		{1B2B8EEB-EEC6-49B8-B6EE-9432E58D2B97}.Debug|Any CPU.Build.0 = Debug|Any CPU
		{1B2B8EEB-EEC6-49B8-B6EE-9432E58D2B97}.Debug|x64.ActiveCfg = Debug|Any CPU
		{1B2B8EEB-EEC6-49B8-B6EE-9432E58D2B97}.Debug|x64.Build.0 = Debug|Any CPU
		{1B2B8EEB-EEC6-49B8-B6EE-9432E58D2B97}.Debug|x86.ActiveCfg = Debug|Any CPU
		{1B2B8EEB-EEC6-49B8-B6EE-9432E58D2B97}.Debug|x86.Build.0 = Debug|Any CPU
		{1B2B8EEB-EEC6-49B8-B6EE-9432E58D2B97}.Release|Any CPU.ActiveCfg = Release|Any CPU
		{1B2B8EEB-EEC6-49B8-B6EE-9432E58D2B97}.Release|Any CPU.Build.0 = Release|Any CPU
		{1B2B8EEB-EEC6-49B8-B6EE-9432E58D2B97}.Release|x64.ActiveCfg = Release|Any CPU
		{1B2B8EEB-EEC6-49B8-B6EE-9432E58D2B97}.Release|x64.Build.0 = Release|Any CPU
		{1B2B8EEB-EEC6-49B8-B6EE-9432E58D2B97}.Release|x86.ActiveCfg = Release|Any CPU
		{1B2B8EEB-EEC6-49B8-B6EE-9432E58D2B97}.Release|x86.Build.0 = Release|Any CPU
		{E7A69860-CDD2-41E6-989F-D140B442B485}.Debug|Any CPU.ActiveCfg = Debug|Any CPU
		{E7A69860-CDD2-41E6-989F-D140B442B485}.Debug|Any CPU.Build.0 = Debug|Any CPU
		{E7A69860-CDD2-41E6-989F-D140B442B485}.Debug|x64.ActiveCfg = Debug|Any CPU
		{E7A69860-CDD2-41E6-989F-D140B442B485}.Debug|x64.Build.0 = Debug|Any CPU
		{E7A69860-CDD2-41E6-989F-D140B442B485}.Debug|x86.ActiveCfg = Debug|Any CPU
		{E7A69860-CDD2-41E6-989F-D140B442B485}.Debug|x86.Build.0 = Debug|Any CPU
		{E7A69860-CDD2-41E6-989F-D140B442B485}.Release|Any CPU.ActiveCfg = Release|Any CPU
		{E7A69860-CDD2-41E6-989F-D140B442B485}.Release|Any CPU.Build.0 = Release|Any CPU
		{E7A69860-CDD2-41E6-989F-D140B442B485}.Release|x64.ActiveCfg = Release|Any CPU
		{E7A69860-CDD2-41E6-989F-D140B442B485}.Release|x64.Build.0 = Release|Any CPU
		{E7A69860-CDD2-41E6-989F-D140B442B485}.Release|x86.ActiveCfg = Release|Any CPU
		{E7A69860-CDD2-41E6-989F-D140B442B485}.Release|x86.Build.0 = Release|Any CPU
		{9DD1C781-0864-4D1D-A50E-9DA57B441E80}.Debug|Any CPU.ActiveCfg = Debug|Any CPU
		{9DD1C781-0864-4D1D-A50E-9DA57B441E80}.Debug|Any CPU.Build.0 = Debug|Any CPU
		{9DD1C781-0864-4D1D-A50E-9DA57B441E80}.Debug|x64.ActiveCfg = Debug|Any CPU
		{9DD1C781-0864-4D1D-A50E-9DA57B441E80}.Debug|x64.Build.0 = Debug|Any CPU
		{9DD1C781-0864-4D1D-A50E-9DA57B441E80}.Debug|x86.ActiveCfg = Debug|Any CPU
		{9DD1C781-0864-4D1D-A50E-9DA57B441E80}.Debug|x86.Build.0 = Debug|Any CPU
		{9DD1C781-0864-4D1D-A50E-9DA57B441E80}.Release|Any CPU.ActiveCfg = Release|Any CPU
		{9DD1C781-0864-4D1D-A50E-9DA57B441E80}.Release|Any CPU.Build.0 = Release|Any CPU
		{9DD1C781-0864-4D1D-A50E-9DA57B441E80}.Release|x64.ActiveCfg = Release|Any CPU
		{9DD1C781-0864-4D1D-A50E-9DA57B441E80}.Release|x64.Build.0 = Release|Any CPU
		{9DD1C781-0864-4D1D-A50E-9DA57B441E80}.Release|x86.ActiveCfg = Release|Any CPU
		{9DD1C781-0864-4D1D-A50E-9DA57B441E80}.Release|x86.Build.0 = Release|Any CPU
		{80B7DA4C-C56E-466A-A931-44162E800BED}.Debug|Any CPU.ActiveCfg = Debug|Any CPU
		{80B7DA4C-C56E-466A-A931-44162E800BED}.Debug|Any CPU.Build.0 = Debug|Any CPU
		{80B7DA4C-C56E-466A-A931-44162E800BED}.Debug|x64.ActiveCfg = Debug|Any CPU
		{80B7DA4C-C56E-466A-A931-44162E800BED}.Debug|x64.Build.0 = Debug|Any CPU
		{80B7DA4C-C56E-466A-A931-44162E800BED}.Debug|x86.ActiveCfg = Debug|Any CPU
		{80B7DA4C-C56E-466A-A931-44162E800BED}.Debug|x86.Build.0 = Debug|Any CPU
		{80B7DA4C-C56E-466A-A931-44162E800BED}.Release|Any CPU.ActiveCfg = Release|Any CPU
		{80B7DA4C-C56E-466A-A931-44162E800BED}.Release|Any CPU.Build.0 = Release|Any CPU
		{80B7DA4C-C56E-466A-A931-44162E800BED}.Release|x64.ActiveCfg = Release|Any CPU
		{80B7DA4C-C56E-466A-A931-44162E800BED}.Release|x64.Build.0 = Release|Any CPU
		{80B7DA4C-C56E-466A-A931-44162E800BED}.Release|x86.ActiveCfg = Release|Any CPU
		{80B7DA4C-C56E-466A-A931-44162E800BED}.Release|x86.Build.0 = Release|Any CPU
		{13989BE2-CB2A-42CB-A29F-867D73F78E4A}.Debug|Any CPU.ActiveCfg = Debug|Any CPU
		{13989BE2-CB2A-42CB-A29F-867D73F78E4A}.Debug|Any CPU.Build.0 = Debug|Any CPU
		{13989BE2-CB2A-42CB-A29F-867D73F78E4A}.Debug|x64.ActiveCfg = Debug|Any CPU
		{13989BE2-CB2A-42CB-A29F-867D73F78E4A}.Debug|x64.Build.0 = Debug|Any CPU
		{13989BE2-CB2A-42CB-A29F-867D73F78E4A}.Debug|x86.ActiveCfg = Debug|Any CPU
		{13989BE2-CB2A-42CB-A29F-867D73F78E4A}.Debug|x86.Build.0 = Debug|Any CPU
		{13989BE2-CB2A-42CB-A29F-867D73F78E4A}.Release|Any CPU.ActiveCfg = Release|Any CPU
		{13989BE2-CB2A-42CB-A29F-867D73F78E4A}.Release|Any CPU.Build.0 = Release|Any CPU
		{13989BE2-CB2A-42CB-A29F-867D73F78E4A}.Release|x64.ActiveCfg = Release|Any CPU
		{13989BE2-CB2A-42CB-A29F-867D73F78E4A}.Release|x64.Build.0 = Release|Any CPU
		{13989BE2-CB2A-42CB-A29F-867D73F78E4A}.Release|x86.ActiveCfg = Release|Any CPU
		{13989BE2-CB2A-42CB-A29F-867D73F78E4A}.Release|x86.Build.0 = Release|Any CPU
		{FA3D39AB-E030-4229-9E4F-A64E326531DB}.Debug|Any CPU.ActiveCfg = Debug|Any CPU
		{FA3D39AB-E030-4229-9E4F-A64E326531DB}.Debug|Any CPU.Build.0 = Debug|Any CPU
		{FA3D39AB-E030-4229-9E4F-A64E326531DB}.Debug|x64.ActiveCfg = Debug|Any CPU
		{FA3D39AB-E030-4229-9E4F-A64E326531DB}.Debug|x64.Build.0 = Debug|Any CPU
		{FA3D39AB-E030-4229-9E4F-A64E326531DB}.Debug|x86.ActiveCfg = Debug|Any CPU
		{FA3D39AB-E030-4229-9E4F-A64E326531DB}.Debug|x86.Build.0 = Debug|Any CPU
		{FA3D39AB-E030-4229-9E4F-A64E326531DB}.Release|Any CPU.ActiveCfg = Release|Any CPU
		{FA3D39AB-E030-4229-9E4F-A64E326531DB}.Release|Any CPU.Build.0 = Release|Any CPU
		{FA3D39AB-E030-4229-9E4F-A64E326531DB}.Release|x64.ActiveCfg = Release|Any CPU
		{FA3D39AB-E030-4229-9E4F-A64E326531DB}.Release|x64.Build.0 = Release|Any CPU
		{FA3D39AB-E030-4229-9E4F-A64E326531DB}.Release|x86.ActiveCfg = Release|Any CPU
		{FA3D39AB-E030-4229-9E4F-A64E326531DB}.Release|x86.Build.0 = Release|Any CPU
		{952A2550-1C2D-4539-81B6-E19453E7ECD0}.Debug|Any CPU.ActiveCfg = Debug|Any CPU
		{952A2550-1C2D-4539-81B6-E19453E7ECD0}.Debug|Any CPU.Build.0 = Debug|Any CPU
		{952A2550-1C2D-4539-81B6-E19453E7ECD0}.Debug|x64.ActiveCfg = Debug|Any CPU
		{952A2550-1C2D-4539-81B6-E19453E7ECD0}.Debug|x64.Build.0 = Debug|Any CPU
		{952A2550-1C2D-4539-81B6-E19453E7ECD0}.Debug|x86.ActiveCfg = Debug|Any CPU
		{952A2550-1C2D-4539-81B6-E19453E7ECD0}.Debug|x86.Build.0 = Debug|Any CPU
		{952A2550-1C2D-4539-81B6-E19453E7ECD0}.Release|Any CPU.ActiveCfg = Release|Any CPU
		{952A2550-1C2D-4539-81B6-E19453E7ECD0}.Release|Any CPU.Build.0 = Release|Any CPU
		{952A2550-1C2D-4539-81B6-E19453E7ECD0}.Release|x64.ActiveCfg = Release|Any CPU
		{952A2550-1C2D-4539-81B6-E19453E7ECD0}.Release|x64.Build.0 = Release|Any CPU
		{952A2550-1C2D-4539-81B6-E19453E7ECD0}.Release|x86.ActiveCfg = Release|Any CPU
		{952A2550-1C2D-4539-81B6-E19453E7ECD0}.Release|x86.Build.0 = Release|Any CPU
		{B68B7554-1260-46E2-9288-4EC38321119C}.Debug|Any CPU.ActiveCfg = Debug|Any CPU
		{B68B7554-1260-46E2-9288-4EC38321119C}.Debug|Any CPU.Build.0 = Debug|Any CPU
		{B68B7554-1260-46E2-9288-4EC38321119C}.Debug|x64.ActiveCfg = Debug|Any CPU
		{B68B7554-1260-46E2-9288-4EC38321119C}.Debug|x64.Build.0 = Debug|Any CPU
		{B68B7554-1260-46E2-9288-4EC38321119C}.Debug|x86.ActiveCfg = Debug|Any CPU
		{B68B7554-1260-46E2-9288-4EC38321119C}.Debug|x86.Build.0 = Debug|Any CPU
		{B68B7554-1260-46E2-9288-4EC38321119C}.Release|Any CPU.ActiveCfg = Release|Any CPU
		{B68B7554-1260-46E2-9288-4EC38321119C}.Release|Any CPU.Build.0 = Release|Any CPU
		{B68B7554-1260-46E2-9288-4EC38321119C}.Release|x64.ActiveCfg = Release|Any CPU
		{B68B7554-1260-46E2-9288-4EC38321119C}.Release|x64.Build.0 = Release|Any CPU
		{B68B7554-1260-46E2-9288-4EC38321119C}.Release|x86.ActiveCfg = Release|Any CPU
		{B68B7554-1260-46E2-9288-4EC38321119C}.Release|x86.Build.0 = Release|Any CPU
		{C4112ACD-F338-4114-BFF8-DE595A4A7F6E}.Debug|Any CPU.ActiveCfg = Debug|Any CPU
		{C4112ACD-F338-4114-BFF8-DE595A4A7F6E}.Debug|Any CPU.Build.0 = Debug|Any CPU
		{C4112ACD-F338-4114-BFF8-DE595A4A7F6E}.Debug|x64.ActiveCfg = Debug|Any CPU
		{C4112ACD-F338-4114-BFF8-DE595A4A7F6E}.Debug|x64.Build.0 = Debug|Any CPU
		{C4112ACD-F338-4114-BFF8-DE595A4A7F6E}.Debug|x86.ActiveCfg = Debug|Any CPU
		{C4112ACD-F338-4114-BFF8-DE595A4A7F6E}.Debug|x86.Build.0 = Debug|Any CPU
		{C4112ACD-F338-4114-BFF8-DE595A4A7F6E}.Release|Any CPU.ActiveCfg = Release|Any CPU
		{C4112ACD-F338-4114-BFF8-DE595A4A7F6E}.Release|Any CPU.Build.0 = Release|Any CPU
		{C4112ACD-F338-4114-BFF8-DE595A4A7F6E}.Release|x64.ActiveCfg = Release|Any CPU
		{C4112ACD-F338-4114-BFF8-DE595A4A7F6E}.Release|x64.Build.0 = Release|Any CPU
		{C4112ACD-F338-4114-BFF8-DE595A4A7F6E}.Release|x86.ActiveCfg = Release|Any CPU
		{C4112ACD-F338-4114-BFF8-DE595A4A7F6E}.Release|x86.Build.0 = Release|Any CPU
		{1E38AB72-E462-4014-8274-AD425B0A6AC6}.Debug|Any CPU.ActiveCfg = Debug|Any CPU
		{1E38AB72-E462-4014-8274-AD425B0A6AC6}.Debug|Any CPU.Build.0 = Debug|Any CPU
		{1E38AB72-E462-4014-8274-AD425B0A6AC6}.Debug|x64.ActiveCfg = Debug|Any CPU
		{1E38AB72-E462-4014-8274-AD425B0A6AC6}.Debug|x64.Build.0 = Debug|Any CPU
		{1E38AB72-E462-4014-8274-AD425B0A6AC6}.Debug|x86.ActiveCfg = Debug|Any CPU
		{1E38AB72-E462-4014-8274-AD425B0A6AC6}.Debug|x86.Build.0 = Debug|Any CPU
		{1E38AB72-E462-4014-8274-AD425B0A6AC6}.Release|Any CPU.ActiveCfg = Release|Any CPU
		{1E38AB72-E462-4014-8274-AD425B0A6AC6}.Release|Any CPU.Build.0 = Release|Any CPU
		{1E38AB72-E462-4014-8274-AD425B0A6AC6}.Release|x64.ActiveCfg = Release|Any CPU
		{1E38AB72-E462-4014-8274-AD425B0A6AC6}.Release|x64.Build.0 = Release|Any CPU
		{1E38AB72-E462-4014-8274-AD425B0A6AC6}.Release|x86.ActiveCfg = Release|Any CPU
		{1E38AB72-E462-4014-8274-AD425B0A6AC6}.Release|x86.Build.0 = Release|Any CPU
		{F19D77BD-09A3-4C5D-9173-AEE9E95C1DE5}.Debug|Any CPU.ActiveCfg = Debug|Any CPU
		{F19D77BD-09A3-4C5D-9173-AEE9E95C1DE5}.Debug|Any CPU.Build.0 = Debug|Any CPU
		{F19D77BD-09A3-4C5D-9173-AEE9E95C1DE5}.Debug|x64.ActiveCfg = Debug|Any CPU
		{F19D77BD-09A3-4C5D-9173-AEE9E95C1DE5}.Debug|x64.Build.0 = Debug|Any CPU
		{F19D77BD-09A3-4C5D-9173-AEE9E95C1DE5}.Debug|x86.ActiveCfg = Debug|Any CPU
		{F19D77BD-09A3-4C5D-9173-AEE9E95C1DE5}.Debug|x86.Build.0 = Debug|Any CPU
		{F19D77BD-09A3-4C5D-9173-AEE9E95C1DE5}.Release|Any CPU.ActiveCfg = Release|Any CPU
		{F19D77BD-09A3-4C5D-9173-AEE9E95C1DE5}.Release|Any CPU.Build.0 = Release|Any CPU
		{F19D77BD-09A3-4C5D-9173-AEE9E95C1DE5}.Release|x64.ActiveCfg = Release|Any CPU
		{F19D77BD-09A3-4C5D-9173-AEE9E95C1DE5}.Release|x64.Build.0 = Release|Any CPU
		{F19D77BD-09A3-4C5D-9173-AEE9E95C1DE5}.Release|x86.ActiveCfg = Release|Any CPU
		{F19D77BD-09A3-4C5D-9173-AEE9E95C1DE5}.Release|x86.Build.0 = Release|Any CPU
		{4905AA7C-FCAB-47F0-9F4F-0082DC137BD8}.Debug|Any CPU.ActiveCfg = Debug|Any CPU
		{4905AA7C-FCAB-47F0-9F4F-0082DC137BD8}.Debug|Any CPU.Build.0 = Debug|Any CPU
		{4905AA7C-FCAB-47F0-9F4F-0082DC137BD8}.Debug|x64.ActiveCfg = Debug|Any CPU
		{4905AA7C-FCAB-47F0-9F4F-0082DC137BD8}.Debug|x64.Build.0 = Debug|Any CPU
		{4905AA7C-FCAB-47F0-9F4F-0082DC137BD8}.Debug|x86.ActiveCfg = Debug|Any CPU
		{4905AA7C-FCAB-47F0-9F4F-0082DC137BD8}.Debug|x86.Build.0 = Debug|Any CPU
		{4905AA7C-FCAB-47F0-9F4F-0082DC137BD8}.Release|Any CPU.ActiveCfg = Release|Any CPU
		{4905AA7C-FCAB-47F0-9F4F-0082DC137BD8}.Release|Any CPU.Build.0 = Release|Any CPU
		{4905AA7C-FCAB-47F0-9F4F-0082DC137BD8}.Release|x64.ActiveCfg = Release|Any CPU
		{4905AA7C-FCAB-47F0-9F4F-0082DC137BD8}.Release|x64.Build.0 = Release|Any CPU
		{4905AA7C-FCAB-47F0-9F4F-0082DC137BD8}.Release|x86.ActiveCfg = Release|Any CPU
		{4905AA7C-FCAB-47F0-9F4F-0082DC137BD8}.Release|x86.Build.0 = Release|Any CPU
		{562D3F73-22AA-457C-AF7F-6251EE502D08}.Debug|Any CPU.ActiveCfg = Debug|Any CPU
		{562D3F73-22AA-457C-AF7F-6251EE502D08}.Debug|Any CPU.Build.0 = Debug|Any CPU
		{562D3F73-22AA-457C-AF7F-6251EE502D08}.Debug|x64.ActiveCfg = Debug|Any CPU
		{562D3F73-22AA-457C-AF7F-6251EE502D08}.Debug|x64.Build.0 = Debug|Any CPU
		{562D3F73-22AA-457C-AF7F-6251EE502D08}.Debug|x86.ActiveCfg = Debug|Any CPU
		{562D3F73-22AA-457C-AF7F-6251EE502D08}.Debug|x86.Build.0 = Debug|Any CPU
		{562D3F73-22AA-457C-AF7F-6251EE502D08}.Release|Any CPU.ActiveCfg = Release|Any CPU
		{562D3F73-22AA-457C-AF7F-6251EE502D08}.Release|Any CPU.Build.0 = Release|Any CPU
		{562D3F73-22AA-457C-AF7F-6251EE502D08}.Release|x64.ActiveCfg = Release|Any CPU
		{562D3F73-22AA-457C-AF7F-6251EE502D08}.Release|x64.Build.0 = Release|Any CPU
		{562D3F73-22AA-457C-AF7F-6251EE502D08}.Release|x86.ActiveCfg = Release|Any CPU
		{562D3F73-22AA-457C-AF7F-6251EE502D08}.Release|x86.Build.0 = Release|Any CPU
		{D1E9CFF2-EDA5-4474-9C80-BFAC0637CEF1}.Debug|Any CPU.ActiveCfg = Debug|Any CPU
		{D1E9CFF2-EDA5-4474-9C80-BFAC0637CEF1}.Debug|Any CPU.Build.0 = Debug|Any CPU
		{D1E9CFF2-EDA5-4474-9C80-BFAC0637CEF1}.Debug|x64.ActiveCfg = Debug|Any CPU
		{D1E9CFF2-EDA5-4474-9C80-BFAC0637CEF1}.Debug|x64.Build.0 = Debug|Any CPU
		{D1E9CFF2-EDA5-4474-9C80-BFAC0637CEF1}.Debug|x86.ActiveCfg = Debug|Any CPU
		{D1E9CFF2-EDA5-4474-9C80-BFAC0637CEF1}.Debug|x86.Build.0 = Debug|Any CPU
		{D1E9CFF2-EDA5-4474-9C80-BFAC0637CEF1}.Release|Any CPU.ActiveCfg = Release|Any CPU
		{D1E9CFF2-EDA5-4474-9C80-BFAC0637CEF1}.Release|Any CPU.Build.0 = Release|Any CPU
		{D1E9CFF2-EDA5-4474-9C80-BFAC0637CEF1}.Release|x64.ActiveCfg = Release|Any CPU
		{D1E9CFF2-EDA5-4474-9C80-BFAC0637CEF1}.Release|x64.Build.0 = Release|Any CPU
		{D1E9CFF2-EDA5-4474-9C80-BFAC0637CEF1}.Release|x86.ActiveCfg = Release|Any CPU
		{D1E9CFF2-EDA5-4474-9C80-BFAC0637CEF1}.Release|x86.Build.0 = Release|Any CPU
		{F2218D12-27E7-4F33-A3A4-C512AA00C68D}.Debug|Any CPU.ActiveCfg = Debug|Any CPU
		{F2218D12-27E7-4F33-A3A4-C512AA00C68D}.Debug|Any CPU.Build.0 = Debug|Any CPU
		{F2218D12-27E7-4F33-A3A4-C512AA00C68D}.Debug|x64.ActiveCfg = Debug|Any CPU
		{F2218D12-27E7-4F33-A3A4-C512AA00C68D}.Debug|x64.Build.0 = Debug|Any CPU
		{F2218D12-27E7-4F33-A3A4-C512AA00C68D}.Debug|x86.ActiveCfg = Debug|Any CPU
		{F2218D12-27E7-4F33-A3A4-C512AA00C68D}.Debug|x86.Build.0 = Debug|Any CPU
		{F2218D12-27E7-4F33-A3A4-C512AA00C68D}.Release|Any CPU.ActiveCfg = Release|Any CPU
		{F2218D12-27E7-4F33-A3A4-C512AA00C68D}.Release|Any CPU.Build.0 = Release|Any CPU
		{F2218D12-27E7-4F33-A3A4-C512AA00C68D}.Release|x64.ActiveCfg = Release|Any CPU
		{F2218D12-27E7-4F33-A3A4-C512AA00C68D}.Release|x64.Build.0 = Release|Any CPU
		{F2218D12-27E7-4F33-A3A4-C512AA00C68D}.Release|x86.ActiveCfg = Release|Any CPU
		{F2218D12-27E7-4F33-A3A4-C512AA00C68D}.Release|x86.Build.0 = Release|Any CPU
		{C2E978FF-D81B-4ABF-B695-9BDEE06333AB}.Debug|Any CPU.ActiveCfg = Debug|Any CPU
		{C2E978FF-D81B-4ABF-B695-9BDEE06333AB}.Debug|Any CPU.Build.0 = Debug|Any CPU
		{C2E978FF-D81B-4ABF-B695-9BDEE06333AB}.Debug|x64.ActiveCfg = Debug|Any CPU
		{C2E978FF-D81B-4ABF-B695-9BDEE06333AB}.Debug|x64.Build.0 = Debug|Any CPU
		{C2E978FF-D81B-4ABF-B695-9BDEE06333AB}.Debug|x86.ActiveCfg = Debug|Any CPU
		{C2E978FF-D81B-4ABF-B695-9BDEE06333AB}.Debug|x86.Build.0 = Debug|Any CPU
		{C2E978FF-D81B-4ABF-B695-9BDEE06333AB}.Release|Any CPU.ActiveCfg = Release|Any CPU
		{C2E978FF-D81B-4ABF-B695-9BDEE06333AB}.Release|Any CPU.Build.0 = Release|Any CPU
		{C2E978FF-D81B-4ABF-B695-9BDEE06333AB}.Release|x64.ActiveCfg = Release|Any CPU
		{C2E978FF-D81B-4ABF-B695-9BDEE06333AB}.Release|x64.Build.0 = Release|Any CPU
		{C2E978FF-D81B-4ABF-B695-9BDEE06333AB}.Release|x86.ActiveCfg = Release|Any CPU
		{C2E978FF-D81B-4ABF-B695-9BDEE06333AB}.Release|x86.Build.0 = Release|Any CPU
		{DB48953E-510B-449D-A458-EE196DD848C9}.Debug|Any CPU.ActiveCfg = Debug|Any CPU
		{DB48953E-510B-449D-A458-EE196DD848C9}.Debug|Any CPU.Build.0 = Debug|Any CPU
		{DB48953E-510B-449D-A458-EE196DD848C9}.Debug|x64.ActiveCfg = Debug|Any CPU
		{DB48953E-510B-449D-A458-EE196DD848C9}.Debug|x64.Build.0 = Debug|Any CPU
		{DB48953E-510B-449D-A458-EE196DD848C9}.Debug|x86.ActiveCfg = Debug|Any CPU
		{DB48953E-510B-449D-A458-EE196DD848C9}.Debug|x86.Build.0 = Debug|Any CPU
		{DB48953E-510B-449D-A458-EE196DD848C9}.Release|Any CPU.ActiveCfg = Release|Any CPU
		{DB48953E-510B-449D-A458-EE196DD848C9}.Release|Any CPU.Build.0 = Release|Any CPU
		{DB48953E-510B-449D-A458-EE196DD848C9}.Release|x64.ActiveCfg = Release|Any CPU
		{DB48953E-510B-449D-A458-EE196DD848C9}.Release|x64.Build.0 = Release|Any CPU
		{DB48953E-510B-449D-A458-EE196DD848C9}.Release|x86.ActiveCfg = Release|Any CPU
		{DB48953E-510B-449D-A458-EE196DD848C9}.Release|x86.Build.0 = Release|Any CPU
		{1A00E2F9-5E18-4EFD-BEDC-F5BBC458DAC6}.Debug|Any CPU.ActiveCfg = Debug|Any CPU
		{1A00E2F9-5E18-4EFD-BEDC-F5BBC458DAC6}.Debug|Any CPU.Build.0 = Debug|Any CPU
		{1A00E2F9-5E18-4EFD-BEDC-F5BBC458DAC6}.Debug|x64.ActiveCfg = Debug|Any CPU
		{1A00E2F9-5E18-4EFD-BEDC-F5BBC458DAC6}.Debug|x64.Build.0 = Debug|Any CPU
		{1A00E2F9-5E18-4EFD-BEDC-F5BBC458DAC6}.Debug|x86.ActiveCfg = Debug|Any CPU
		{1A00E2F9-5E18-4EFD-BEDC-F5BBC458DAC6}.Debug|x86.Build.0 = Debug|Any CPU
		{1A00E2F9-5E18-4EFD-BEDC-F5BBC458DAC6}.Release|Any CPU.ActiveCfg = Release|Any CPU
		{1A00E2F9-5E18-4EFD-BEDC-F5BBC458DAC6}.Release|Any CPU.Build.0 = Release|Any CPU
		{1A00E2F9-5E18-4EFD-BEDC-F5BBC458DAC6}.Release|x64.ActiveCfg = Release|Any CPU
		{1A00E2F9-5E18-4EFD-BEDC-F5BBC458DAC6}.Release|x64.Build.0 = Release|Any CPU
		{1A00E2F9-5E18-4EFD-BEDC-F5BBC458DAC6}.Release|x86.ActiveCfg = Release|Any CPU
		{1A00E2F9-5E18-4EFD-BEDC-F5BBC458DAC6}.Release|x86.Build.0 = Release|Any CPU
		{7FAD4CD6-67C0-4A6F-8275-1C55CB360DA0}.Debug|Any CPU.ActiveCfg = Debug|Any CPU
		{7FAD4CD6-67C0-4A6F-8275-1C55CB360DA0}.Debug|Any CPU.Build.0 = Debug|Any CPU
		{7FAD4CD6-67C0-4A6F-8275-1C55CB360DA0}.Debug|x64.ActiveCfg = Debug|Any CPU
		{7FAD4CD6-67C0-4A6F-8275-1C55CB360DA0}.Debug|x64.Build.0 = Debug|Any CPU
		{7FAD4CD6-67C0-4A6F-8275-1C55CB360DA0}.Debug|x86.ActiveCfg = Debug|Any CPU
		{7FAD4CD6-67C0-4A6F-8275-1C55CB360DA0}.Debug|x86.Build.0 = Debug|Any CPU
		{7FAD4CD6-67C0-4A6F-8275-1C55CB360DA0}.Release|Any CPU.ActiveCfg = Release|Any CPU
		{7FAD4CD6-67C0-4A6F-8275-1C55CB360DA0}.Release|Any CPU.Build.0 = Release|Any CPU
		{7FAD4CD6-67C0-4A6F-8275-1C55CB360DA0}.Release|x64.ActiveCfg = Release|Any CPU
		{7FAD4CD6-67C0-4A6F-8275-1C55CB360DA0}.Release|x64.Build.0 = Release|Any CPU
		{7FAD4CD6-67C0-4A6F-8275-1C55CB360DA0}.Release|x86.ActiveCfg = Release|Any CPU
		{7FAD4CD6-67C0-4A6F-8275-1C55CB360DA0}.Release|x86.Build.0 = Release|Any CPU
		{F8442489-58A6-42EA-9806-40A1C31589E9}.Debug|Any CPU.ActiveCfg = Debug|Any CPU
		{F8442489-58A6-42EA-9806-40A1C31589E9}.Debug|Any CPU.Build.0 = Debug|Any CPU
		{F8442489-58A6-42EA-9806-40A1C31589E9}.Debug|x64.ActiveCfg = Debug|Any CPU
		{F8442489-58A6-42EA-9806-40A1C31589E9}.Debug|x64.Build.0 = Debug|Any CPU
		{F8442489-58A6-42EA-9806-40A1C31589E9}.Debug|x86.ActiveCfg = Debug|Any CPU
		{F8442489-58A6-42EA-9806-40A1C31589E9}.Debug|x86.Build.0 = Debug|Any CPU
		{F8442489-58A6-42EA-9806-40A1C31589E9}.Release|Any CPU.ActiveCfg = Release|Any CPU
		{F8442489-58A6-42EA-9806-40A1C31589E9}.Release|Any CPU.Build.0 = Release|Any CPU
		{F8442489-58A6-42EA-9806-40A1C31589E9}.Release|x64.ActiveCfg = Release|Any CPU
		{F8442489-58A6-42EA-9806-40A1C31589E9}.Release|x64.Build.0 = Release|Any CPU
		{F8442489-58A6-42EA-9806-40A1C31589E9}.Release|x86.ActiveCfg = Release|Any CPU
		{F8442489-58A6-42EA-9806-40A1C31589E9}.Release|x86.Build.0 = Release|Any CPU
		{962DB3D9-81D0-4BC8-BB66-9278BDF92E7B}.Debug|Any CPU.ActiveCfg = Debug|Any CPU
		{962DB3D9-81D0-4BC8-BB66-9278BDF92E7B}.Debug|Any CPU.Build.0 = Debug|Any CPU
		{962DB3D9-81D0-4BC8-BB66-9278BDF92E7B}.Debug|x64.ActiveCfg = Debug|Any CPU
		{962DB3D9-81D0-4BC8-BB66-9278BDF92E7B}.Debug|x64.Build.0 = Debug|Any CPU
		{962DB3D9-81D0-4BC8-BB66-9278BDF92E7B}.Debug|x86.ActiveCfg = Debug|Any CPU
		{962DB3D9-81D0-4BC8-BB66-9278BDF92E7B}.Debug|x86.Build.0 = Debug|Any CPU
		{962DB3D9-81D0-4BC8-BB66-9278BDF92E7B}.Release|Any CPU.ActiveCfg = Release|Any CPU
		{962DB3D9-81D0-4BC8-BB66-9278BDF92E7B}.Release|Any CPU.Build.0 = Release|Any CPU
		{962DB3D9-81D0-4BC8-BB66-9278BDF92E7B}.Release|x64.ActiveCfg = Release|Any CPU
		{962DB3D9-81D0-4BC8-BB66-9278BDF92E7B}.Release|x64.Build.0 = Release|Any CPU
		{962DB3D9-81D0-4BC8-BB66-9278BDF92E7B}.Release|x86.ActiveCfg = Release|Any CPU
		{962DB3D9-81D0-4BC8-BB66-9278BDF92E7B}.Release|x86.Build.0 = Release|Any CPU
		{2B466425-2D1C-4D92-8D82-1ABDA4ADDD64}.Debug|Any CPU.ActiveCfg = Debug|Any CPU
		{2B466425-2D1C-4D92-8D82-1ABDA4ADDD64}.Debug|Any CPU.Build.0 = Debug|Any CPU
		{2B466425-2D1C-4D92-8D82-1ABDA4ADDD64}.Debug|x64.ActiveCfg = Debug|Any CPU
		{2B466425-2D1C-4D92-8D82-1ABDA4ADDD64}.Debug|x64.Build.0 = Debug|Any CPU
		{2B466425-2D1C-4D92-8D82-1ABDA4ADDD64}.Debug|x86.ActiveCfg = Debug|Any CPU
		{2B466425-2D1C-4D92-8D82-1ABDA4ADDD64}.Debug|x86.Build.0 = Debug|Any CPU
		{2B466425-2D1C-4D92-8D82-1ABDA4ADDD64}.Release|Any CPU.ActiveCfg = Release|Any CPU
		{2B466425-2D1C-4D92-8D82-1ABDA4ADDD64}.Release|Any CPU.Build.0 = Release|Any CPU
		{2B466425-2D1C-4D92-8D82-1ABDA4ADDD64}.Release|x64.ActiveCfg = Release|Any CPU
		{2B466425-2D1C-4D92-8D82-1ABDA4ADDD64}.Release|x64.Build.0 = Release|Any CPU
		{2B466425-2D1C-4D92-8D82-1ABDA4ADDD64}.Release|x86.ActiveCfg = Release|Any CPU
		{2B466425-2D1C-4D92-8D82-1ABDA4ADDD64}.Release|x86.Build.0 = Release|Any CPU
		{37F6FA76-6521-4C82-A2A5-E427B07787AE}.Debug|Any CPU.ActiveCfg = Debug|Any CPU
		{37F6FA76-6521-4C82-A2A5-E427B07787AE}.Debug|Any CPU.Build.0 = Debug|Any CPU
		{37F6FA76-6521-4C82-A2A5-E427B07787AE}.Debug|x64.ActiveCfg = Debug|Any CPU
		{37F6FA76-6521-4C82-A2A5-E427B07787AE}.Debug|x64.Build.0 = Debug|Any CPU
		{37F6FA76-6521-4C82-A2A5-E427B07787AE}.Debug|x86.ActiveCfg = Debug|Any CPU
		{37F6FA76-6521-4C82-A2A5-E427B07787AE}.Debug|x86.Build.0 = Debug|Any CPU
		{37F6FA76-6521-4C82-A2A5-E427B07787AE}.Release|Any CPU.ActiveCfg = Release|Any CPU
		{37F6FA76-6521-4C82-A2A5-E427B07787AE}.Release|Any CPU.Build.0 = Release|Any CPU
		{37F6FA76-6521-4C82-A2A5-E427B07787AE}.Release|x64.ActiveCfg = Release|Any CPU
		{37F6FA76-6521-4C82-A2A5-E427B07787AE}.Release|x64.Build.0 = Release|Any CPU
		{37F6FA76-6521-4C82-A2A5-E427B07787AE}.Release|x86.ActiveCfg = Release|Any CPU
		{37F6FA76-6521-4C82-A2A5-E427B07787AE}.Release|x86.Build.0 = Release|Any CPU
		{C526C305-19A2-466D-ACDF-AC651B34188E}.Debug|Any CPU.ActiveCfg = Debug|Any CPU
		{C526C305-19A2-466D-ACDF-AC651B34188E}.Debug|Any CPU.Build.0 = Debug|Any CPU
		{C526C305-19A2-466D-ACDF-AC651B34188E}.Debug|x64.ActiveCfg = Debug|Any CPU
		{C526C305-19A2-466D-ACDF-AC651B34188E}.Debug|x64.Build.0 = Debug|Any CPU
		{C526C305-19A2-466D-ACDF-AC651B34188E}.Debug|x86.ActiveCfg = Debug|Any CPU
		{C526C305-19A2-466D-ACDF-AC651B34188E}.Debug|x86.Build.0 = Debug|Any CPU
		{C526C305-19A2-466D-ACDF-AC651B34188E}.Release|Any CPU.ActiveCfg = Release|Any CPU
		{C526C305-19A2-466D-ACDF-AC651B34188E}.Release|Any CPU.Build.0 = Release|Any CPU
		{C526C305-19A2-466D-ACDF-AC651B34188E}.Release|x64.ActiveCfg = Release|Any CPU
		{C526C305-19A2-466D-ACDF-AC651B34188E}.Release|x64.Build.0 = Release|Any CPU
		{C526C305-19A2-466D-ACDF-AC651B34188E}.Release|x86.ActiveCfg = Release|Any CPU
		{C526C305-19A2-466D-ACDF-AC651B34188E}.Release|x86.Build.0 = Release|Any CPU
		{7E66D5AB-1E7A-41DE-A1FC-B34ED42DEB10}.Debug|Any CPU.ActiveCfg = Debug|Any CPU
		{7E66D5AB-1E7A-41DE-A1FC-B34ED42DEB10}.Debug|Any CPU.Build.0 = Debug|Any CPU
		{7E66D5AB-1E7A-41DE-A1FC-B34ED42DEB10}.Debug|x64.ActiveCfg = Debug|Any CPU
		{7E66D5AB-1E7A-41DE-A1FC-B34ED42DEB10}.Debug|x64.Build.0 = Debug|Any CPU
		{7E66D5AB-1E7A-41DE-A1FC-B34ED42DEB10}.Debug|x86.ActiveCfg = Debug|Any CPU
		{7E66D5AB-1E7A-41DE-A1FC-B34ED42DEB10}.Debug|x86.Build.0 = Debug|Any CPU
		{7E66D5AB-1E7A-41DE-A1FC-B34ED42DEB10}.Release|Any CPU.ActiveCfg = Release|Any CPU
		{7E66D5AB-1E7A-41DE-A1FC-B34ED42DEB10}.Release|Any CPU.Build.0 = Release|Any CPU
		{7E66D5AB-1E7A-41DE-A1FC-B34ED42DEB10}.Release|x64.ActiveCfg = Release|Any CPU
		{7E66D5AB-1E7A-41DE-A1FC-B34ED42DEB10}.Release|x64.Build.0 = Release|Any CPU
		{7E66D5AB-1E7A-41DE-A1FC-B34ED42DEB10}.Release|x86.ActiveCfg = Release|Any CPU
		{7E66D5AB-1E7A-41DE-A1FC-B34ED42DEB10}.Release|x86.Build.0 = Release|Any CPU
		{E06995FA-4DD9-4F71-95C4-91521CA3FF45}.Debug|Any CPU.ActiveCfg = Debug|Any CPU
		{E06995FA-4DD9-4F71-95C4-91521CA3FF45}.Debug|Any CPU.Build.0 = Debug|Any CPU
		{E06995FA-4DD9-4F71-95C4-91521CA3FF45}.Debug|x64.ActiveCfg = Debug|Any CPU
		{E06995FA-4DD9-4F71-95C4-91521CA3FF45}.Debug|x64.Build.0 = Debug|Any CPU
		{E06995FA-4DD9-4F71-95C4-91521CA3FF45}.Debug|x86.ActiveCfg = Debug|Any CPU
		{E06995FA-4DD9-4F71-95C4-91521CA3FF45}.Debug|x86.Build.0 = Debug|Any CPU
		{E06995FA-4DD9-4F71-95C4-91521CA3FF45}.Release|Any CPU.ActiveCfg = Release|Any CPU
		{E06995FA-4DD9-4F71-95C4-91521CA3FF45}.Release|Any CPU.Build.0 = Release|Any CPU
		{E06995FA-4DD9-4F71-95C4-91521CA3FF45}.Release|x64.ActiveCfg = Release|Any CPU
		{E06995FA-4DD9-4F71-95C4-91521CA3FF45}.Release|x64.Build.0 = Release|Any CPU
		{E06995FA-4DD9-4F71-95C4-91521CA3FF45}.Release|x86.ActiveCfg = Release|Any CPU
		{E06995FA-4DD9-4F71-95C4-91521CA3FF45}.Release|x86.Build.0 = Release|Any CPU
		{34B16D2F-37DC-4C00-9E79-93AC3C94378D}.Debug|Any CPU.ActiveCfg = Debug|Any CPU
		{34B16D2F-37DC-4C00-9E79-93AC3C94378D}.Debug|Any CPU.Build.0 = Debug|Any CPU
		{34B16D2F-37DC-4C00-9E79-93AC3C94378D}.Debug|x64.ActiveCfg = Debug|Any CPU
		{34B16D2F-37DC-4C00-9E79-93AC3C94378D}.Debug|x64.Build.0 = Debug|Any CPU
		{34B16D2F-37DC-4C00-9E79-93AC3C94378D}.Debug|x86.ActiveCfg = Debug|Any CPU
		{34B16D2F-37DC-4C00-9E79-93AC3C94378D}.Debug|x86.Build.0 = Debug|Any CPU
		{34B16D2F-37DC-4C00-9E79-93AC3C94378D}.Release|Any CPU.ActiveCfg = Release|Any CPU
		{34B16D2F-37DC-4C00-9E79-93AC3C94378D}.Release|Any CPU.Build.0 = Release|Any CPU
		{34B16D2F-37DC-4C00-9E79-93AC3C94378D}.Release|x64.ActiveCfg = Release|Any CPU
		{34B16D2F-37DC-4C00-9E79-93AC3C94378D}.Release|x64.Build.0 = Release|Any CPU
		{34B16D2F-37DC-4C00-9E79-93AC3C94378D}.Release|x86.ActiveCfg = Release|Any CPU
		{34B16D2F-37DC-4C00-9E79-93AC3C94378D}.Release|x86.Build.0 = Release|Any CPU
		{77A6C91E-97B4-4225-A5F1-968C770AD1A4}.Debug|Any CPU.ActiveCfg = Debug|Any CPU
		{77A6C91E-97B4-4225-A5F1-968C770AD1A4}.Debug|Any CPU.Build.0 = Debug|Any CPU
		{77A6C91E-97B4-4225-A5F1-968C770AD1A4}.Debug|x64.ActiveCfg = Debug|Any CPU
		{77A6C91E-97B4-4225-A5F1-968C770AD1A4}.Debug|x64.Build.0 = Debug|Any CPU
		{77A6C91E-97B4-4225-A5F1-968C770AD1A4}.Debug|x86.ActiveCfg = Debug|Any CPU
		{77A6C91E-97B4-4225-A5F1-968C770AD1A4}.Debug|x86.Build.0 = Debug|Any CPU
		{77A6C91E-97B4-4225-A5F1-968C770AD1A4}.Release|Any CPU.ActiveCfg = Release|Any CPU
		{77A6C91E-97B4-4225-A5F1-968C770AD1A4}.Release|Any CPU.Build.0 = Release|Any CPU
		{77A6C91E-97B4-4225-A5F1-968C770AD1A4}.Release|x64.ActiveCfg = Release|Any CPU
		{77A6C91E-97B4-4225-A5F1-968C770AD1A4}.Release|x64.Build.0 = Release|Any CPU
		{77A6C91E-97B4-4225-A5F1-968C770AD1A4}.Release|x86.ActiveCfg = Release|Any CPU
		{77A6C91E-97B4-4225-A5F1-968C770AD1A4}.Release|x86.Build.0 = Release|Any CPU
	EndGlobalSection
	GlobalSection(SolutionProperties) = preSolution
		HideSolutionNode = FALSE
	EndGlobalSection
	GlobalSection(NestedProjects) = preSolution
		{39CAAAF1-49E7-4A53-BDD0-F0C25EF28ADA} = {FBF56CC3-7AE6-AD2D-3F14-7F97FD322CD6}
		{74E6096B-3B99-4FD1-9529-B6EA58B78530} = {0AB3BF05-4346-4AA6-1389-037BE0695223}
		{1CF53103-568F-4B6A-9A6F-E37AAD9E03FD} = {0AB3BF05-4346-4AA6-1389-037BE0695223}
		{FE4FC5A7-8C23-40D6-B8B5-3B6DB7582462} = {0AB3BF05-4346-4AA6-1389-037BE0695223}
		{BC2EA9C1-B27D-49D6-BD0D-78DF2CF81C96} = {0AB3BF05-4346-4AA6-1389-037BE0695223}
		{D8CCB1A9-B1CF-4BFA-99B5-DA93206A4B23} = {FBF56CC3-7AE6-AD2D-3F14-7F97FD322CD6}
		{1008DB9D-9148-415C-8149-EBE0985AB22F} = {19A77816-F4A5-9C94-30B3-D22F513C9C48}
		{E9713714-C8BE-4229-BD73-6FB1D67775E7} = {07C2787E-EAC7-C090-1BA3-A61EC2A24D84}
		{574FFA60-99C4-4E9A-B144-01EC2C228378} = {FBF56CC3-7AE6-AD2D-3F14-7F97FD322CD6}
		{3BF7F266-7339-4337-85FE-BFF29D112459} = {3EFB08DA-2EA9-FE77-18DF-C4D4293AFD9C}
		{1D2651E2-8AC7-4065-AB20-572D928E654B} = {3EFB08DA-2EA9-FE77-18DF-C4D4293AFD9C}
		{A719171B-9D97-4D08-8FE6-1294EF643B8B} = {3EFB08DA-2EA9-FE77-18DF-C4D4293AFD9C}
		{40C370AA-24E8-43BD-9B7A-B869E5C65E52} = {3EFB08DA-2EA9-FE77-18DF-C4D4293AFD9C}
		{7A8B0A3F-4DBB-4260-94C1-2F29430866F7} = {3EFB08DA-2EA9-FE77-18DF-C4D4293AFD9C}
		{B1F9AD3F-2593-C8D7-65AF-8A90CE85F5BF} = {3EFB08DA-2EA9-FE77-18DF-C4D4293AFD9C}
		{38783DBD-D1F6-45A5-9931-DDCCB8796ADC} = {B1F9AD3F-2593-C8D7-65AF-8A90CE85F5BF}
		{CFDEA5F3-660A-4062-98A6-6346D4D84A77} = {B1F9AD3F-2593-C8D7-65AF-8A90CE85F5BF}
		{CA398CC3-5E3E-4B4D-8CEF-7A846BB61562} = {B1F9AD3F-2593-C8D7-65AF-8A90CE85F5BF}
		{EECBAEED-C8F6-400A-8F72-01ABE0773ED9} = {B1F9AD3F-2593-C8D7-65AF-8A90CE85F5BF}
		{BA5EBEBA-9759-455E-B9DF-66F53955ED85} = {B1F9AD3F-2593-C8D7-65AF-8A90CE85F5BF}
		{E34DED3F-CE5D-4B35-9EBA-3F93B48E3A39} = {B1F9AD3F-2593-C8D7-65AF-8A90CE85F5BF}
		{23CFA100-65BE-4DD9-9CC4-FC21E8D998D5} = {B1F9AD3F-2593-C8D7-65AF-8A90CE85F5BF}
		{0B3FB166-5EE2-4603-83D5-276B7AB9FF4F} = {B1F9AD3F-2593-C8D7-65AF-8A90CE85F5BF}
		{DA1127DE-8985-42DF-B5EF-D9901558D939} = {B1F9AD3F-2593-C8D7-65AF-8A90CE85F5BF}
		{1C408EEB-D32D-4FFE-8498-595C755AD031} = {B1F9AD3F-2593-C8D7-65AF-8A90CE85F5BF}
		{A9DB16CC-F0D7-4EDD-B2A6-54DB3BCA2708} = {B1F9AD3F-2593-C8D7-65AF-8A90CE85F5BF}
		{3F28024F-23DA-4492-9FB1-A20EF2BC36F4} = {B1F9AD3F-2593-C8D7-65AF-8A90CE85F5BF}
		{C18608EA-6C88-4275-829F-C800C9B798D3} = {B1F9AD3F-2593-C8D7-65AF-8A90CE85F5BF}
		{8F7AA182-4EE4-49FD-8304-81D9CF106881} = {B1F9AD3F-2593-C8D7-65AF-8A90CE85F5BF}
		{23EBE066-E2B4-49FE-8800-D69FDEA4C8F1} = {B1F9AD3F-2593-C8D7-65AF-8A90CE85F5BF}
		{F3825839-4639-4496-B2D6-FFD64042F672} = {B1F9AD3F-2593-C8D7-65AF-8A90CE85F5BF}
		{2B7795F0-8E1C-41A7-BFC0-EF4DFF00A631} = {B1F9AD3F-2593-C8D7-65AF-8A90CE85F5BF}
		{713DAA9E-9A2C-4857-AA86-F85E955B70DA} = {B1F9AD3F-2593-C8D7-65AF-8A90CE85F5BF}
		{C402F802-3896-4169-8FAB-4F53219874F2} = {B1F9AD3F-2593-C8D7-65AF-8A90CE85F5BF}
		{E83AC8E6-0128-4E04-8555-0F807C4ACAD0} = {B1F9AD3F-2593-C8D7-65AF-8A90CE85F5BF}
		{C9864468-07E4-4B50-B751-837F106163FB} = {B1F9AD3F-2593-C8D7-65AF-8A90CE85F5BF}
		{A3CD3120-143C-4667-8606-46DC055E9552} = {B1F9AD3F-2593-C8D7-65AF-8A90CE85F5BF}
		{A333DD31-6BFE-4FDC-B8E7-66E7167FF6DE} = {B1F9AD3F-2593-C8D7-65AF-8A90CE85F5BF}
		{6D6D275B-FB2A-4A08-A08B-9044FBB26523} = {B1F9AD3F-2593-C8D7-65AF-8A90CE85F5BF}
		{0D14B50D-8FA5-4031-84FB-B4ED539D0DA5} = {B1F9AD3F-2593-C8D7-65AF-8A90CE85F5BF}
		{E858EAB2-4BFE-435C-B5A6-D545B7922231} = {B1F9AD3F-2593-C8D7-65AF-8A90CE85F5BF}
		{70F31FC7-53C2-4D8B-87A4-03419FE1B868} = {B1F9AD3F-2593-C8D7-65AF-8A90CE85F5BF}
		{B3743938-313C-408F-B5F2-2D94106C1B00} = {B1F9AD3F-2593-C8D7-65AF-8A90CE85F5BF}
		{B0FE214B-9315-416D-A3D7-DA86D8EF0AB1} = {B1F9AD3F-2593-C8D7-65AF-8A90CE85F5BF}
		{449ED431-E06F-40FF-B65F-268F0DB49726} = {B1F9AD3F-2593-C8D7-65AF-8A90CE85F5BF}
		{9D2F5F69-CD00-4BE9-AEE9-7CBD25983E7E} = {B1F9AD3F-2593-C8D7-65AF-8A90CE85F5BF}
		{542D50D1-3DE3-4143-A794-65F6613DACA0} = {FBF56CC3-7AE6-AD2D-3F14-7F97FD322CD6}
		{6B4AF4CF-C86B-477F-AC20-A2D87F5E0B83} = {0AB3BF05-4346-4AA6-1389-037BE0695223}
		{7EF90D5B-5695-4DE0-A6E0-F9F90FD5140C} = {FBF56CC3-7AE6-AD2D-3F14-7F97FD322CD6}
		{DFBA851E-7452-49EE-B014-91503BF92CEF} = {19A77816-F4A5-9C94-30B3-D22F513C9C48}
		{DE7C191A-388D-47F8-B9B2-14DBA7A4CA52} = {19A77816-F4A5-9C94-30B3-D22F513C9C48}
		{1B2B8EEB-EEC6-49B8-B6EE-9432E58D2B97} = {3EFB08DA-2EA9-FE77-18DF-C4D4293AFD9C}
		{E7A69860-CDD2-41E6-989F-D140B442B485} = {19A77816-F4A5-9C94-30B3-D22F513C9C48}
		{9DD1C781-0864-4D1D-A50E-9DA57B441E80} = {19A77816-F4A5-9C94-30B3-D22F513C9C48}
		{80B7DA4C-C56E-466A-A931-44162E800BED} = {19A77816-F4A5-9C94-30B3-D22F513C9C48}
		{13989BE2-CB2A-42CB-A29F-867D73F78E4A} = {19A77816-F4A5-9C94-30B3-D22F513C9C48}
		{FA3D39AB-E030-4229-9E4F-A64E326531DB} = {0AB3BF05-4346-4AA6-1389-037BE0695223}
		{952A2550-1C2D-4539-81B6-E19453E7ECD0} = {19A77816-F4A5-9C94-30B3-D22F513C9C48}
		{B68B7554-1260-46E2-9288-4EC38321119C} = {0AB3BF05-4346-4AA6-1389-037BE0695223}
		{C4112ACD-F338-4114-BFF8-DE595A4A7F6E} = {19A77816-F4A5-9C94-30B3-D22F513C9C48}
		{1E38AB72-E462-4014-8274-AD425B0A6AC6} = {19A77816-F4A5-9C94-30B3-D22F513C9C48}
		{F19D77BD-09A3-4C5D-9173-AEE9E95C1DE5} = {19A77816-F4A5-9C94-30B3-D22F513C9C48}
		{4905AA7C-FCAB-47F0-9F4F-0082DC137BD8} = {0AB3BF05-4346-4AA6-1389-037BE0695223}
		{562D3F73-22AA-457C-AF7F-6251EE502D08} = {19A77816-F4A5-9C94-30B3-D22F513C9C48}
		{D1E9CFF2-EDA5-4474-9C80-BFAC0637CEF1} = {19A77816-F4A5-9C94-30B3-D22F513C9C48}
		{F2218D12-27E7-4F33-A3A4-C512AA00C68D} = {0AB3BF05-4346-4AA6-1389-037BE0695223}
		{C2E978FF-D81B-4ABF-B695-9BDEE06333AB} = {19A77816-F4A5-9C94-30B3-D22F513C9C48}
		{DB48953E-510B-449D-A458-EE196DD848C9} = {0AB3BF05-4346-4AA6-1389-037BE0695223}
		{1A00E2F9-5E18-4EFD-BEDC-F5BBC458DAC6} = {19A77816-F4A5-9C94-30B3-D22F513C9C48}
		{7FAD4CD6-67C0-4A6F-8275-1C55CB360DA0} = {19A77816-F4A5-9C94-30B3-D22F513C9C48}
		{F8442489-58A6-42EA-9806-40A1C31589E9} = {19A77816-F4A5-9C94-30B3-D22F513C9C48}
		{962DB3D9-81D0-4BC8-BB66-9278BDF92E7B} = {19A77816-F4A5-9C94-30B3-D22F513C9C48}
		{2B466425-2D1C-4D92-8D82-1ABDA4ADDD64} = {19A77816-F4A5-9C94-30B3-D22F513C9C48}
		{37F6FA76-6521-4C82-A2A5-E427B07787AE} = {0AB3BF05-4346-4AA6-1389-037BE0695223}
		{C526C305-19A2-466D-ACDF-AC651B34188E} = {19A77816-F4A5-9C94-30B3-D22F513C9C48}
		{7E66D5AB-1E7A-41DE-A1FC-B34ED42DEB10} = {0AB3BF05-4346-4AA6-1389-037BE0695223}
		{E06995FA-4DD9-4F71-95C4-91521CA3FF45} = {0AB3BF05-4346-4AA6-1389-037BE0695223}
		{34B16D2F-37DC-4C00-9E79-93AC3C94378D} = {0AB3BF05-4346-4AA6-1389-037BE0695223}
		{77A6C91E-97B4-4225-A5F1-968C770AD1A4} = {0AB3BF05-4346-4AA6-1389-037BE0695223}
	EndGlobalSection
EndGlobal
