
Microsoft Visual Studio Solution File, Format Version 12.00
# Visual Studio Version 17
VisualStudioVersion = 17.0.31903.59
MinimumVisualStudioVersion = 10.0.40219.1
Project("{2150E333-8FDC-42A3-9474-1A3956D46DE8}") = "core", "core", "{FBF56CC3-7AE6-AD2D-3F14-7F97FD322CD6}"
EndProject
Project("{FAE04EC0-301F-11D3-BF4B-00C04F79EFBC}") = "MonoDevelop.Core", "src\core\MonoDevelop.Core\MonoDevelop.Core.csproj", "{39CAAAF1-49E7-4A53-BDD0-F0C25EF28ADA}"
EndProject
Project("{2150E333-8FDC-42A3-9474-1A3956D46DE8}") = "tests", "tests", "{0AB3BF05-4346-4AA6-1389-037BE0695223}"
EndProject
Project("{FAE04EC0-301F-11D3-BF4B-00C04F79EFBC}") = "UnitTests", "tests\UnitTests\UnitTests.csproj", "{74E6096B-3B99-4FD1-9529-B6EA58B78530}"
EndProject
Project("{FAE04EC0-301F-11D3-BF4B-00C04F79EFBC}") = "MonoDevelop.Core.Tests.Addin", "tests\MonoDevelop.Core.Tests.Addin\MonoDevelop.Core.Tests.Addin.csproj", "{1CF53103-568F-4B6A-9A6F-E37AAD9E03FD}"
EndProject
Project("{FAE04EC0-301F-11D3-BF4B-00C04F79EFBC}") = "MonoDevelop.Core.Tests", "tests\MonoDevelop.Core.Tests\MonoDevelop.Core.Tests.csproj", "{FE4FC5A7-8C23-40D6-B8B5-3B6DB7582462}"
EndProject
Project("{FAE04EC0-301F-11D3-BF4B-00C04F79EFBC}") = "TestStartupHook", "tests\TestStartupHook\TestStartupHook.csproj", "{BC2EA9C1-B27D-49D6-BD0D-78DF2CF81C96}"
EndProject
Project("{FAE04EC0-301F-11D3-BF4B-00C04F79EFBC}") = "MonoDevelop.MSBuildBuilder", "src\core\MonoDevelop.Projects.Formats.MSBuild\MonoDevelop.MSBuildBuilder.csproj", "{D8CCB1A9-B1CF-4BFA-99B5-DA93206A4B23}"
EndProject
Project("{2150E333-8FDC-42A3-9474-1A3956D46DE8}") = "addins", "addins", "{19A77816-F4A5-9C94-30B3-D22F513C9C48}"
EndProject
Project("{FAE04EC0-301F-11D3-BF4B-00C04F79EFBC}") = "MonoDevelop.CSharpBinding.Core", "src\addins\CSharpBinding\MonoDevelop.CSharpBinding.Core\MonoDevelop.CSharpBinding.Core.csproj", "{1008DB9D-9148-415C-8149-EBE0985AB22F}"
EndProject
Project("{2150E333-8FDC-42A3-9474-1A3956D46DE8}") = "tools", "tools", "{07C2787E-EAC7-C090-1BA3-A61EC2A24D84}"
EndProject
Project("{FAE04EC0-301F-11D3-BF4B-00C04F79EFBC}") = "mdtool", "src\tools\mdtool\mdtool.csproj", "{E9713714-C8BE-4229-BD73-6FB1D67775E7}"
EndProject
Project("{FAE04EC0-301F-11D3-BF4B-00C04F79EFBC}") = "MonoDevelop.Translations", "po\MonoDevelop.Translations.csproj", "{574FFA60-99C4-4E9A-B144-01EC2C228378}"
EndProject
Project("{2150E333-8FDC-42A3-9474-1A3956D46DE8}") = "vendor", "vendor", "{3EFB08DA-2EA9-FE77-18DF-C4D4293AFD9C}"
EndProject
Project("{FAE04EC0-301F-11D3-BF4B-00C04F79EFBC}") = "Xwt", "vendor\xwt\Xwt\Xwt.csproj", "{3BF7F266-7339-4337-85FE-BFF29D112459}"
EndProject
Project("{FAE04EC0-301F-11D3-BF4B-00C04F79EFBC}") = "Xwt.Gtk3", "vendor\xwt\Xwt.Gtk\Xwt.Gtk3.csproj", "{1D2651E2-8AC7-4065-AB20-572D928E654B}"
EndProject
Project("{FAE04EC0-301F-11D3-BF4B-00C04F79EFBC}") = "Samples", "vendor\xwt\TestApps\Samples\Samples.csproj", "{A719171B-9D97-4D08-8FE6-1294EF643B8B}"
EndProject
Project("{FAE04EC0-301F-11D3-BF4B-00C04F79EFBC}") = "Gtk3Test", "vendor\xwt\TestApps\Gtk3Test\Gtk3Test.csproj", "{40C370AA-24E8-43BD-9B7A-B869E5C65E52}"
EndProject
Global
	GlobalSection(SolutionConfigurationPlatforms) = preSolution
		Debug|Any CPU = Debug|Any CPU
		Debug|x64 = Debug|x64
		Debug|x86 = Debug|x86
		Release|Any CPU = Release|Any CPU
		Release|x64 = Release|x64
		Release|x86 = Release|x86
	EndGlobalSection
	GlobalSection(ProjectConfigurationPlatforms) = postSolution
		{39CAAAF1-49E7-4A53-BDD0-F0C25EF28ADA}.Debug|Any CPU.ActiveCfg = Debug|Any CPU
		{39CAAAF1-49E7-4A53-BDD0-F0C25EF28ADA}.Debug|Any CPU.Build.0 = Debug|Any CPU
		{39CAAAF1-49E7-4A53-BDD0-F0C25EF28ADA}.Debug|x64.ActiveCfg = Debug|Any CPU
		{39CAAAF1-49E7-4A53-BDD0-F0C25EF28ADA}.Debug|x64.Build.0 = Debug|Any CPU
		{39CAAAF1-49E7-4A53-BDD0-F0C25EF28ADA}.Debug|x86.ActiveCfg = Debug|Any CPU
		{39CAAAF1-49E7-4A53-BDD0-F0C25EF28ADA}.Debug|x86.Build.0 = Debug|Any CPU
		{39CAAAF1-49E7-4A53-BDD0-F0C25EF28ADA}.Release|Any CPU.ActiveCfg = Release|Any CPU
		{39CAAAF1-49E7-4A53-BDD0-F0C25EF28ADA}.Release|Any CPU.Build.0 = Release|Any CPU
		{39CAAAF1-49E7-4A53-BDD0-F0C25EF28ADA}.Release|x64.ActiveCfg = Release|Any CPU
		{39CAAAF1-49E7-4A53-BDD0-F0C25EF28ADA}.Release|x64.Build.0 = Release|Any CPU
		{39CAAAF1-49E7-4A53-BDD0-F0C25EF28ADA}.Release|x86.ActiveCfg = Release|Any CPU
		{39CAAAF1-49E7-4A53-BDD0-F0C25EF28ADA}.Release|x86.Build.0 = Release|Any CPU
		{74E6096B-3B99-4FD1-9529-B6EA58B78530}.Debug|Any CPU.ActiveCfg = Debug|Any CPU
		{74E6096B-3B99-4FD1-9529-B6EA58B78530}.Debug|Any CPU.Build.0 = Debug|Any CPU
		{74E6096B-3B99-4FD1-9529-B6EA58B78530}.Debug|x64.ActiveCfg = Debug|Any CPU
		{74E6096B-3B99-4FD1-9529-B6EA58B78530}.Debug|x64.Build.0 = Debug|Any CPU
		{74E6096B-3B99-4FD1-9529-B6EA58B78530}.Debug|x86.ActiveCfg = Debug|Any CPU
		{74E6096B-3B99-4FD1-9529-B6EA58B78530}.Debug|x86.Build.0 = Debug|Any CPU
		{74E6096B-3B99-4FD1-9529-B6EA58B78530}.Release|Any CPU.ActiveCfg = Release|Any CPU
		{74E6096B-3B99-4FD1-9529-B6EA58B78530}.Release|Any CPU.Build.0 = Release|Any CPU
		{74E6096B-3B99-4FD1-9529-B6EA58B78530}.Release|x64.ActiveCfg = Release|Any CPU
		{74E6096B-3B99-4FD1-9529-B6EA58B78530}.Release|x64.Build.0 = Release|Any CPU
		{74E6096B-3B99-4FD1-9529-B6EA58B78530}.Release|x86.ActiveCfg = Release|Any CPU
		{74E6096B-3B99-4FD1-9529-B6EA58B78530}.Release|x86.Build.0 = Release|Any CPU
		{1CF53103-568F-4B6A-9A6F-E37AAD9E03FD}.Debug|Any CPU.ActiveCfg = Debug|Any CPU
		{1CF53103-568F-4B6A-9A6F-E37AAD9E03FD}.Debug|Any CPU.Build.0 = Debug|Any CPU
		{1CF53103-568F-4B6A-9A6F-E37AAD9E03FD}.Debug|x64.ActiveCfg = Debug|Any CPU
		{1CF53103-568F-4B6A-9A6F-E37AAD9E03FD}.Debug|x64.Build.0 = Debug|Any CPU
		{1CF53103-568F-4B6A-9A6F-E37AAD9E03FD}.Debug|x86.ActiveCfg = Debug|Any CPU
		{1CF53103-568F-4B6A-9A6F-E37AAD9E03FD}.Debug|x86.Build.0 = Debug|Any CPU
		{1CF53103-568F-4B6A-9A6F-E37AAD9E03FD}.Release|Any CPU.ActiveCfg = Release|Any CPU
		{1CF53103-568F-4B6A-9A6F-E37AAD9E03FD}.Release|Any CPU.Build.0 = Release|Any CPU
		{1CF53103-568F-4B6A-9A6F-E37AAD9E03FD}.Release|x64.ActiveCfg = Release|Any CPU
		{1CF53103-568F-4B6A-9A6F-E37AAD9E03FD}.Release|x64.Build.0 = Release|Any CPU
		{1CF53103-568F-4B6A-9A6F-E37AAD9E03FD}.Release|x86.ActiveCfg = Release|Any CPU
		{1CF53103-568F-4B6A-9A6F-E37AAD9E03FD}.Release|x86.Build.0 = Release|Any CPU
		{FE4FC5A7-8C23-40D6-B8B5-3B6DB7582462}.Debug|Any CPU.ActiveCfg = Debug|Any CPU
		{FE4FC5A7-8C23-40D6-B8B5-3B6DB7582462}.Debug|Any CPU.Build.0 = Debug|Any CPU
		{FE4FC5A7-8C23-40D6-B8B5-3B6DB7582462}.Debug|x64.ActiveCfg = Debug|Any CPU
		{FE4FC5A7-8C23-40D6-B8B5-3B6DB7582462}.Debug|x64.Build.0 = Debug|Any CPU
		{FE4FC5A7-8C23-40D6-B8B5-3B6DB7582462}.Debug|x86.ActiveCfg = Debug|Any CPU
		{FE4FC5A7-8C23-40D6-B8B5-3B6DB7582462}.Debug|x86.Build.0 = Debug|Any CPU
		{FE4FC5A7-8C23-40D6-B8B5-3B6DB7582462}.Release|Any CPU.ActiveCfg = Release|Any CPU
		{FE4FC5A7-8C23-40D6-B8B5-3B6DB7582462}.Release|Any CPU.Build.0 = Release|Any CPU
		{FE4FC5A7-8C23-40D6-B8B5-3B6DB7582462}.Release|x64.ActiveCfg = Release|Any CPU
		{FE4FC5A7-8C23-40D6-B8B5-3B6DB7582462}.Release|x64.Build.0 = Release|Any CPU
		{FE4FC5A7-8C23-40D6-B8B5-3B6DB7582462}.Release|x86.ActiveCfg = Release|Any CPU
		{FE4FC5A7-8C23-40D6-B8B5-3B6DB7582462}.Release|x86.Build.0 = Release|Any CPU
		{BC2EA9C1-B27D-49D6-BD0D-78DF2CF81C96}.Debug|Any CPU.ActiveCfg = Debug|Any CPU
		{BC2EA9C1-B27D-49D6-BD0D-78DF2CF81C96}.Debug|Any CPU.Build.0 = Debug|Any CPU
		{BC2EA9C1-B27D-49D6-BD0D-78DF2CF81C96}.Debug|x64.ActiveCfg = Debug|Any CPU
		{BC2EA9C1-B27D-49D6-BD0D-78DF2CF81C96}.Debug|x64.Build.0 = Debug|Any CPU
		{BC2EA9C1-B27D-49D6-BD0D-78DF2CF81C96}.Debug|x86.ActiveCfg = Debug|Any CPU
		{BC2EA9C1-B27D-49D6-BD0D-78DF2CF81C96}.Debug|x86.Build.0 = Debug|Any CPU
		{BC2EA9C1-B27D-49D6-BD0D-78DF2CF81C96}.Release|Any CPU.ActiveCfg = Release|Any CPU
		{BC2EA9C1-B27D-49D6-BD0D-78DF2CF81C96}.Release|Any CPU.Build.0 = Release|Any CPU
		{BC2EA9C1-B27D-49D6-BD0D-78DF2CF81C96}.Release|x64.ActiveCfg = Release|Any CPU
		{BC2EA9C1-B27D-49D6-BD0D-78DF2CF81C96}.Release|x64.Build.0 = Release|Any CPU
		{BC2EA9C1-B27D-49D6-BD0D-78DF2CF81C96}.Release|x86.ActiveCfg = Release|Any CPU
		{BC2EA9C1-B27D-49D6-BD0D-78DF2CF81C96}.Release|x86.Build.0 = Release|Any CPU
		{D8CCB1A9-B1CF-4BFA-99B5-DA93206A4B23}.Debug|Any CPU.ActiveCfg = Debug|Any CPU
		{D8CCB1A9-B1CF-4BFA-99B5-DA93206A4B23}.Debug|Any CPU.Build.0 = Debug|Any CPU
		{D8CCB1A9-B1CF-4BFA-99B5-DA93206A4B23}.Debug|x64.ActiveCfg = Debug|Any CPU
		{D8CCB1A9-B1CF-4BFA-99B5-DA93206A4B23}.Debug|x64.Build.0 = Debug|Any CPU
		{D8CCB1A9-B1CF-4BFA-99B5-DA93206A4B23}.Debug|x86.ActiveCfg = Debug|Any CPU
		{D8CCB1A9-B1CF-4BFA-99B5-DA93206A4B23}.Debug|x86.Build.0 = Debug|Any CPU
		{D8CCB1A9-B1CF-4BFA-99B5-DA93206A4B23}.Release|Any CPU.ActiveCfg = Release|Any CPU
		{D8CCB1A9-B1CF-4BFA-99B5-DA93206A4B23}.Release|Any CPU.Build.0 = Release|Any CPU
		{D8CCB1A9-B1CF-4BFA-99B5-DA93206A4B23}.Release|x64.ActiveCfg = Release|Any CPU
		{D8CCB1A9-B1CF-4BFA-99B5-DA93206A4B23}.Release|x64.Build.0 = Release|Any CPU
		{D8CCB1A9-B1CF-4BFA-99B5-DA93206A4B23}.Release|x86.ActiveCfg = Release|Any CPU
		{D8CCB1A9-B1CF-4BFA-99B5-DA93206A4B23}.Release|x86.Build.0 = Release|Any CPU
		{1008DB9D-9148-415C-8149-EBE0985AB22F}.Debug|Any CPU.ActiveCfg = Debug|Any CPU
		{1008DB9D-9148-415C-8149-EBE0985AB22F}.Debug|Any CPU.Build.0 = Debug|Any CPU
		{1008DB9D-9148-415C-8149-EBE0985AB22F}.Debug|x64.ActiveCfg = Debug|Any CPU
		{1008DB9D-9148-415C-8149-EBE0985AB22F}.Debug|x64.Build.0 = Debug|Any CPU
		{1008DB9D-9148-415C-8149-EBE0985AB22F}.Debug|x86.ActiveCfg = Debug|Any CPU
		{1008DB9D-9148-415C-8149-EBE0985AB22F}.Debug|x86.Build.0 = Debug|Any CPU
		{1008DB9D-9148-415C-8149-EBE0985AB22F}.Release|Any CPU.ActiveCfg = Release|Any CPU
		{1008DB9D-9148-415C-8149-EBE0985AB22F}.Release|Any CPU.Build.0 = Release|Any CPU
		{1008DB9D-9148-415C-8149-EBE0985AB22F}.Release|x64.ActiveCfg = Release|Any CPU
		{1008DB9D-9148-415C-8149-EBE0985AB22F}.Release|x64.Build.0 = Release|Any CPU
		{1008DB9D-9148-415C-8149-EBE0985AB22F}.Release|x86.ActiveCfg = Release|Any CPU
		{1008DB9D-9148-415C-8149-EBE0985AB22F}.Release|x86.Build.0 = Release|Any CPU
		{E9713714-C8BE-4229-BD73-6FB1D67775E7}.Debug|Any CPU.ActiveCfg = Debug|Any CPU
		{E9713714-C8BE-4229-BD73-6FB1D67775E7}.Debug|Any CPU.Build.0 = Debug|Any CPU
		{E9713714-C8BE-4229-BD73-6FB1D67775E7}.Debug|x64.ActiveCfg = Debug|Any CPU
		{E9713714-C8BE-4229-BD73-6FB1D67775E7}.Debug|x64.Build.0 = Debug|Any CPU
		{E9713714-C8BE-4229-BD73-6FB1D67775E7}.Debug|x86.ActiveCfg = Debug|Any CPU
		{E9713714-C8BE-4229-BD73-6FB1D67775E7}.Debug|x86.Build.0 = Debug|Any CPU
		{E9713714-C8BE-4229-BD73-6FB1D67775E7}.Release|Any CPU.ActiveCfg = Release|Any CPU
		{E9713714-C8BE-4229-BD73-6FB1D67775E7}.Release|Any CPU.Build.0 = Release|Any CPU
		{E9713714-C8BE-4229-BD73-6FB1D67775E7}.Release|x64.ActiveCfg = Release|Any CPU
		{E9713714-C8BE-4229-BD73-6FB1D67775E7}.Release|x64.Build.0 = Release|Any CPU
		{E9713714-C8BE-4229-BD73-6FB1D67775E7}.Release|x86.ActiveCfg = Release|Any CPU
		{E9713714-C8BE-4229-BD73-6FB1D67775E7}.Release|x86.Build.0 = Release|Any CPU
		{574FFA60-99C4-4E9A-B144-01EC2C228378}.Debug|Any CPU.ActiveCfg = Debug|Any CPU
		{574FFA60-99C4-4E9A-B144-01EC2C228378}.Debug|Any CPU.Build.0 = Debug|Any CPU
		{574FFA60-99C4-4E9A-B144-01EC2C228378}.Debug|x64.ActiveCfg = Debug|Any CPU
		{574FFA60-99C4-4E9A-B144-01EC2C228378}.Debug|x64.Build.0 = Debug|Any CPU
		{574FFA60-99C4-4E9A-B144-01EC2C228378}.Debug|x86.ActiveCfg = Debug|Any CPU
		{574FFA60-99C4-4E9A-B144-01EC2C228378}.Debug|x86.Build.0 = Debug|Any CPU
		{574FFA60-99C4-4E9A-B144-01EC2C228378}.Release|Any CPU.ActiveCfg = Release|Any CPU
		{574FFA60-99C4-4E9A-B144-01EC2C228378}.Release|Any CPU.Build.0 = Release|Any CPU
		{574FFA60-99C4-4E9A-B144-01EC2C228378}.Release|x64.ActiveCfg = Release|Any CPU
		{574FFA60-99C4-4E9A-B144-01EC2C228378}.Release|x64.Build.0 = Release|Any CPU
		{574FFA60-99C4-4E9A-B144-01EC2C228378}.Release|x86.ActiveCfg = Release|Any CPU
		{574FFA60-99C4-4E9A-B144-01EC2C228378}.Release|x86.Build.0 = Release|Any CPU
		{3BF7F266-7339-4337-85FE-BFF29D112459}.Debug|Any CPU.ActiveCfg = Debug|Any CPU
		{3BF7F266-7339-4337-85FE-BFF29D112459}.Debug|Any CPU.Build.0 = Debug|Any CPU
		{3BF7F266-7339-4337-85FE-BFF29D112459}.Debug|x64.ActiveCfg = Debug|Any CPU
		{3BF7F266-7339-4337-85FE-BFF29D112459}.Debug|x64.Build.0 = Debug|Any CPU
		{3BF7F266-7339-4337-85FE-BFF29D112459}.Debug|x86.ActiveCfg = Debug|Any CPU
		{3BF7F266-7339-4337-85FE-BFF29D112459}.Debug|x86.Build.0 = Debug|Any CPU
		{3BF7F266-7339-4337-85FE-BFF29D112459}.Release|Any CPU.ActiveCfg = Release|Any CPU
		{3BF7F266-7339-4337-85FE-BFF29D112459}.Release|Any CPU.Build.0 = Release|Any CPU
		{3BF7F266-7339-4337-85FE-BFF29D112459}.Release|x64.ActiveCfg = Release|Any CPU
		{3BF7F266-7339-4337-85FE-BFF29D112459}.Release|x64.Build.0 = Release|Any CPU
		{3BF7F266-7339-4337-85FE-BFF29D112459}.Release|x86.ActiveCfg = Release|Any CPU
		{3BF7F266-7339-4337-85FE-BFF29D112459}.Release|x86.Build.0 = Release|Any CPU
		{1D2651E2-8AC7-4065-AB20-572D928E654B}.Debug|Any CPU.ActiveCfg = Debug|Any CPU
		{1D2651E2-8AC7-4065-AB20-572D928E654B}.Debug|Any CPU.Build.0 = Debug|Any CPU
		{1D2651E2-8AC7-4065-AB20-572D928E654B}.Debug|x64.ActiveCfg = Debug|Any CPU
		{1D2651E2-8AC7-4065-AB20-572D928E654B}.Debug|x64.Build.0 = Debug|Any CPU
		{1D2651E2-8AC7-4065-AB20-572D928E654B}.Debug|x86.ActiveCfg = Debug|Any CPU
		{1D2651E2-8AC7-4065-AB20-572D928E654B}.Debug|x86.Build.0 = Debug|Any CPU
		{1D2651E2-8AC7-4065-AB20-572D928E654B}.Release|Any CPU.ActiveCfg = Release|Any CPU
		{1D2651E2-8AC7-4065-AB20-572D928E654B}.Release|Any CPU.Build.0 = Release|Any CPU
		{1D2651E2-8AC7-4065-AB20-572D928E654B}.Release|x64.ActiveCfg = Release|Any CPU
		{1D2651E2-8AC7-4065-AB20-572D928E654B}.Release|x64.Build.0 = Release|Any CPU
		{1D2651E2-8AC7-4065-AB20-572D928E654B}.Release|x86.ActiveCfg = Release|Any CPU
		{1D2651E2-8AC7-4065-AB20-572D928E654B}.Release|x86.Build.0 = Release|Any CPU
		{A719171B-9D97-4D08-8FE6-1294EF643B8B}.Debug|Any CPU.ActiveCfg = Debug|Any CPU
		{A719171B-9D97-4D08-8FE6-1294EF643B8B}.Debug|Any CPU.Build.0 = Debug|Any CPU
		{A719171B-9D97-4D08-8FE6-1294EF643B8B}.Debug|x64.ActiveCfg = Debug|Any CPU
		{A719171B-9D97-4D08-8FE6-1294EF643B8B}.Debug|x64.Build.0 = Debug|Any CPU
		{A719171B-9D97-4D08-8FE6-1294EF643B8B}.Debug|x86.ActiveCfg = Debug|Any CPU
		{A719171B-9D97-4D08-8FE6-1294EF643B8B}.Debug|x86.Build.0 = Debug|Any CPU
		{A719171B-9D97-4D08-8FE6-1294EF643B8B}.Release|Any CPU.ActiveCfg = Release|Any CPU
		{A719171B-9D97-4D08-8FE6-1294EF643B8B}.Release|Any CPU.Build.0 = Release|Any CPU
		{A719171B-9D97-4D08-8FE6-1294EF643B8B}.Release|x64.ActiveCfg = Release|Any CPU
		{A719171B-9D97-4D08-8FE6-1294EF643B8B}.Release|x64.Build.0 = Release|Any CPU
		{A719171B-9D97-4D08-8FE6-1294EF643B8B}.Release|x86.ActiveCfg = Release|Any CPU
		{A719171B-9D97-4D08-8FE6-1294EF643B8B}.Release|x86.Build.0 = Release|Any CPU
		{40C370AA-24E8-43BD-9B7A-B869E5C65E52}.Debug|Any CPU.ActiveCfg = Debug|Any CPU
		{40C370AA-24E8-43BD-9B7A-B869E5C65E52}.Debug|Any CPU.Build.0 = Debug|Any CPU
		{40C370AA-24E8-43BD-9B7A-B869E5C65E52}.Debug|x64.ActiveCfg = Debug|Any CPU
		{40C370AA-24E8-43BD-9B7A-B869E5C65E52}.Debug|x64.Build.0 = Debug|Any CPU
		{40C370AA-24E8-43BD-9B7A-B869E5C65E52}.Debug|x86.ActiveCfg = Debug|Any CPU
		{40C370AA-24E8-43BD-9B7A-B869E5C65E52}.Debug|x86.Build.0 = Debug|Any CPU
		{40C370AA-24E8-43BD-9B7A-B869E5C65E52}.Release|Any CPU.ActiveCfg = Release|Any CPU
		{40C370AA-24E8-43BD-9B7A-B869E5C65E52}.Release|Any CPU.Build.0 = Release|Any CPU
		{40C370AA-24E8-43BD-9B7A-B869E5C65E52}.Release|x64.ActiveCfg = Release|Any CPU
		{40C370AA-24E8-43BD-9B7A-B869E5C65E52}.Release|x64.Build.0 = Release|Any CPU
		{40C370AA-24E8-43BD-9B7A-B869E5C65E52}.Release|x86.ActiveCfg = Release|Any CPU
		{40C370AA-24E8-43BD-9B7A-B869E5C65E52}.Release|x86.Build.0 = Release|Any CPU
	EndGlobalSection
	GlobalSection(SolutionProperties) = preSolution
		HideSolutionNode = FALSE
	EndGlobalSection
	GlobalSection(NestedProjects) = preSolution
		{39CAAAF1-49E7-4A53-BDD0-F0C25EF28ADA} = {FBF56CC3-7AE6-AD2D-3F14-7F97FD322CD6}
		{74E6096B-3B99-4FD1-9529-B6EA58B78530} = {0AB3BF05-4346-4AA6-1389-037BE0695223}
		{1CF53103-568F-4B6A-9A6F-E37AAD9E03FD} = {0AB3BF05-4346-4AA6-1389-037BE0695223}
		{FE4FC5A7-8C23-40D6-B8B5-3B6DB7582462} = {0AB3BF05-4346-4AA6-1389-037BE0695223}
		{BC2EA9C1-B27D-49D6-BD0D-78DF2CF81C96} = {0AB3BF05-4346-4AA6-1389-037BE0695223}
		{D8CCB1A9-B1CF-4BFA-99B5-DA93206A4B23} = {FBF56CC3-7AE6-AD2D-3F14-7F97FD322CD6}
		{1008DB9D-9148-415C-8149-EBE0985AB22F} = {19A77816-F4A5-9C94-30B3-D22F513C9C48}
		{E9713714-C8BE-4229-BD73-6FB1D67775E7} = {07C2787E-EAC7-C090-1BA3-A61EC2A24D84}
		{574FFA60-99C4-4E9A-B144-01EC2C228378} = {FBF56CC3-7AE6-AD2D-3F14-7F97FD322CD6}
		{3BF7F266-7339-4337-85FE-BFF29D112459} = {3EFB08DA-2EA9-FE77-18DF-C4D4293AFD9C}
		{1D2651E2-8AC7-4065-AB20-572D928E654B} = {3EFB08DA-2EA9-FE77-18DF-C4D4293AFD9C}
		{A719171B-9D97-4D08-8FE6-1294EF643B8B} = {3EFB08DA-2EA9-FE77-18DF-C4D4293AFD9C}
		{40C370AA-24E8-43BD-9B7A-B869E5C65E52} = {3EFB08DA-2EA9-FE77-18DF-C4D4293AFD9C}
	EndGlobalSection
EndGlobal
