{
  "version": 2,
  "dependencies": {
    "net10.0": {
      "ExtCore": {
        "type": "Direct",
        "requested": "[0.8.46, )",
        "resolved": "0.8.46",
        "contentHash": "fJFJSoRZfCFLKrv9SFasEDNNqqNCA0E0WlNkX8y6SfhLNYs6y32IYdm4qJDnXhqNLSd4vysq5jYkpVO8YhOYMQ=="
      },
      "FSharp.Compiler.Service": {
        "type": "Direct",
        "requested": "[31.0.0, )",
        "resolved": "31.0.0",
        "contentHash": "9aiAlr9uIngxgfI4gee4rZBFTVFK1xeBT7xEYEbi0y+HC4fBrhtpwBemcH+59qZ+RMHpI1L2+J1tI29UzD/yOA==",
        "dependencies": {
          "FSharp.Core": "4.6.2"
        }
      },
      "FSharp.Core": {
        "type": "Direct",
        "requested": "[4.7.0, )",
        "resolved": "4.7.0",
        "contentHash": "6Bf2qzSCaJoP6tTfO+a5muUS7QbyJANqSut73zQvwQ9It5P0ITz9VKseeia2ofco30c55EQ0jA2wf2+A2gpGnw=="
      },
      "Newtonsoft.Json": {
        "type": "Direct",
        "requested": "[13.0.4, )",
        "resolved": "13.0.4",
        "contentHash": "pdgNNMai3zv51W5aq268sujXUyx7SNdE2bj1wZcWjAQrKMFZV260lbqYop1d2GM67JI1huLRwxo9ZqnfF/lC6A=="
      },
      "NuGet.Commands": {
        "type": "Direct",
        "requested": "[7.9.0, )",
        "resolved": "7.9.0",
        "contentHash": "1D4425Hfb2jXCkHywnQJwZh2PxPVhbgSa8tiofsTX4yXA5hyoBLgZFbMMOmaPbWZUf87LuBKHi2nx3hZEhMqbw==",
        "dependencies": {
          "Microsoft.Extensions.FileSystemGlobbing": "6.0.0",
          "NuGet.Credentials": "7.9.0",
          "NuGet.ProjectModel": "7.9.0"
        }
      },
      "NuGet.Common": {
        "type": "Direct",
        "requested": "[7.9.0, )",
        "resolved": "7.9.0",
        "contentHash": "OWFEzHpwvgzSaHYmWzfbyTm6oBOy/BFSFEDk73zM9jiJaxdopYZ/DrqIQogaM3F+ZGTppBJffmzu5adetEI/YA==",
        "dependencies": {
          "NuGet.Frameworks": "7.9.0"
        }
      },
      "NuGet.Configuration": {
        "type": "Direct",
        "requested": "[7.9.0, )",
        "resolved": "7.9.0",
        "contentHash": "oY9XZp+TWjOmiGmU4R4JWBRY3F4TAVo7tqPr/z7MOsFcEpdYHMryjNSscoLBxUTR3WmFmYgO0Gvu4eRbz6pzOg==",
        "dependencies": {
          "NuGet.Common": "7.9.0",
          "System.Security.Cryptography.ProtectedData": "8.0.0"
        }
      },
      "NuGet.Credentials": {
        "type": "Direct",
        "requested": "[7.9.0, )",
        "resolved": "7.9.0",
        "contentHash": "K+etX+2rEk7nLVd3a6vA/7hjARtiDORoaGgIUYul4hj3VSXC1Icj+PSdBygjQ0c4CmUC3i+Zqoaz7F1EwD+DBw==",
        "dependencies": {
          "NuGet.Protocol": "7.9.0"
        }
      },
      "NuGet.DependencyResolver.Core": {
        "type": "Direct",
        "requested": "[7.9.0, )",
        "resolved": "7.9.0",
        "contentHash": "0OVtQufJaPMJGdGpjuPmsDwvYX1SdE1L0XDCGfSnIPDj/tyUKILAuVrjHINPFl7smrsdtmoIlIJkEEDYpd1LMQ==",
        "dependencies": {
          "NuGet.Configuration": "7.9.0",
          "NuGet.LibraryModel": "7.9.0",
          "NuGet.Protocol": "7.9.0"
        }
      },
      "NuGet.Frameworks": {
        "type": "Direct",
        "requested": "[7.9.0, )",
        "resolved": "7.9.0",
        "contentHash": "w2adPmgUafmW9ON1MzDjuHmViN0vtiPV48Dz3OE6px8BiGSqrnWHOjwFEPOEPAZx20J1c7bxp90Hxo9l4xGWtw=="
      },
      "NuGet.LibraryModel": {
        "type": "Direct",
        "requested": "[7.9.0, )",
        "resolved": "7.9.0",
        "contentHash": "96/6qeHY4CfOpMyk6XyOBbNF1QD50iFNFs2rs0ppBG3EYF5FyWZHvRHZoq3COXM2zlKmqrGt0EBCUkgdXvyGfw==",
        "dependencies": {
          "NuGet.Common": "7.9.0",
          "NuGet.Versioning": "7.9.0"
        }
      },
      "NuGet.Packaging": {
        "type": "Direct",
        "requested": "[7.9.0, )",
        "resolved": "7.9.0",
        "contentHash": "Q2jxuud5kJLV0rUzsC02iC5ts8QsQu9UVyMvF8lULY3TwHL/W/PrnQ9bQFvMR7jJkzF1uilRPI1o+7VOtc2XMg==",
        "dependencies": {
          "Newtonsoft.Json": "13.0.3",
          "NuGet.Configuration": "7.9.0",
          "NuGet.Versioning": "7.9.0",
          "System.Security.Cryptography.Pkcs": "8.0.1"
        }
      },
      "NuGet.ProjectModel": {
        "type": "Direct",
        "requested": "[7.9.0, )",
        "resolved": "7.9.0",
        "contentHash": "RIDWJdbA/1P+IA+QjjhG7RTAN1eEmJJFKtXMRz5dNoHX7EmIdpUURdiygmgykHHuhXX4aPAMZ49OONT3SITtOQ==",
        "dependencies": {
          "NuGet.DependencyResolver.Core": "7.9.0"
        }
      },
      "NuGet.Protocol": {
        "type": "Direct",
        "requested": "[7.9.0, )",
        "resolved": "7.9.0",
        "contentHash": "Ts0qPUGJYfFHhlNSSWWrkaSG6++WqS6ry32WmQA7eNdzTc9SumyhDflITcusBYkT6pEQD5BI1UEByakciV3s0A==",
        "dependencies": {
          "NuGet.Packaging": "7.9.0"
        }
      },
      "NuGet.Versioning": {
        "type": "Direct",
        "requested": "[7.9.0, )",
        "resolved": "7.9.0",
        "contentHash": "r4sZuVpVqwSBLe4qYDrnpScqdyctlRXg0HSF5OoCGkeBc8b+o8BBYHuI/u1RoWYX78PbieijU13TBt71/Xf3lw=="
      },
      "Microsoft.Extensions.FileSystemGlobbing": {
        "type": "Transitive",
        "resolved": "6.0.0",
        "contentHash": "ip8jnL1aPiaPeKINCqaTEbvBFDmVx9dXQEBZ2HOBRXPD1eabGNqP/bKlsIcp7U2lGxiXd5xIhoFcmY8nM4Hdiw=="
      },
      "System.Security.Cryptography.ProtectedData": {
        "type": "Transitive",
        "resolved": "8.0.0",
        "contentHash": "+TUFINV2q2ifyXauQXRwy4CiBhqvDEDZeVJU7qfxya4aRYOKzVBpN+4acx25VcPB9ywUN6C0n8drWl110PhZEg=="
      },
      "monodevelop.fsharp.shared": {
        "type": "Project",
        "dependencies": {
          "ExtCore": "[0.8.46, )",
          "FSharp.Compiler.Service": "[31.0.0, )",
          "FSharp.Core": "[4.7.0, )"
        }
      },
      "System.Security.Cryptography.Pkcs": {
        "type": "CentralTransitive",
        "requested": "[10.0.12, )",
        "resolved": "10.0.12",
        "contentHash": "W6BsawU2tB2qy6u4+3cBOSOmiTUgYWW365b5WMVA1bDxQwZZeNWD+qufKJkDQNKzAKq4b6Q04DDKhmr2SNJ1eg=="
      }
    }
  }
}