
Microsoft Visual Studio Solution File, Format Version 12.00
# Visual Studio Version 17
VisualStudioVersion = 17.0.31903.59
MinimumVisualStudioVersion = 10.0.40219.1
Project("{FAE04EC0-301F-11D3-BF4B-00C04F79EFBC}") = "NUnitSample", "NUnitSample\NUnitSample.csproj", "{2DB56046-0161-4170-95FC-C16E9C345DE3}"
EndProject
Project("{FAE04EC0-301F-11D3-BF4B-00C04F79EFBC}") = "XUnitSample", "XUnitSample\XUnitSample.csproj", "{2F7D2E50-0ABE-44A2-B1E1-E4FC4DD43C22}"
EndProject
Project("{FAE04EC0-301F-11D3-BF4B-00C04F79EFBC}") = "MSTestSample", "MSTestSample\MSTestSample.csproj", "{BFBBCAF3-CFDF-4A21-A4A2-D3670ED6EF18}"
EndProject
Global
	GlobalSection(SolutionConfigurationPlatforms) = preSolution
		Debug|Any CPU = Debug|Any CPU
		Debug|x64 = Debug|x64
		Debug|x86 = Debug|x86
		Release|Any CPU = Release|Any CPU
		Release|x64 = Release|x64
		Release|x86 = Release|x86
	EndGlobalSection
	GlobalSection(ProjectConfigurationPlatforms) = postSolution
		{2DB56046-0161-4170-95FC-C16E9C345DE3}.Debug|Any CPU.ActiveCfg = Debug|Any CPU
		{2DB56046-0161-4170-95FC-C16E9C345DE3}.Debug|Any CPU.Build.0 = Debug|Any CPU
		{2DB56046-0161-4170-95FC-C16E9C345DE3}.Debug|x64.ActiveCfg = Debug|Any CPU
		{2DB56046-0161-4170-95FC-C16E9C345DE3}.Debug|x64.Build.0 = Debug|Any CPU
		{2DB56046-0161-4170-95FC-C16E9C345DE3}.Debug|x86.ActiveCfg = Debug|Any CPU
		{2DB56046-0161-4170-95FC-C16E9C345DE3}.Debug|x86.Build.0 = Debug|Any CPU
		{2DB56046-0161-4170-95FC-C16E9C345DE3}.Release|Any CPU.ActiveCfg = Release|Any CPU
		{2DB56046-0161-4170-95FC-C16E9C345DE3}.Release|Any CPU.Build.0 = Release|Any CPU
		{2DB56046-0161-4170-95FC-C16E9C345DE3}.Release|x64.ActiveCfg = Release|Any CPU
		{2DB56046-0161-4170-95FC-C16E9C345DE3}.Release|x64.Build.0 = Release|Any CPU
		{2DB56046-0161-4170-95FC-C16E9C345DE3}.Release|x86.ActiveCfg = Release|Any CPU
		{2DB56046-0161-4170-95FC-C16E9C345DE3}.Release|x86.Build.0 = Release|Any CPU
		{2F7D2E50-0ABE-44A2-B1E1-E4FC4DD43C22}.Debug|Any CPU.ActiveCfg = Debug|Any CPU
		{2F7D2E50-0ABE-44A2-B1E1-E4FC4DD43C22}.Debug|Any CPU.Build.0 = Debug|Any CPU
		{2F7D2E50-0ABE-44A2-B1E1-E4FC4DD43C22}.Debug|x64.ActiveCfg = Debug|Any CPU
		{2F7D2E50-0ABE-44A2-B1E1-E4FC4DD43C22}.Debug|x64.Build.0 = Debug|Any CPU
		{2F7D2E50-0ABE-44A2-B1E1-E4FC4DD43C22}.Debug|x86.ActiveCfg = Debug|Any CPU
		{2F7D2E50-0ABE-44A2-B1E1-E4FC4DD43C22}.Debug|x86.Build.0 = Debug|Any CPU
		{2F7D2E50-0ABE-44A2-B1E1-E4FC4DD43C22}.Release|Any CPU.ActiveCfg = Release|Any CPU
		{2F7D2E50-0ABE-44A2-B1E1-E4FC4DD43C22}.Release|Any CPU.Build.0 = Release|Any CPU
		{2F7D2E50-0ABE-44A2-B1E1-E4FC4DD43C22}.Release|x64.ActiveCfg = Release|Any CPU
		{2F7D2E50-0ABE-44A2-B1E1-E4FC4DD43C22}.Release|x64.Build.0 = Release|Any CPU
		{2F7D2E50-0ABE-44A2-B1E1-E4FC4DD43C22}.Release|x86.ActiveCfg = Release|Any CPU
		{2F7D2E50-0ABE-44A2-B1E1-E4FC4DD43C22}.Release|x86.Build.0 = Release|Any CPU
		{BFBBCAF3-CFDF-4A21-A4A2-D3670ED6EF18}.Debug|Any CPU.ActiveCfg = Debug|Any CPU
		{BFBBCAF3-CFDF-4A21-A4A2-D3670ED6EF18}.Debug|Any CPU.Build.0 = Debug|Any CPU
		{BFBBCAF3-CFDF-4A21-A4A2-D3670ED6EF18}.Debug|x64.ActiveCfg = Debug|Any CPU
		{BFBBCAF3-CFDF-4A21-A4A2-D3670ED6EF18}.Debug|x64.Build.0 = Debug|Any CPU
		{BFBBCAF3-CFDF-4A21-A4A2-D3670ED6EF18}.Debug|x86.ActiveCfg = Debug|Any CPU
		{BFBBCAF3-CFDF-4A21-A4A2-D3670ED6EF18}.Debug|x86.Build.0 = Debug|Any CPU
		{BFBBCAF3-CFDF-4A21-A4A2-D3670ED6EF18}.Release|Any CPU.ActiveCfg = Release|Any CPU
		{BFBBCAF3-CFDF-4A21-A4A2-D3670ED6EF18}.Release|Any CPU.Build.0 = Release|Any CPU
		{BFBBCAF3-CFDF-4A21-A4A2-D3670ED6EF18}.Release|x64.ActiveCfg = Release|Any CPU
		{BFBBCAF3-CFDF-4A21-A4A2-D3670ED6EF18}.Release|x64.Build.0 = Release|Any CPU
		{BFBBCAF3-CFDF-4A21-A4A2-D3670ED6EF18}.Release|x86.ActiveCfg = Release|Any CPU
		{BFBBCAF3-CFDF-4A21-A4A2-D3670ED6EF18}.Release|x86.Build.0 = Release|Any CPU
	EndGlobalSection
	GlobalSection(SolutionProperties) = preSolution
		HideSolutionNode = FALSE
	EndGlobalSection
EndGlobal
